// !$*UTF8*$!
{
	archiveVersion = 1;
	classes = {
	};
	objectVersion = 50;
	objects = {

/* Begin PBXBuildFile section */
		281E2270223CED210042BF51 /* AppDelegate.swift in Sources */ = {isa = PBXBuildFile; fileRef = 281E226F223CED210042BF51 /* AppDelegate.swift */; };
		281E2272223CED210042BF51 /* ViewController.swift in Sources */ = {isa = PBXBuildFile; fileRef = 281E2271223CED210042BF51 /* ViewController.swift */; };
		281E2275223CED210042BF51 /* Main.storyboard in Resources */ = {isa = PBXBuildFile; fileRef = 281E2273223CED210042BF51 /* Main.storyboard */; };
		281E2277223CED220042BF51 /* Assets.xcassets in Resources */ = {isa = PBXBuildFile; fileRef = 281E2276223CED220042BF51 /* Assets.xcassets */; };
		281E227A223CED220042BF51 /* LaunchScreen.storyboard in Resources */ = {isa = PBXBuildFile; fileRef = 281E2278223CED220042BF51 /* LaunchScreen.storyboard */; };
		281E2285223CED220042BF51 /* UITableView__Tests.swift in Sources */ = {isa = PBXBuildFile; fileRef = 281E2284223CED220042BF51 /* UITableView__Tests.swift */; };
		281E2290223CED220042BF51 /* UITableView__UITests.swift in Sources */ = {isa = PBXBuildFile; fileRef = 281E228F223CED220042BF51 /* UITableView__UITests.swift */; };
		281E2301223CF76E0042BF51 /* EmailCell.xib in Resources */ = {isa = PBXBuildFile; fileRef = 281E22F7223CF76E0042BF51 /* EmailCell.xib */; };
		281E2302223CF76E0042BF51 /* EmailCell.swift in Sources */ = {isa = PBXBuildFile; fileRef = 281E22F8223CF76E0042BF51 /* EmailCell.swift */; };
		281E2303223CF76E0042BF51 /* FriendCell.xib in Resources */ = {isa = PBXBuildFile; fileRef = 281E22F9223CF76E0042BF51 /* FriendCell.xib */; };
		281E2304223CF76E0042BF51 /* AttributeCell.swift in Sources */ = {isa = PBXBuildFile; fileRef = 281E22FA223CF76E0042BF51 /* AttributeCell.swift */; };
		281E2305223CF76E0042BF51 /* AboutCell.swift in Sources */ = {isa = PBXBuildFile; fileRef = 281E22FB223CF76E0042BF51 /* AboutCell.swift */; };
		281E2306223CF76E0042BF51 /* NamePictureCell.swift in Sources */ = {isa = PBXBuildFile; fileRef = 281E22FC223CF76E0042BF51 /* NamePictureCell.swift */; };
		281E2307223CF76E0042BF51 /* AboutCell.xib in Resources */ = {isa = PBXBuildFile; fileRef = 281E22FD223CF76E0042BF51 /* AboutCell.xib */; };
		281E2308223CF76E0042BF51 /* FriendCell.swift in Sources */ = {isa = PBXBuildFile; fileRef = 281E22FE223CF76E0042BF51 /* FriendCell.swift */; };
		281E2309223CF76E0042BF51 /* AttributeCell.xib in Resources */ = {isa = PBXBuildFile; fileRef = 281E22FF223CF76E0042BF51 /* AttributeCell.xib */; };
		281E230A223CF76E0042BF51 /* NamePictureCell.xib in Resources */ = {isa = PBXBuildFile; fileRef = 281E2300223CF76E0042BF51 /* NamePictureCell.xib */; };
		281E230E223CF77B0042BF51 /* ProfileModel.swift in Sources */ = {isa = PBXBuildFile; fileRef = 281E230B223CF77B0042BF51 /* ProfileModel.swift */; };
		281E230F223CF77B0042BF51 /* ProfileViewModel.swift in Sources */ = {isa = PBXBuildFile; fileRef = 281E230C223CF77B0042BF51 /* ProfileViewModel.swift */; };
		281E2310223CF77B0042BF51 /* ServerData.json in Resources */ = {isa = PBXBuildFile; fileRef = 281E230D223CF77B0042BF51 /* ServerData.json */; };
		281E2312223CF7890042BF51 /* ManyCellController.swift in Sources */ = {isa = PBXBuildFile; fileRef = 281E2311223CF7890042BF51 /* ManyCellController.swift */; };
/* End PBXBuildFile section */

/* Begin PBXContainerItemProxy section */
		281E2281223CED220042BF51 /* PBXContainerItemProxy */ = {
			isa = PBXContainerItemProxy;
			containerPortal = 281E2264223CED210042BF51 /* Project object */;
			proxyType = 1;
			remoteGlobalIDString = 281E226B223CED210042BF51;
			remoteInfo = "UITableView架构";
		};
		281E228C223CED220042BF51 /* PBXContainerItemProxy */ = {
			isa = PBXContainerItemProxy;
			containerPortal = 281E2264223CED210042BF51 /* Project object */;
			proxyType = 1;
			remoteGlobalIDString = 281E226B223CED210042BF51;
			remoteInfo = "UITableView架构";
		};
/* End PBXContainerItemProxy section */

/* Begin PBXFileReference section */
		281E226C223CED210042BF51 /* UITableView架构.app */ = {isa = PBXFileReference; explicitFileType = wrapper.application; includeInIndex = 0; path = "UITableView架构.app"; sourceTree = BUILT_PRODUCTS_DIR; };
		281E226F223CED210042BF51 /* AppDelegate.swift */ = {isa = PBXFileReference; lastKnownFileType = sourcecode.swift; path = AppDelegate.swift; sourceTree = "<group>"; };
		281E2271223CED210042BF51 /* ViewController.swift */ = {isa = PBXFileReference; lastKnownFileType = sourcecode.swift; path = ViewController.swift; sourceTree = "<group>"; };
		281E2274223CED210042BF51 /* Base */ = {isa = PBXFileReference; lastKnownFileType = file.storyboard; name = Base; path = Base.lproj/Main.storyboard; sourceTree = "<group>"; };
		281E2276223CED220042BF51 /* Assets.xcassets */ = {isa = PBXFileReference; lastKnownFileType = folder.assetcatalog; path = Assets.xcassets; sourceTree = "<group>"; };
		281E2279223CED220042BF51 /* Base */ = {isa = PBXFileReference; lastKnownFileType = file.storyboard; name = Base; path = Base.lproj/LaunchScreen.storyboard; sourceTree = "<group>"; };
		281E227B223CED220042BF51 /* Info.plist */ = {isa = PBXFileReference; lastKnownFileType = text.plist.xml; path = Info.plist; sourceTree = "<group>"; };
		281E2280223CED220042BF51 /* UITableView架构Tests.xctest */ = {isa = PBXFileReference; explicitFileType = wrapper.cfbundle; includeInIndex = 0; path = "UITableView架构Tests.xctest"; sourceTree = BUILT_PRODUCTS_DIR; };
		281E2284223CED220042BF51 /* UITableView__Tests.swift */ = {isa = PBXFileReference; lastKnownFileType = sourcecode.swift; path = UITableView__Tests.swift; sourceTree = "<group>"; };
		281E2286223CED220042BF51 /* Info.plist */ = {isa = PBXFileReference; lastKnownFileType = text.plist.xml; path = Info.plist; sourceTree = "<group>"; };
		281E228B223CED220042BF51 /* UITableView架构UITests.xctest */ = {isa = PBXFileReference; explicitFileType = wrapper.cfbundle; includeInIndex = 0; path = "UITableView架构UITests.xctest"; sourceTree = BUILT_PRODUCTS_DIR; };
		281E228F223CED220042BF51 /* UITableView__UITests.swift */ = {isa = PBXFileReference; lastKnownFileType = sourcecode.swift; path = UITableView__UITests.swift; sourceTree = "<group>"; };
		281E2291223CED220042BF51 /* Info.plist */ = {isa = PBXFileReference; lastKnownFileType = text.plist.xml; path = Info.plist; sourceTree = "<group>"; };
		281E22F7223CF76E0042BF51 /* EmailCell.xib */ = {isa = PBXFileReference; fileEncoding = 4; lastKnownFileType = file.xib; path = EmailCell.xib; sourceTree = "<group>"; };
		281E22F8223CF76E0042BF51 /* EmailCell.swift */ = {isa = PBXFileReference; fileEncoding = 4; lastKnownFileType = sourcecode.swift; path = EmailCell.swift; sourceTree = "<group>"; };
		281E22F9223CF76E0042BF51 /* FriendCell.xib */ = {isa = PBXFileReference; fileEncoding = 4; lastKnownFileType = file.xib; path = FriendCell.xib; sourceTree = "<group>"; };
		281E22FA223CF76E0042BF51 /* AttributeCell.swift */ = {isa = PBXFileReference; fileEncoding = 4; lastKnownFileType = sourcecode.swift; path = AttributeCell.swift; sourceTree = "<group>"; };
		281E22FB223CF76E0042BF51 /* AboutCell.swift */ = {isa = PBXFileReference; fileEncoding = 4; lastKnownFileType = sourcecode.swift; path = AboutCell.swift; sourceTree = "<group>"; };
		281E22FC223CF76E0042BF51 /* NamePictureCell.swift */ = {isa = PBXFileReference; fileEncoding = 4; lastKnownFileType = sourcecode.swift; path = NamePictureCell.swift; sourceTree = "<group>"; };
		281E22FD223CF76E0042BF51 /* AboutCell.xib */ = {isa = PBXFileReference; fileEncoding = 4; lastKnownFileType = file.xib; path = AboutCell.xib; sourceTree = "<group>"; };
		281E22FE223CF76E0042BF51 /* FriendCell.swift */ = {isa = PBXFileReference; fileEncoding = 4; lastKnownFileType = sourcecode.swift; path = FriendCell.swift; sourceTree = "<group>"; };
		281E22FF223CF76E0042BF51 /* AttributeCell.xib */ = {isa = PBXFileReference; fileEncoding = 4; lastKnownFileType = file.xib; path = AttributeCell.xib; sourceTree = "<group>"; };
		281E2300223CF76E0042BF51 /* NamePictureCell.xib */ = {isa = PBXFileReference; fileEncoding = 4; lastKnownFileType = file.xib; path = NamePictureCell.xib; sourceTree = "<group>"; };
		281E230B223CF77B0042BF51 /* ProfileModel.swift */ = {isa = PBXFileReference; fileEncoding = 4; lastKnownFileType = sourcecode.swift; path = ProfileModel.swift; sourceTree = "<group>"; };
		281E230C223CF77B0042BF51 /* ProfileViewModel.swift */ = {isa = PBXFileReference; fileEncoding = 4; lastKnownFileType = sourcecode.swift; path = ProfileViewModel.swift; sourceTree = "<group>"; };
		281E230D223CF77B0042BF51 /* ServerData.json */ = {isa = PBXFileReference; fileEncoding = 4; lastKnownFileType = text.json; path = ServerData.json; sourceTree = "<group>"; };
		281E2311223CF7890042BF51 /* ManyCellController.swift */ = {isa = PBXFileReference; lastKnownFileType = sourcecode.swift; path = ManyCellController.swift; sourceTree = "<group>"; };
/* End PBXFileReference section */

/* Begin PBXFrameworksBuildPhase section */
		281E2269223CED210042BF51 /* Frameworks */ = {
			isa = PBXFrameworksBuildPhase;
			buildActionMask = 2147483647;
			files = (
			);
			runOnlyForDeploymentPostprocessing = 0;
		};
		281E227D223CED220042BF51 /* Frameworks */ = {
			isa = PBXFrameworksBuildPhase;
			buildActionMask = 2147483647;
			files = (
			);
			runOnlyForDeploymentPostprocessing = 0;
		};
		281E2288223CED220042BF51 /* Frameworks */ = {
			isa = PBXFrameworksBuildPhase;
			buildActionMask = 2147483647;
			files = (
			);
			runOnlyForDeploymentPostprocessing = 0;
		};
/* End PBXFrameworksBuildPhase section */

/* Begin PBXGroup section */
		281E2263223CED210042BF51 = {
			isa = PBXGroup;
			children = (
				281E226E223CED210042BF51 /* UITableView架构 */,
				281E2283223CED220042BF51 /* UITableView架构Tests */,
				281E228E223CED220042BF51 /* UITableView架构UITests */,
				281E226D223CED210042BF51 /* Products */,
			);
			sourceTree = "<group>";
		};
		281E226D223CED210042BF51 /* Products */ = {
			isa = PBXGroup;
			children = (
				281E226C223CED210042BF51 /* UITableView架构.app */,
				281E2280223CED220042BF51 /* UITableView架构Tests.xctest */,
				281E228B223CED220042BF51 /* UITableView架构UITests.xctest */,
			);
			name = Products;
			sourceTree = "<group>";
		};
		281E226E223CED210042BF51 /* UITableView架构 */ = {
			isa = PBXGroup;
			children = (
				281E226F223CED210042BF51 /* AppDelegate.swift */,
				281E2271223CED210042BF51 /* ViewController.swift */,
				281E229D223CEE120042BF51 /* 有多种Cell类型表视图 */,
				281E2273223CED210042BF51 /* Main.storyboard */,
				281E2276223CED220042BF51 /* Assets.xcassets */,
				281E2278223CED220042BF51 /* LaunchScreen.storyboard */,
				281E227B223CED220042BF51 /* Info.plist */,
			);
			path = "UITableView架构";
			sourceTree = "<group>";
		};
		281E2283223CED220042BF51 /* UITableView架构Tests */ = {
			isa = PBXGroup;
			children = (
				281E2284223CED220042BF51 /* UITableView__Tests.swift */,
				281E2286223CED220042BF51 /* Info.plist */,
			);
			path = "UITableView架构Tests";
			sourceTree = "<group>";
		};
		281E228E223CED220042BF51 /* UITableView架构UITests */ = {
			isa = PBXGroup;
			children = (
				281E228F223CED220042BF51 /* UITableView__UITests.swift */,
				281E2291223CED220042BF51 /* Info.plist */,
			);
			path = "UITableView架构UITests";
			sourceTree = "<group>";
		};
		281E229D223CEE120042BF51 /* 有多种Cell类型表视图 */ = {
			isa = PBXGroup;
			children = (
				281E2311223CF7890042BF51 /* ManyCellController.swift */,
				281E230B223CF77B0042BF51 /* ProfileModel.swift */,
				281E230C223CF77B0042BF51 /* ProfileViewModel.swift */,
				281E230D223CF77B0042BF51 /* ServerData.json */,
				281E22F6223CF76E0042BF51 /* Table View Cells */,
			);
			path = "有多种Cell类型表视图";
			sourceTree = "<group>";
		};
		281E22F6223CF76E0042BF51 /* Table View Cells */ = {
			isa = PBXGroup;
			children = (
				281E22F8223CF76E0042BF51 /* EmailCell.swift */,
				281E22F7223CF76E0042BF51 /* EmailCell.xib */,
				281E22FB223CF76E0042BF51 /* AboutCell.swift */,
				281E22FD223CF76E0042BF51 /* AboutCell.xib */,
				281E22FE223CF76E0042BF51 /* FriendCell.swift */,
				281E22F9223CF76E0042BF51 /* FriendCell.xib */,
				281E22FA223CF76E0042BF51 /* AttributeCell.swift */,
				281E22FF223CF76E0042BF51 /* AttributeCell.xib */,
				281E22FC223CF76E0042BF51 /* NamePictureCell.swift */,
				281E2300223CF76E0042BF51 /* NamePictureCell.xib */,
			);
			path = "Table View Cells";
			sourceTree = "<group>";
		};
/* End PBXGroup section */

/* Begin PBXNativeTarget section */
		281E226B223CED210042BF51 /* UITableView架构 */ = {
			isa = PBXNativeTarget;
			buildConfigurationList = 281E2294223CED220042BF51 /* Build configuration list for PBXNativeTarget "UITableView架构" */;
			buildPhases = (
				281E2268223CED210042BF51 /* Sources */,
				281E2269223CED210042BF51 /* Frameworks */,
				281E226A223CED210042BF51 /* Resources */,
			);
			buildRules = (
			);
			dependencies = (
			);
			name = "UITableView架构";
			productName = "UITableView架构";
			productReference = 281E226C223CED210042BF51 /* UITableView架构.app */;
			productType = "com.apple.product-type.application";
		};
		281E227F223CED220042BF51 /* UITableView架构Tests */ = {
			isa = PBXNativeTarget;
			buildConfigurationList = 281E2297223CED220042BF51 /* Build configuration list for PBXNativeTarget "UITableView架构Tests" */;
			buildPhases = (
				281E227C223CED220042BF51 /* Sources */,
				281E227D223CED220042BF51 /* Frameworks */,
				281E227E223CED220042BF51 /* Resources */,
			);
			buildRules = (
			);
			dependencies = (
				281E2282223CED220042BF51 /* PBXTargetDependency */,
			);
			name = "UITableView架构Tests";
			productName = "UITableView架构Tests";
			productReference = 281E2280223CED220042BF51 /* UITableView架构Tests.xctest */;
			productType = "com.apple.product-type.bundle.unit-test";
		};
		281E228A223CED220042BF51 /* UITableView架构UITests */ = {
			isa = PBXNativeTarget;
			buildConfigurationList = 281E229A223CED220042BF51 /* Build configuration list for PBXNativeTarget "UITableView架构UITests" */;
			buildPhases = (
				281E2287223CED220042BF51 /* Sources */,
				281E2288223CED220042BF51 /* Frameworks */,
				281E2289223CED220042BF51 /* Resources */,
			);
			buildRules = (
			);
			dependencies = (
				281E228D223CED220042BF51 /* PBXTargetDependency */,
			);
			name = "UITableView架构UITests";
			productName = "UITableView架构UITests";
			productReference = 281E228B223CED220042BF51 /* UITableView架构UITests.xctest */;
			productType = "com.apple.product-type.bundle.ui-testing";
		};
/* End PBXNativeTarget section */

/* Begin PBXProject section */
		281E2264223CED210042BF51 /* Project object */ = {
			isa = PBXProject;
			attributes = {
				LastSwiftUpdateCheck = 1010;
				LastUpgradeCheck = 1010;
				ORGANIZATIONNAME = yunna;
				TargetAttributes = {
					281E226B223CED210042BF51 = {
						CreatedOnToolsVersion = 10.1;
					};
					281E227F223CED220042BF51 = {
						CreatedOnToolsVersion = 10.1;
						TestTargetID = 281E226B223CED210042BF51;
					};
					281E228A223CED220042BF51 = {
						CreatedOnToolsVersion = 10.1;
						TestTargetID = 281E226B223CED210042BF51;
					};
				};
			};
			buildConfigurationList = 281E2267223CED210042BF51 /* Build configuration list for PBXProject "UITableView架构" */;
			compatibilityVersion = "Xcode 9.3";
			developmentRegion = en;
			hasScannedForEncodings = 0;
			knownRegions = (
				en,
				Base,
			);
			mainGroup = 281E2263223CED210042BF51;
			productRefGroup = 281E226D223CED210042BF51 /* Products */;
			projectDirPath = "";
			projectRoot = "";
			targets = (
				281E226B223CED210042BF51 /* UITableView架构 */,
				281E227F223CED220042BF51 /* UITableView架构Tests */,
				281E228A223CED220042BF51 /* UITableView架构UITests */,
			);
		};
/* End PBXProject section */

/* Begin PBXResourcesBuildPhase section */
		281E226A223CED210042BF51 /* Resources */ = {
			isa = PBXResourcesBuildPhase;
			buildActionMask = 2147483647;
			files = (
				281E2303223CF76E0042BF51 /* FriendCell.xib in Resources */,
				281E2310223CF77B0042BF51 /* ServerData.json in Resources */,
				281E230A223CF76E0042BF51 /* NamePictureCell.xib in Resources */,
				281E227A223CED220042BF51 /* LaunchScreen.storyboard in Resources */,
				281E2309223CF76E0042BF51 /* AttributeCell.xib in Resources */,
				281E2277223CED220042BF51 /* Assets.xcassets in Resources */,
				281E2307223CF76E0042BF51 /* AboutCell.xib in Resources */,
				281E2301223CF76E0042BF51 /* EmailCell.xib in Resources */,
				281E2275223CED210042BF51 /* Main.storyboard in Resources */,
			);
			runOnlyForDeploymentPostprocessing = 0;
		};
		281E227E223CED220042BF51 /* Resources */ = {
			isa = PBXResourcesBuildPhase;
			buildActionMask = 2147483647;
			files = (
			);
			runOnlyForDeploymentPostprocessing = 0;
		};
		281E2289223CED220042BF51 /* Resources */ = {
			isa = PBXResourcesBuildPhase;
			buildActionMask = 2147483647;
			files = (
			);
			runOnlyForDeploymentPostprocessing = 0;
		};
/* End PBXResourcesBuildPhase section */

/* Begin PBXSourcesBuildPhase section */
		281E2268223CED210042BF51 /* Sources */ = {
			isa = PBXSourcesBuildPhase;
			buildActionMask = 2147483647;
			files = (
				281E2308223CF76E0042BF51 /* FriendCell.swift in Sources */,
				281E2272223CED210042BF51 /* ViewController.swift in Sources */,
				281E2312223CF7890042BF51 /* ManyCellController.swift in Sources */,
				281E2302223CF76E0042BF51 /* EmailCell.swift in Sources */,
				281E230F223CF77B0042BF51 /* ProfileViewModel.swift in Sources */,
				281E2305223CF76E0042BF51 /* AboutCell.swift in Sources */,
				281E2304223CF76E0042BF51 /* AttributeCell.swift in Sources */,
				281E2270223CED210042BF51 /* AppDelegate.swift in Sources */,
				281E2306223CF76E0042BF51 /* NamePictureCell.swift in Sources */,
				281E230E223CF77B0042BF51 /* ProfileModel.swift in Sources */,
			);
			runOnlyForDeploymentPostprocessing = 0;
		};
		281E227C223CED220042BF51 /* Sources */ = {
			isa = PBXSourcesBuildPhase;
			buildActionMask = 2147483647;
			files = (
				281E2285223CED220042BF51 /* UITableView__Tests.swift in Sources */,
			);
			runOnlyForDeploymentPostprocessing = 0;
		};
		281E2287223CED220042BF51 /* Sources */ = {
			isa = PBXSourcesBuildPhase;
			buildActionMask = 2147483647;
			files = (
				281E2290223CED220042BF51 /* UITableView__UITests.swift in Sources */,
			);
			runOnlyForDeploymentPostprocessing = 0;
		};
/* End PBXSourcesBuildPhase section */

/* Begin PBXTargetDependency section */
		281E2282223CED220042BF51 /* PBXTargetDependency */ = {
			isa = PBXTargetDependency;
			target = 281E226B223CED210042BF51 /* UITableView架构 */;
			targetProxy = 281E2281223CED220042BF51 /* PBXContainerItemProxy */;
		};
		281E228D223CED220042BF51 /* PBXTargetDependency */ = {
			isa = PBXTargetDependency;
			target = 281E226B223CED210042BF51 /* UITableView架构 */;
			targetProxy = 281E228C223CED220042BF51 /* PBXContainerItemProxy */;
		};
/* End PBXTargetDependency section */

/* Begin PBXVariantGroup section */
		281E2273223CED210042BF51 /* Main.storyboard */ = {
			isa = PBXVariantGroup;
			children = (
				281E2274223CED210042BF51 /* Base */,
			);
			name = Main.storyboard;
			sourceTree = "<group>";
		};
		281E2278223CED220042BF51 /* LaunchScreen.storyboard */ = {
			isa = PBXVariantGroup;
			children = (
				281E2279223CED220042BF51 /* Base */,
			);
			name = LaunchScreen.storyboard;
			sourceTree = "<group>";
		};
/* End PBXVariantGroup section */

/* Begin XCBuildConfiguration section */
		281E2292223CED220042BF51 /* Debug */ = {
			isa = XCBuildConfiguration;
			buildSettings = {
				ALWAYS_SEARCH_USER_PATHS = NO;
				CLANG_ANALYZER_NONNULL = YES;
				CLANG_ANALYZER_NUMBER_OBJECT_CONVERSION = YES_AGGRESSIVE;
				CLANG_CXX_LANGUAGE_STANDARD = "gnu++14";
				CLANG_CXX_LIBRARY = "libc++";
				CLANG_ENABLE_MODULES = YES;
				CLANG_ENABLE_OBJC_ARC = YES;
				CLANG_ENABLE_OBJC_WEAK = YES;
				CLANG_WARN_BLOCK_CAPTURE_AUTORELEASING = YES;
				CLANG_WARN_BOOL_CONVERSION = YES;
				CLANG_WARN_COMMA = YES;
				CLANG_WARN_CONSTANT_CONVERSION = YES;
				CLANG_WARN_DEPRECATED_OBJC_IMPLEMENTATIONS = YES;
				CLANG_WARN_DIRECT_OBJC_ISA_USAGE = YES_ERROR;
				CLANG_WARN_DOCUMENTATION_COMMENTS = YES;
				CLANG_WARN_EMPTY_BODY = YES;
				CLANG_WARN_ENUM_CONVERSION = YES;
				CLANG_WARN_INFINITE_RECURSION = YES;
				CLANG_WARN_INT_CONVERSION = YES;
				CLANG_WARN_NON_LITERAL_NULL_CONVERSION = YES;
				CLANG_WARN_OBJC_IMPLICIT_RETAIN_SELF = YES;
				CLANG_WARN_OBJC_LITERAL_CONVERSION = YES;
				CLANG_WARN_OBJC_ROOT_CLASS = YES_ERROR;
				CLANG_WARN_RANGE_LOOP_ANALYSIS = YES;
				CLANG_WARN_STRICT_PROTOTYPES = YES;
				CLANG_WARN_SUSPICIOUS_MOVE = YES;
				CLANG_WARN_UNGUARDED_AVAILABILITY = YES_AGGRESSIVE;
				CLANG_WARN_UNREACHABLE_CODE = YES;
				CLANG_WARN__DUPLICATE_METHOD_MATCH = YES;
				CODE_SIGN_IDENTITY = "iPhone Developer";
				COPY_PHASE_STRIP = NO;
				DEBUG_INFORMATION_FORMAT = dwarf;
				ENABLE_STRICT_OBJC_MSGSEND = YES;
				ENABLE_TESTABILITY = YES;
				GCC_C_LANGUAGE_STANDARD = gnu11;
				GCC_DYNAMIC_NO_PIC = NO;
				GCC_NO_COMMON_BLOCKS = YES;
				GCC_OPTIMIZATION_LEVEL = 0;
				GCC_PREPROCESSOR_DEFINITIONS = (
					"DEBUG=1",
					"$(inherited)",
				);
				GCC_WARN_64_TO_32_BIT_CONVERSION = YES;
				GCC_WARN_ABOUT_RETURN_TYPE = YES_ERROR;
				GCC_WARN_UNDECLARED_SELECTOR = YES;
				GCC_WARN_UNINITIALIZED_AUTOS = YES_AGGRESSIVE;
				GCC_WARN_UNUSED_FUNCTION = YES;
				GCC_WARN_UNUSED_VARIABLE = YES;
				IPHONEOS_DEPLOYMENT_TARGET = 12.1;
				MTL_ENABLE_DEBUG_INFO = INCLUDE_SOURCE;
				MTL_FAST_MATH = YES;
				ONLY_ACTIVE_ARCH = YES;
				SDKROOT = iphoneos;
				SWIFT_ACTIVE_COMPILATION_CONDITIONS = DEBUG;
				SWIFT_OPTIMIZATION_LEVEL = "-Onone";
			};
			name = Debug;
		};
		281E2293223CED220042BF51 /* Release */ = {
			isa = XCBuildConfiguration;
			buildSettings = {
				ALWAYS_SEARCH_USER_PATHS = NO;
				CLANG_ANALYZER_NONNULL = YES;
				CLANG_ANALYZER_NUMBER_OBJECT_CONVERSION = YES_AGGRESSIVE;
				CLANG_CXX_LANGUAGE_STANDARD = "gnu++14";
				CLANG_CXX_LIBRARY = "libc++";
				CLANG_ENABLE_MODULES = YES;
				CLANG_ENABLE_OBJC_ARC = YES;
				CLANG_ENABLE_OBJC_WEAK = YES;
				CLANG_WARN_BLOCK_CAPTURE_AUTORELEASING = YES;
				CLANG_WARN_BOOL_CONVERSION = YES;
				CLANG_WARN_COMMA = YES;
				CLANG_WARN_CONSTANT_CONVERSION = YES;
				CLANG_WARN_DEPRECATED_OBJC_IMPLEMENTATIONS = YES;
				CLANG_WARN_DIRECT_OBJC_ISA_USAGE = YES_ERROR;
				CLANG_WARN_DOCUMENTATION_COMMENTS = YES;
				CLANG_WARN_EMPTY_BODY = YES;
				CLANG_WARN_ENUM_CONVERSION = YES;
				CLANG_WARN_INFINITE_RECURSION = YES;
				CLANG_WARN_INT_CONVERSION = YES;
				CLANG_WARN_NON_LITERAL_NULL_CONVERSION = YES;
				CLANG_WARN_OBJC_IMPLICIT_RETAIN_SELF = YES;
				CLANG_WARN_OBJC_LITERAL_CONVERSION = YES;
				CLANG_WARN_OBJC_ROOT_CLASS = YES_ERROR;
				CLANG_WARN_RANGE_LOOP_ANALYSIS = YES;
				CLANG_WARN_STRICT_PROTOTYPES = YES;
				CLANG_WARN_SUSPICIOUS_MOVE = YES;
				CLANG_WARN_UNGUARDED_AVAILABILITY = YES_AGGRESSIVE;
				CLANG_WARN_UNREACHABLE_CODE = YES;
				CLANG_WARN__DUPLICATE_METHOD_MATCH = YES;
				CODE_SIGN_IDENTITY = "iPhone Developer";
				COPY_PHASE_STRIP = NO;
				DEBUG_INFORMATION_FORMAT = "dwarf-with-dsym";
				ENABLE_NS_ASSERTIONS = NO;
				ENABLE_STRICT_OBJC_MSGSEND = YES;
				GCC_C_LANGUAGE_STANDARD = gnu11;
				GCC_NO_COMMON_BLOCKS = YES;
				GCC_WARN_64_TO_32_BIT_CONVERSION = YES;
				GCC_WARN_ABOUT_RETURN_TYPE = YES_ERROR;
				GCC_WARN_UNDECLARED_SELECTOR = YES;
				GCC_WARN_UNINITIALIZED_AUTOS = YES_AGGRESSIVE;
				GCC_WARN_UNUSED_FUNCTION = YES;
				GCC_WARN_UNUSED_VARIABLE = YES;
				IPHONEOS_DEPLOYMENT_TARGET = 12.1;
				MTL_ENABLE_DEBUG_INFO = NO;
				MTL_FAST_MATH = YES;
				SDKROOT = iphoneos;
				SWIFT_COMPILATION_MODE = wholemodule;
				SWIFT_OPTIMIZATION_LEVEL = "-O";
				VALIDATE_PRODUCT = YES;
			};
			name = Release;
		};
		281E2295223CED220042BF51 /* Debug */ = {
			isa = XCBuildConfiguration;
			buildSettings = {
				ASSETCATALOG_COMPILER_APPICON_NAME = AppIcon;
				CODE_SIGN_STYLE = Automatic;
				DEVELOPMENT_TEAM = Z69Q2FEZS9;
				INFOPLIST_FILE = "UITableView架构/Info.plist";
				LD_RUNPATH_SEARCH_PATHS = (
					"$(inherited)",
					"@executable_path/Frameworks",
				);
				PRODUCT_BUNDLE_IDENTIFIER = "yunna.UITableView--";
				PRODUCT_NAME = "$(TARGET_NAME)";
				SWIFT_VERSION = 4.2;
				TARGETED_DEVICE_FAMILY = "1,2";
			};
			name = Debug;
		};
		281E2296223CED220042BF51 /* Release */ = {
			isa = XCBuildConfiguration;
			buildSettings = {
				ASSETCATALOG_COMPILER_APPICON_NAME = AppIcon;
				CODE_SIGN_STYLE = Automatic;
				DEVELOPMENT_TEAM = Z69Q2FEZS9;
				INFOPLIST_FILE = "UITableView架构/Info.plist";
				LD_RUNPATH_SEARCH_PATHS = (
					"$(inherited)",
					"@executable_path/Frameworks",
				);
				PRODUCT_BUNDLE_IDENTIFIER = "yunna.UITableView--";
				PRODUCT_NAME = "$(TARGET_NAME)";
				SWIFT_VERSION = 4.2;
				TARGETED_DEVICE_FAMILY = "1,2";
			};
			name = Release;
		};
		281E2298223CED220042BF51 /* Debug */ = {
			isa = XCBuildConfiguration;
			buildSettings = {
				ALWAYS_EMBED_SWIFT_STANDARD_LIBRARIES = YES;
				BUNDLE_LOADER = "$(TEST_HOST)";
				CODE_SIGN_STYLE = Automatic;
				DEVELOPMENT_TEAM = Z69Q2FEZS9;
				INFOPLIST_FILE = "UITableView架构Tests/Info.plist";
				LD_RUNPATH_SEARCH_PATHS = (
					"$(inherited)",
					"@executable_path/Frameworks",
					"@loader_path/Frameworks",
				);
				PRODUCT_BUNDLE_IDENTIFIER = "yunna.UITableView--Tests";
				PRODUCT_NAME = "$(TARGET_NAME)";
				SWIFT_VERSION = 4.2;
				TARGETED_DEVICE_FAMILY = "1,2";
				TEST_HOST = "$(BUILT_PRODUCTS_DIR)/UITableView架构.app/UITableView架构";
			};
			name = Debug;
		};
		281E2299223CED220042BF51 /* Release */ = {
			isa = XCBuildConfiguration;
			buildSettings = {
				ALWAYS_EMBED_SWIFT_STANDARD_LIBRARIES = YES;
				BUNDLE_LOADER = "$(TEST_HOST)";
				CODE_SIGN_STYLE = Automatic;
				DEVELOPMENT_TEAM = Z69Q2FEZS9;
				INFOPLIST_FILE = "UITableView架构Tests/Info.plist";
				LD_RUNPATH_SEARCH_PATHS = (
					"$(inherited)",
					"@executable_path/Frameworks",
					"@loader_path/Frameworks",
				);
				PRODUCT_BUNDLE_IDENTIFIER = "yunna.UITableView--Tests";
				PRODUCT_NAME = "$(TARGET_NAME)";
				SWIFT_VERSION = 4.2;
				TARGETED_DEVICE_FAMILY = "1,2";
				TEST_HOST = "$(BUILT_PRODUCTS_DIR)/UITableView架构.app/UITableView架构";
			};
			name = Release;
		};
		281E229B223CED220042BF51 /* Debug */ = {
			isa = XCBuildConfiguration;
			buildSettings = {
				ALWAYS_EMBED_SWIFT_STANDARD_LIBRARIES = YES;
				CODE_SIGN_STYLE = Automatic;
				DEVELOPMENT_TEAM = Z69Q2FEZS9;
				INFOPLIST_FILE = "UITableView架构UITests/Info.plist";
				LD_RUNPATH_SEARCH_PATHS = (
					"$(inherited)",
					"@executable_path/Frameworks",
					"@loader_path/Frameworks",
				);
				PRODUCT_BUNDLE_IDENTIFIER = "yunna.UITableView--UITests";
				PRODUCT_NAME = "$(TARGET_NAME)";
				SWIFT_VERSION = 4.2;
				TARGETED_DEVICE_FAMILY = "1,2";
				TEST_TARGET_NAME = "UITableView架构";
			};
			name = Debug;
		};
		281E229C223CED220042BF51 /* Release */ = {
			isa = XCBuildConfiguration;
			buildSettings = {
				ALWAYS_EMBED_SWIFT_STANDARD_LIBRARIES = YES;
				CODE_SIGN_STYLE = Automatic;
				DEVELOPMENT_TEAM = Z69Q2FEZS9;
				INFOPLIST_FILE = "UITableView架构UITests/Info.plist";
				LD_RUNPATH_SEARCH_PATHS = (
					"$(inherited)",
					"@executable_path/Frameworks",
					"@loader_path/Frameworks",
				);
				PRODUCT_BUNDLE_IDENTIFIER = "yunna.UITableView--UITests";
				PRODUCT_NAME = "$(TARGET_NAME)";
				SWIFT_VERSION = 4.2;
				TARGETED_DEVICE_FAMILY = "1,2";
				TEST_TARGET_NAME = "UITableView架构";
			};
			name = Release;
		};
/* End XCBuildConfiguration section */

/* Begin XCConfigurationList section */
		281E2267223CED210042BF51 /* Build configuration list for PBXProject "UITableView架构" */ = {
			isa = XCConfigurationList;
			buildConfigurations = (
				281E2292223CED220042BF51 /* Debug */,
				281E2293223CED220042BF51 /* Release */,
			);
			defaultConfigurationIsVisible = 0;
			defaultConfigurationName = Release;
		};
		281E2294223CED220042BF51 /* Build configuration list for PBXNativeTarget "UITableView架构" */ = {
			isa = XCConfigurationList;
			buildConfigurations = (
				281E2295223CED220042BF51 /* Debug */,
				281E2296223CED220042BF51 /* Release */,
			);
			defaultConfigurationIsVisible = 0;
			defaultConfigurationName = Release;
		};
		281E2297223CED220042BF51 /* Build configuration list for PBXNativeTarget "UITableView架构Tests" */ = {
			isa = XCConfigurationList;
			buildConfigurations = (
				281E2298223CED220042BF51 /* Debug */,
				281E2299223CED220042BF51 /* Release */,
			);
			defaultConfigurationIsVisible = 0;
			defaultConfigurationName = Release;
		};
		281E229A223CED220042BF51 /* Build configuration list for PBXNativeTarget "UITableView架构UITests" */ = {
			isa = XCConfigurationList;
			buildConfigurations = (
				281E229B223CED220042BF51 /* Debug */,
				281E229C223CED220042BF51 /* Release */,
			);
			defaultConfigurationIsVisible = 0;
			defaultConfigurationName = Release;
		};
/* End XCConfigurationList section */
	};
	rootObject = 281E2264223CED210042BF51 /* Project object */;
}
