// !$*UTF8*$!
{
	archiveVersion = 1;
	classes = {
	};
	objectVersion = 50;
	objects = {

/* Begin PBXBuildFile section */
		28CFDF1223AC6DDA003C22C6 /* AppDelegate.swift in Sources */ = {isa = PBXBuildFile; fileRef = 28CFDF1123AC6DDA003C22C6 /* AppDelegate.swift */; };
		28CFDF1423AC6DDA003C22C6 /* SceneDelegate.swift in Sources */ = {isa = PBXBuildFile; fileRef = 28CFDF1323AC6DDA003C22C6 /* SceneDelegate.swift */; };
		28CFDF1623AC6DDA003C22C6 /* ViewController.swift in Sources */ = {isa = PBXBuildFile; fileRef = 28CFDF1523AC6DDA003C22C6 /* ViewController.swift */; };
		28CFDF1923AC6DDA003C22C6 /* Main.storyboard in Resources */ = {isa = PBXBuildFile; fileRef = 28CFDF1723AC6DDA003C22C6 /* Main.storyboard */; };
		28CFDF1B23AC6DDD003C22C6 /* Assets.xcassets in Resources */ = {isa = PBXBuildFile; fileRef = 28CFDF1A23AC6DDD003C22C6 /* Assets.xcassets */; };
		28CFDF1E23AC6DDD003C22C6 /* LaunchScreen.storyboard in Resources */ = {isa = PBXBuildFile; fileRef = 28CFDF1C23AC6DDD003C22C6 /* LaunchScreen.storyboard */; };
		28CFDF2923AC6DDD003C22C6 /* imageTestTests.swift in Sources */ = {isa = PBXBuildFile; fileRef = 28CFDF2823AC6DDD003C22C6 /* imageTestTests.swift */; };
		28CFDF3423AC6DDD003C22C6 /* imageTestUITests.swift in Sources */ = {isa = PBXBuildFile; fileRef = 28CFDF3323AC6DDD003C22C6 /* imageTestUITests.swift */; };
/* End PBXBuildFile section */

/* Begin PBXContainerItemProxy section */
		28CFDF2523AC6DDD003C22C6 /* PBXContainerItemProxy */ = {
			isa = PBXContainerItemProxy;
			containerPortal = 28CFDF0623AC6DDA003C22C6 /* Project object */;
			proxyType = 1;
			remoteGlobalIDString = 28CFDF0D23AC6DDA003C22C6;
			remoteInfo = imageTest;
		};
		28CFDF3023AC6DDD003C22C6 /* PBXContainerItemProxy */ = {
			isa = PBXContainerItemProxy;
			containerPortal = 28CFDF0623AC6DDA003C22C6 /* Project object */;
			proxyType = 1;
			remoteGlobalIDString = 28CFDF0D23AC6DDA003C22C6;
			remoteInfo = imageTest;
		};
/* End PBXContainerItemProxy section */

/* Begin PBXFileReference section */
		28CFDF0E23AC6DDA003C22C6 /* imageTest.app */ = {isa = PBXFileReference; explicitFileType = wrapper.application; includeInIndex = 0; path = imageTest.app; sourceTree = BUILT_PRODUCTS_DIR; };
		28CFDF1123AC6DDA003C22C6 /* AppDelegate.swift */ = {isa = PBXFileReference; lastKnownFileType = sourcecode.swift; path = AppDelegate.swift; sourceTree = "<group>"; };
		28CFDF1323AC6DDA003C22C6 /* SceneDelegate.swift */ = {isa = PBXFileReference; lastKnownFileType = sourcecode.swift; path = SceneDelegate.swift; sourceTree = "<group>"; };
		28CFDF1523AC6DDA003C22C6 /* ViewController.swift */ = {isa = PBXFileReference; lastKnownFileType = sourcecode.swift; path = ViewController.swift; sourceTree = "<group>"; };
		28CFDF1823AC6DDA003C22C6 /* Base */ = {isa = PBXFileReference; lastKnownFileType = file.storyboard; name = Base; path = Base.lproj/Main.storyboard; sourceTree = "<group>"; };
		28CFDF1A23AC6DDD003C22C6 /* Assets.xcassets */ = {isa = PBXFileReference; lastKnownFileType = folder.assetcatalog; path = Assets.xcassets; sourceTree = "<group>"; };
		28CFDF1D23AC6DDD003C22C6 /* Base */ = {isa = PBXFileReference; lastKnownFileType = file.storyboard; name = Base; path = Base.lproj/LaunchScreen.storyboard; sourceTree = "<group>"; };
		28CFDF1F23AC6DDD003C22C6 /* Info.plist */ = {isa = PBXFileReference; lastKnownFileType = text.plist.xml; path = Info.plist; sourceTree = "<group>"; };
		28CFDF2423AC6DDD003C22C6 /* imageTestTests.xctest */ = {isa = PBXFileReference; explicitFileType = wrapper.cfbundle; includeInIndex = 0; path = imageTestTests.xctest; sourceTree = BUILT_PRODUCTS_DIR; };
		28CFDF2823AC6DDD003C22C6 /* imageTestTests.swift */ = {isa = PBXFileReference; lastKnownFileType = sourcecode.swift; path = imageTestTests.swift; sourceTree = "<group>"; };
		28CFDF2A23AC6DDD003C22C6 /* Info.plist */ = {isa = PBXFileReference; lastKnownFileType = text.plist.xml; path = Info.plist; sourceTree = "<group>"; };
		28CFDF2F23AC6DDD003C22C6 /* imageTestUITests.xctest */ = {isa = PBXFileReference; explicitFileType = wrapper.cfbundle; includeInIndex = 0; path = imageTestUITests.xctest; sourceTree = BUILT_PRODUCTS_DIR; };
		28CFDF3323AC6DDD003C22C6 /* imageTestUITests.swift */ = {isa = PBXFileReference; lastKnownFileType = sourcecode.swift; path = imageTestUITests.swift; sourceTree = "<group>"; };
		28CFDF3523AC6DDD003C22C6 /* Info.plist */ = {isa = PBXFileReference; lastKnownFileType = text.plist.xml; path = Info.plist; sourceTree = "<group>"; };
/* End PBXFileReference section */

/* Begin PBXFrameworksBuildPhase section */
		28CFDF0B23AC6DDA003C22C6 /* Frameworks */ = {
			isa = PBXFrameworksBuildPhase;
			buildActionMask = 2147483647;
			files = (
			);
			runOnlyForDeploymentPostprocessing = 0;
		};
		28CFDF2123AC6DDD003C22C6 /* Frameworks */ = {
			isa = PBXFrameworksBuildPhase;
			buildActionMask = 2147483647;
			files = (
			);
			runOnlyForDeploymentPostprocessing = 0;
		};
		28CFDF2C23AC6DDD003C22C6 /* Frameworks */ = {
			isa = PBXFrameworksBuildPhase;
			buildActionMask = 2147483647;
			files = (
			);
			runOnlyForDeploymentPostprocessing = 0;
		};
/* End PBXFrameworksBuildPhase section */

/* Begin PBXGroup section */
		28CFDF0523AC6DDA003C22C6 = {
			isa = PBXGroup;
			children = (
				28CFDF1023AC6DDA003C22C6 /* imageTest */,
				28CFDF2723AC6DDD003C22C6 /* imageTestTests */,
				28CFDF3223AC6DDD003C22C6 /* imageTestUITests */,
				28CFDF0F23AC6DDA003C22C6 /* Products */,
			);
			sourceTree = "<group>";
		};
		28CFDF0F23AC6DDA003C22C6 /* Products */ = {
			isa = PBXGroup;
			children = (
				28CFDF0E23AC6DDA003C22C6 /* imageTest.app */,
				28CFDF2423AC6DDD003C22C6 /* imageTestTests.xctest */,
				28CFDF2F23AC6DDD003C22C6 /* imageTestUITests.xctest */,
			);
			name = Products;
			sourceTree = "<group>";
		};
		28CFDF1023AC6DDA003C22C6 /* imageTest */ = {
			isa = PBXGroup;
			children = (
				28CFDF1123AC6DDA003C22C6 /* AppDelegate.swift */,
				28CFDF1323AC6DDA003C22C6 /* SceneDelegate.swift */,
				28CFDF1523AC6DDA003C22C6 /* ViewController.swift */,
				28CFDF1723AC6DDA003C22C6 /* Main.storyboard */,
				28CFDF1A23AC6DDD003C22C6 /* Assets.xcassets */,
				28CFDF1C23AC6DDD003C22C6 /* LaunchScreen.storyboard */,
				28CFDF1F23AC6DDD003C22C6 /* Info.plist */,
			);
			path = imageTest;
			sourceTree = "<group>";
		};
		28CFDF2723AC6DDD003C22C6 /* imageTestTests */ = {
			isa = PBXGroup;
			children = (
				28CFDF2823AC6DDD003C22C6 /* imageTestTests.swift */,
				28CFDF2A23AC6DDD003C22C6 /* Info.plist */,
			);
			path = imageTestTests;
			sourceTree = "<group>";
		};
		28CFDF3223AC6DDD003C22C6 /* imageTestUITests */ = {
			isa = PBXGroup;
			children = (
				28CFDF3323AC6DDD003C22C6 /* imageTestUITests.swift */,
				28CFDF3523AC6DDD003C22C6 /* Info.plist */,
			);
			path = imageTestUITests;
			sourceTree = "<group>";
		};
/* End PBXGroup section */

/* Begin PBXNativeTarget section */
		28CFDF0D23AC6DDA003C22C6 /* imageTest */ = {
			isa = PBXNativeTarget;
			buildConfigurationList = 28CFDF3823AC6DDD003C22C6 /* Build configuration list for PBXNativeTarget "imageTest" */;
			buildPhases = (
				28CFDF0A23AC6DDA003C22C6 /* Sources */,
				28CFDF0B23AC6DDA003C22C6 /* Frameworks */,
				28CFDF0C23AC6DDA003C22C6 /* Resources */,
			);
			buildRules = (
			);
			dependencies = (
			);
			name = imageTest;
			productName = imageTest;
			productReference = 28CFDF0E23AC6DDA003C22C6 /* imageTest.app */;
			productType = "com.apple.product-type.application";
		};
		28CFDF2323AC6DDD003C22C6 /* imageTestTests */ = {
			isa = PBXNativeTarget;
			buildConfigurationList = 28CFDF3B23AC6DDD003C22C6 /* Build configuration list for PBXNativeTarget "imageTestTests" */;
			buildPhases = (
				28CFDF2023AC6DDD003C22C6 /* Sources */,
				28CFDF2123AC6DDD003C22C6 /* Frameworks */,
				28CFDF2223AC6DDD003C22C6 /* Resources */,
			);
			buildRules = (
			);
			dependencies = (
				28CFDF2623AC6DDD003C22C6 /* PBXTargetDependency */,
			);
			name = imageTestTests;
			productName = imageTestTests;
			productReference = 28CFDF2423AC6DDD003C22C6 /* imageTestTests.xctest */;
			productType = "com.apple.product-type.bundle.unit-test";
		};
		28CFDF2E23AC6DDD003C22C6 /* imageTestUITests */ = {
			isa = PBXNativeTarget;
			buildConfigurationList = 28CFDF3E23AC6DDD003C22C6 /* Build configuration list for PBXNativeTarget "imageTestUITests" */;
			buildPhases = (
				28CFDF2B23AC6DDD003C22C6 /* Sources */,
				28CFDF2C23AC6DDD003C22C6 /* Frameworks */,
				28CFDF2D23AC6DDD003C22C6 /* Resources */,
			);
			buildRules = (
			);
			dependencies = (
				28CFDF3123AC6DDD003C22C6 /* PBXTargetDependency */,
			);
			name = imageTestUITests;
			productName = imageTestUITests;
			productReference = 28CFDF2F23AC6DDD003C22C6 /* imageTestUITests.xctest */;
			productType = "com.apple.product-type.bundle.ui-testing";
		};
/* End PBXNativeTarget section */

/* Begin PBXProject section */
		28CFDF0623AC6DDA003C22C6 /* Project object */ = {
			isa = PBXProject;
			attributes = {
				LastSwiftUpdateCheck = 1100;
				LastUpgradeCheck = 1100;
				ORGANIZATIONNAME = yunna;
				TargetAttributes = {
					28CFDF0D23AC6DDA003C22C6 = {
						CreatedOnToolsVersion = 11.0;
					};
					28CFDF2323AC6DDD003C22C6 = {
						CreatedOnToolsVersion = 11.0;
						TestTargetID = 28CFDF0D23AC6DDA003C22C6;
					};
					28CFDF2E23AC6DDD003C22C6 = {
						CreatedOnToolsVersion = 11.0;
						TestTargetID = 28CFDF0D23AC6DDA003C22C6;
					};
				};
			};
			buildConfigurationList = 28CFDF0923AC6DDA003C22C6 /* Build configuration list for PBXProject "imageTest" */;
			compatibilityVersion = "Xcode 9.3";
			developmentRegion = en;
			hasScannedForEncodings = 0;
			knownRegions = (
				en,
				Base,
			);
			mainGroup = 28CFDF0523AC6DDA003C22C6;
			productRefGroup = 28CFDF0F23AC6DDA003C22C6 /* Products */;
			projectDirPath = "";
			projectRoot = "";
			targets = (
				28CFDF0D23AC6DDA003C22C6 /* imageTest */,
				28CFDF2323AC6DDD003C22C6 /* imageTestTests */,
				28CFDF2E23AC6DDD003C22C6 /* imageTestUITests */,
			);
		};
/* End PBXProject section */

/* Begin PBXResourcesBuildPhase section */
		28CFDF0C23AC6DDA003C22C6 /* Resources */ = {
			isa = PBXResourcesBuildPhase;
			buildActionMask = 2147483647;
			files = (
				28CFDF1E23AC6DDD003C22C6 /* LaunchScreen.storyboard in Resources */,
				28CFDF1B23AC6DDD003C22C6 /* Assets.xcassets in Resources */,
				28CFDF1923AC6DDA003C22C6 /* Main.storyboard in Resources */,
			);
			runOnlyForDeploymentPostprocessing = 0;
		};
		28CFDF2223AC6DDD003C22C6 /* Resources */ = {
			isa = PBXResourcesBuildPhase;
			buildActionMask = 2147483647;
			files = (
			);
			runOnlyForDeploymentPostprocessing = 0;
		};
		28CFDF2D23AC6DDD003C22C6 /* Resources */ = {
			isa = PBXResourcesBuildPhase;
			buildActionMask = 2147483647;
			files = (
			);
			runOnlyForDeploymentPostprocessing = 0;
		};
/* End PBXResourcesBuildPhase section */

/* Begin PBXSourcesBuildPhase section */
		28CFDF0A23AC6DDA003C22C6 /* Sources */ = {
			isa = PBXSourcesBuildPhase;
			buildActionMask = 2147483647;
			files = (
				28CFDF1623AC6DDA003C22C6 /* ViewController.swift in Sources */,
				28CFDF1223AC6DDA003C22C6 /* AppDelegate.swift in Sources */,
				28CFDF1423AC6DDA003C22C6 /* SceneDelegate.swift in Sources */,
			);
			runOnlyForDeploymentPostprocessing = 0;
		};
		28CFDF2023AC6DDD003C22C6 /* Sources */ = {
			isa = PBXSourcesBuildPhase;
			buildActionMask = 2147483647;
			files = (
				28CFDF2923AC6DDD003C22C6 /* imageTestTests.swift in Sources */,
			);
			runOnlyForDeploymentPostprocessing = 0;
		};
		28CFDF2B23AC6DDD003C22C6 /* Sources */ = {
			isa = PBXSourcesBuildPhase;
			buildActionMask = 2147483647;
			files = (
				28CFDF3423AC6DDD003C22C6 /* imageTestUITests.swift in Sources */,
			);
			runOnlyForDeploymentPostprocessing = 0;
		};
/* End PBXSourcesBuildPhase section */

/* Begin PBXTargetDependency section */
		28CFDF2623AC6DDD003C22C6 /* PBXTargetDependency */ = {
			isa = PBXTargetDependency;
			target = 28CFDF0D23AC6DDA003C22C6 /* imageTest */;
			targetProxy = 28CFDF2523AC6DDD003C22C6 /* PBXContainerItemProxy */;
		};
		28CFDF3123AC6DDD003C22C6 /* PBXTargetDependency */ = {
			isa = PBXTargetDependency;
			target = 28CFDF0D23AC6DDA003C22C6 /* imageTest */;
			targetProxy = 28CFDF3023AC6DDD003C22C6 /* PBXContainerItemProxy */;
		};
/* End PBXTargetDependency section */

/* Begin PBXVariantGroup section */
		28CFDF1723AC6DDA003C22C6 /* Main.storyboard */ = {
			isa = PBXVariantGroup;
			children = (
				28CFDF1823AC6DDA003C22C6 /* Base */,
			);
			name = Main.storyboard;
			sourceTree = "<group>";
		};
		28CFDF1C23AC6DDD003C22C6 /* LaunchScreen.storyboard */ = {
			isa = PBXVariantGroup;
			children = (
				28CFDF1D23AC6DDD003C22C6 /* Base */,
			);
			name = LaunchScreen.storyboard;
			sourceTree = "<group>";
		};
/* End PBXVariantGroup section */

/* Begin XCBuildConfiguration section */
		28CFDF3623AC6DDD003C22C6 /* Debug */ = {
			isa = XCBuildConfiguration;
			buildSettings = {
				ALWAYS_SEARCH_USER_PATHS = NO;
				CLANG_ANALYZER_NONNULL = YES;
				CLANG_ANALYZER_NUMBER_OBJECT_CONVERSION = YES_AGGRESSIVE;
				CLANG_CXX_LANGUAGE_STANDARD = "gnu++14";
				CLANG_CXX_LIBRARY = "libc++";
				CLANG_ENABLE_MODULES = YES;
				CLANG_ENABLE_OBJC_ARC = YES;
				CLANG_ENABLE_OBJC_WEAK = YES;
				CLANG_WARN_BLOCK_CAPTURE_AUTORELEASING = YES;
				CLANG_WARN_BOOL_CONVERSION = YES;
				CLANG_WARN_COMMA = YES;
				CLANG_WARN_CONSTANT_CONVERSION = YES;
				CLANG_WARN_DEPRECATED_OBJC_IMPLEMENTATIONS = YES;
				CLANG_WARN_DIRECT_OBJC_ISA_USAGE = YES_ERROR;
				CLANG_WARN_DOCUMENTATION_COMMENTS = YES;
				CLANG_WARN_EMPTY_BODY = YES;
				CLANG_WARN_ENUM_CONVERSION = YES;
				CLANG_WARN_INFINITE_RECURSION = YES;
				CLANG_WARN_INT_CONVERSION = YES;
				CLANG_WARN_NON_LITERAL_NULL_CONVERSION = YES;
				CLANG_WARN_OBJC_IMPLICIT_RETAIN_SELF = YES;
				CLANG_WARN_OBJC_LITERAL_CONVERSION = YES;
				CLANG_WARN_OBJC_ROOT_CLASS = YES_ERROR;
				CLANG_WARN_RANGE_LOOP_ANALYSIS = YES;
				CLANG_WARN_STRICT_PROTOTYPES = YES;
				CLANG_WARN_SUSPICIOUS_MOVE = YES;
				CLANG_WARN_UNGUARDED_AVAILABILITY = YES_AGGRESSIVE;
				CLANG_WARN_UNREACHABLE_CODE = YES;
				CLANG_WARN__DUPLICATE_METHOD_MATCH = YES;
				COPY_PHASE_STRIP = NO;
				DEBUG_INFORMATION_FORMAT = dwarf;
				ENABLE_STRICT_OBJC_MSGSEND = YES;
				ENABLE_TESTABILITY = YES;
				GCC_C_LANGUAGE_STANDARD = gnu11;
				GCC_DYNAMIC_NO_PIC = NO;
				GCC_NO_COMMON_BLOCKS = YES;
				GCC_OPTIMIZATION_LEVEL = 0;
				GCC_PREPROCESSOR_DEFINITIONS = (
					"DEBUG=1",
					"$(inherited)",
				);
				GCC_WARN_64_TO_32_BIT_CONVERSION = YES;
				GCC_WARN_ABOUT_RETURN_TYPE = YES_ERROR;
				GCC_WARN_UNDECLARED_SELECTOR = YES;
				GCC_WARN_UNINITIALIZED_AUTOS = YES_AGGRESSIVE;
				GCC_WARN_UNUSED_FUNCTION = YES;
				GCC_WARN_UNUSED_VARIABLE = YES;
				IPHONEOS_DEPLOYMENT_TARGET = 13.0;
				MTL_ENABLE_DEBUG_INFO = INCLUDE_SOURCE;
				MTL_FAST_MATH = YES;
				ONLY_ACTIVE_ARCH = YES;
				SDKROOT = iphoneos;
				SWIFT_ACTIVE_COMPILATION_CONDITIONS = DEBUG;
				SWIFT_OPTIMIZATION_LEVEL = "-Onone";
			};
			name = Debug;
		};
		28CFDF3723AC6DDD003C22C6 /* Release */ = {
			isa = XCBuildConfiguration;
			buildSettings = {
				ALWAYS_SEARCH_USER_PATHS = NO;
				CLANG_ANALYZER_NONNULL = YES;
				CLANG_ANALYZER_NUMBER_OBJECT_CONVERSION = YES_AGGRESSIVE;
				CLANG_CXX_LANGUAGE_STANDARD = "gnu++14";
				CLANG_CXX_LIBRARY = "libc++";
				CLANG_ENABLE_MODULES = YES;
				CLANG_ENABLE_OBJC_ARC = YES;
				CLANG_ENABLE_OBJC_WEAK = YES;
				CLANG_WARN_BLOCK_CAPTURE_AUTORELEASING = YES;
				CLANG_WARN_BOOL_CONVERSION = YES;
				CLANG_WARN_COMMA = YES;
				CLANG_WARN_CONSTANT_CONVERSION = YES;
				CLANG_WARN_DEPRECATED_OBJC_IMPLEMENTATIONS = YES;
				CLANG_WARN_DIRECT_OBJC_ISA_USAGE = YES_ERROR;
				CLANG_WARN_DOCUMENTATION_COMMENTS = YES;
				CLANG_WARN_EMPTY_BODY = YES;
				CLANG_WARN_ENUM_CONVERSION = YES;
				CLANG_WARN_INFINITE_RECURSION = YES;
				CLANG_WARN_INT_CONVERSION = YES;
				CLANG_WARN_NON_LITERAL_NULL_CONVERSION = YES;
				CLANG_WARN_OBJC_IMPLICIT_RETAIN_SELF = YES;
				CLANG_WARN_OBJC_LITERAL_CONVERSION = YES;
				CLANG_WARN_OBJC_ROOT_CLASS = YES_ERROR;
				CLANG_WARN_RANGE_LOOP_ANALYSIS = YES;
				CLANG_WARN_STRICT_PROTOTYPES = YES;
				CLANG_WARN_SUSPICIOUS_MOVE = YES;
				CLANG_WARN_UNGUARDED_AVAILABILITY = YES_AGGRESSIVE;
				CLANG_WARN_UNREACHABLE_CODE = YES;
				CLANG_WARN__DUPLICATE_METHOD_MATCH = YES;
				COPY_PHASE_STRIP = NO;
				DEBUG_INFORMATION_FORMAT = "dwarf-with-dsym";
				ENABLE_NS_ASSERTIONS = NO;
				ENABLE_STRICT_OBJC_MSGSEND = YES;
				GCC_C_LANGUAGE_STANDARD = gnu11;
				GCC_NO_COMMON_BLOCKS = YES;
				GCC_WARN_64_TO_32_BIT_CONVERSION = YES;
				GCC_WARN_ABOUT_RETURN_TYPE = YES_ERROR;
				GCC_WARN_UNDECLARED_SELECTOR = YES;
				GCC_WARN_UNINITIALIZED_AUTOS = YES_AGGRESSIVE;
				GCC_WARN_UNUSED_FUNCTION = YES;
				GCC_WARN_UNUSED_VARIABLE = YES;
				IPHONEOS_DEPLOYMENT_TARGET = 13.0;
				MTL_ENABLE_DEBUG_INFO = NO;
				MTL_FAST_MATH = YES;
				SDKROOT = iphoneos;
				SWIFT_COMPILATION_MODE = wholemodule;
				SWIFT_OPTIMIZATION_LEVEL = "-O";
				VALIDATE_PRODUCT = YES;
			};
			name = Release;
		};
		28CFDF3923AC6DDD003C22C6 /* Debug */ = {
			isa = XCBuildConfiguration;
			buildSettings = {
				ASSETCATALOG_COMPILER_APPICON_NAME = AppIcon;
				CODE_SIGN_STYLE = Automatic;
				DEVELOPMENT_TEAM = Z69Q2FEZS9;
				INFOPLIST_FILE = imageTest/Info.plist;
				LD_RUNPATH_SEARCH_PATHS = (
					"$(inherited)",
					"@executable_path/Frameworks",
				);
				PRODUCT_BUNDLE_IDENTIFIER = yunna.imageTest;
				PRODUCT_NAME = "$(TARGET_NAME)";
				SWIFT_VERSION = 5.0;
				TARGETED_DEVICE_FAMILY = "1,2";
			};
			name = Debug;
		};
		28CFDF3A23AC6DDD003C22C6 /* Release */ = {
			isa = XCBuildConfiguration;
			buildSettings = {
				ASSETCATALOG_COMPILER_APPICON_NAME = AppIcon;
				CODE_SIGN_STYLE = Automatic;
				DEVELOPMENT_TEAM = Z69Q2FEZS9;
				INFOPLIST_FILE = imageTest/Info.plist;
				LD_RUNPATH_SEARCH_PATHS = (
					"$(inherited)",
					"@executable_path/Frameworks",
				);
				PRODUCT_BUNDLE_IDENTIFIER = yunna.imageTest;
				PRODUCT_NAME = "$(TARGET_NAME)";
				SWIFT_VERSION = 5.0;
				TARGETED_DEVICE_FAMILY = "1,2";
			};
			name = Release;
		};
		28CFDF3C23AC6DDD003C22C6 /* Debug */ = {
			isa = XCBuildConfiguration;
			buildSettings = {
				ALWAYS_EMBED_SWIFT_STANDARD_LIBRARIES = YES;
				BUNDLE_LOADER = "$(TEST_HOST)";
				CODE_SIGN_STYLE = Automatic;
				DEVELOPMENT_TEAM = Z69Q2FEZS9;
				INFOPLIST_FILE = imageTestTests/Info.plist;
				IPHONEOS_DEPLOYMENT_TARGET = 13.0;
				LD_RUNPATH_SEARCH_PATHS = (
					"$(inherited)",
					"@executable_path/Frameworks",
					"@loader_path/Frameworks",
				);
				PRODUCT_BUNDLE_IDENTIFIER = yunna.imageTestTests;
				PRODUCT_NAME = "$(TARGET_NAME)";
				SWIFT_VERSION = 5.0;
				TARGETED_DEVICE_FAMILY = "1,2";
				TEST_HOST = "$(BUILT_PRODUCTS_DIR)/imageTest.app/imageTest";
			};
			name = Debug;
		};
		28CFDF3D23AC6DDD003C22C6 /* Release */ = {
			isa = XCBuildConfiguration;
			buildSettings = {
				ALWAYS_EMBED_SWIFT_STANDARD_LIBRARIES = YES;
				BUNDLE_LOADER = "$(TEST_HOST)";
				CODE_SIGN_STYLE = Automatic;
				DEVELOPMENT_TEAM = Z69Q2FEZS9;
				INFOPLIST_FILE = imageTestTests/Info.plist;
				IPHONEOS_DEPLOYMENT_TARGET = 13.0;
				LD_RUNPATH_SEARCH_PATHS = (
					"$(inherited)",
					"@executable_path/Frameworks",
					"@loader_path/Frameworks",
				);
				PRODUCT_BUNDLE_IDENTIFIER = yunna.imageTestTests;
				PRODUCT_NAME = "$(TARGET_NAME)";
				SWIFT_VERSION = 5.0;
				TARGETED_DEVICE_FAMILY = "1,2";
				TEST_HOST = "$(BUILT_PRODUCTS_DIR)/imageTest.app/imageTest";
			};
			name = Release;
		};
		28CFDF3F23AC6DDD003C22C6 /* Debug */ = {
			isa = XCBuildConfiguration;
			buildSettings = {
				ALWAYS_EMBED_SWIFT_STANDARD_LIBRARIES = YES;
				CODE_SIGN_STYLE = Automatic;
				DEVELOPMENT_TEAM = Z69Q2FEZS9;
				INFOPLIST_FILE = imageTestUITests/Info.plist;
				LD_RUNPATH_SEARCH_PATHS = (
					"$(inherited)",
					"@executable_path/Frameworks",
					"@loader_path/Frameworks",
				);
				PRODUCT_BUNDLE_IDENTIFIER = yunna.imageTestUITests;
				PRODUCT_NAME = "$(TARGET_NAME)";
				SWIFT_VERSION = 5.0;
				TARGETED_DEVICE_FAMILY = "1,2";
				TEST_TARGET_NAME = imageTest;
			};
			name = Debug;
		};
		28CFDF4023AC6DDD003C22C6 /* Release */ = {
			isa = XCBuildConfiguration;
			buildSettings = {
				ALWAYS_EMBED_SWIFT_STANDARD_LIBRARIES = YES;
				CODE_SIGN_STYLE = Automatic;
				DEVELOPMENT_TEAM = Z69Q2FEZS9;
				INFOPLIST_FILE = imageTestUITests/Info.plist;
				LD_RUNPATH_SEARCH_PATHS = (
					"$(inherited)",
					"@executable_path/Frameworks",
					"@loader_path/Frameworks",
				);
				PRODUCT_BUNDLE_IDENTIFIER = yunna.imageTestUITests;
				PRODUCT_NAME = "$(TARGET_NAME)";
				SWIFT_VERSION = 5.0;
				TARGETED_DEVICE_FAMILY = "1,2";
				TEST_TARGET_NAME = imageTest;
			};
			name = Release;
		};
/* End XCBuildConfiguration section */

/* Begin XCConfigurationList section */
		28CFDF0923AC6DDA003C22C6 /* Build configuration list for PBXProject "imageTest" */ = {
			isa = XCConfigurationList;
			buildConfigurations = (
				28CFDF3623AC6DDD003C22C6 /* Debug */,
				28CFDF3723AC6DDD003C22C6 /* Release */,
			);
			defaultConfigurationIsVisible = 0;
			defaultConfigurationName = Release;
		};
		28CFDF3823AC6DDD003C22C6 /* Build configuration list for PBXNativeTarget "imageTest" */ = {
			isa = XCConfigurationList;
			buildConfigurations = (
				28CFDF3923AC6DDD003C22C6 /* Debug */,
				28CFDF3A23AC6DDD003C22C6 /* Release */,
			);
			defaultConfigurationIsVisible = 0;
			defaultConfigurationName = Release;
		};
		28CFDF3B23AC6DDD003C22C6 /* Build configuration list for PBXNativeTarget "imageTestTests" */ = {
			isa = XCConfigurationList;
			buildConfigurations = (
				28CFDF3C23AC6DDD003C22C6 /* Debug */,
				28CFDF3D23AC6DDD003C22C6 /* Release */,
			);
			defaultConfigurationIsVisible = 0;
			defaultConfigurationName = Release;
		};
		28CFDF3E23AC6DDD003C22C6 /* Build configuration list for PBXNativeTarget "imageTestUITests" */ = {
			isa = XCConfigurationList;
			buildConfigurations = (
				28CFDF3F23AC6DDD003C22C6 /* Debug */,
				28CFDF4023AC6DDD003C22C6 /* Release */,
			);
			defaultConfigurationIsVisible = 0;
			defaultConfigurationName = Release;
		};
/* End XCConfigurationList section */
	};
	rootObject = 28CFDF0623AC6DDA003C22C6 /* Project object */;
}
