// !$*UTF8*$!
{
	archiveVersion = 1;
	classes = {
	};
	objectVersion = 50;
	objects = {

/* Begin PBXBuildFile section */
		2824F6B921F1D0DC00C9DF00 /* main.m in Sources */ = {isa = PBXBuildFile; fileRef = 2824F6B821F1D0DC00C9DF00 /* main.m */; };
		2868798021F2F742005A9AE5 /* Raise.m in Sources */ = {isa = PBXBuildFile; fileRef = 2868797F21F2F742005A9AE5 /* Raise.m */; };
		2868798421F2F8F8005A9AE5 /* HandlerRaise.m in Sources */ = {isa = PBXBuildFile; fileRef = 2868798321F2F8F8005A9AE5 /* HandlerRaise.m */; };
		2868798A21F2F985005A9AE5 /* DepManagerHandler.m in Sources */ = {isa = PBXBuildFile; fileRef = 2868798921F2F985005A9AE5 /* DepManagerHandler.m */; };
		2868798D21F2F9A6005A9AE5 /* GeneralManagerHandler.m in Sources */ = {isa = PBXBuildFile; fileRef = 2868798C21F2F9A6005A9AE5 /* GeneralManagerHandler.m */; };
		2868799021F2F9C3005A9AE5 /* ProjectManagerHandler.m in Sources */ = {isa = PBXBuildFile; fileRef = 2868798F21F2F9C3005A9AE5 /* ProjectManagerHandler.m */; };
		2868799321F2F9DE005A9AE5 /* PresidentHandler.m in Sources */ = {isa = PBXBuildFile; fileRef = 2868799221F2F9DE005A9AE5 /* PresidentHandler.m */; };
/* End PBXBuildFile section */

/* Begin PBXCopyFilesBuildPhase section */
		2824F6B321F1D0DC00C9DF00 /* CopyFiles */ = {
			isa = PBXCopyFilesBuildPhase;
			buildActionMask = 2147483647;
			dstPath = /usr/share/man/man1/;
			dstSubfolderSpec = 0;
			files = (
			);
			runOnlyForDeploymentPostprocessing = 1;
		};
/* End PBXCopyFilesBuildPhase section */

/* Begin PBXFileReference section */
		2824F6B521F1D0DC00C9DF00 /* 责任链模式 */ = {isa = PBXFileReference; explicitFileType = "compiled.mach-o.executable"; includeInIndex = 0; path = "责任链模式"; sourceTree = BUILT_PRODUCTS_DIR; };
		2824F6B821F1D0DC00C9DF00 /* main.m */ = {isa = PBXFileReference; lastKnownFileType = sourcecode.c.objc; path = main.m; sourceTree = "<group>"; };
		2868797E21F2F742005A9AE5 /* Raise.h */ = {isa = PBXFileReference; lastKnownFileType = sourcecode.c.h; path = Raise.h; sourceTree = "<group>"; };
		2868797F21F2F742005A9AE5 /* Raise.m */ = {isa = PBXFileReference; lastKnownFileType = sourcecode.c.objc; path = Raise.m; sourceTree = "<group>"; };
		2868798221F2F8F8005A9AE5 /* HandlerRaise.h */ = {isa = PBXFileReference; lastKnownFileType = sourcecode.c.h; path = HandlerRaise.h; sourceTree = "<group>"; };
		2868798321F2F8F8005A9AE5 /* HandlerRaise.m */ = {isa = PBXFileReference; lastKnownFileType = sourcecode.c.objc; path = HandlerRaise.m; sourceTree = "<group>"; };
		2868798821F2F985005A9AE5 /* DepManagerHandler.h */ = {isa = PBXFileReference; lastKnownFileType = sourcecode.c.h; path = DepManagerHandler.h; sourceTree = "<group>"; };
		2868798921F2F985005A9AE5 /* DepManagerHandler.m */ = {isa = PBXFileReference; lastKnownFileType = sourcecode.c.objc; path = DepManagerHandler.m; sourceTree = "<group>"; };
		2868798B21F2F9A6005A9AE5 /* GeneralManagerHandler.h */ = {isa = PBXFileReference; lastKnownFileType = sourcecode.c.h; path = GeneralManagerHandler.h; sourceTree = "<group>"; };
		2868798C21F2F9A6005A9AE5 /* GeneralManagerHandler.m */ = {isa = PBXFileReference; lastKnownFileType = sourcecode.c.objc; path = GeneralManagerHandler.m; sourceTree = "<group>"; };
		2868798E21F2F9C3005A9AE5 /* ProjectManagerHandler.h */ = {isa = PBXFileReference; lastKnownFileType = sourcecode.c.h; path = ProjectManagerHandler.h; sourceTree = "<group>"; };
		2868798F21F2F9C3005A9AE5 /* ProjectManagerHandler.m */ = {isa = PBXFileReference; lastKnownFileType = sourcecode.c.objc; path = ProjectManagerHandler.m; sourceTree = "<group>"; };
		2868799121F2F9DE005A9AE5 /* PresidentHandler.h */ = {isa = PBXFileReference; lastKnownFileType = sourcecode.c.h; path = PresidentHandler.h; sourceTree = "<group>"; };
		2868799221F2F9DE005A9AE5 /* PresidentHandler.m */ = {isa = PBXFileReference; lastKnownFileType = sourcecode.c.objc; path = PresidentHandler.m; sourceTree = "<group>"; };
/* End PBXFileReference section */

/* Begin PBXFrameworksBuildPhase section */
		2824F6B221F1D0DC00C9DF00 /* Frameworks */ = {
			isa = PBXFrameworksBuildPhase;
			buildActionMask = 2147483647;
			files = (
			);
			runOnlyForDeploymentPostprocessing = 0;
		};
/* End PBXFrameworksBuildPhase section */

/* Begin PBXGroup section */
		2824F6AC21F1D0DC00C9DF00 = {
			isa = PBXGroup;
			children = (
				2824F6B721F1D0DC00C9DF00 /* 责任链模式 */,
				2824F6B621F1D0DC00C9DF00 /* Products */,
			);
			sourceTree = "<group>";
		};
		2824F6B621F1D0DC00C9DF00 /* Products */ = {
			isa = PBXGroup;
			children = (
				2824F6B521F1D0DC00C9DF00 /* 责任链模式 */,
			);
			name = Products;
			sourceTree = "<group>";
		};
		2824F6B721F1D0DC00C9DF00 /* 责任链模式 */ = {
			isa = PBXGroup;
			children = (
				2824F6B821F1D0DC00C9DF00 /* main.m */,
				2868797E21F2F742005A9AE5 /* Raise.h */,
				2868797F21F2F742005A9AE5 /* Raise.m */,
				2868798121F2F8DA005A9AE5 /* 责任链 */,
			);
			path = "责任链模式";
			sourceTree = "<group>";
		};
		2868798121F2F8DA005A9AE5 /* 责任链 */ = {
			isa = PBXGroup;
			children = (
				2868798221F2F8F8005A9AE5 /* HandlerRaise.h */,
				2868798321F2F8F8005A9AE5 /* HandlerRaise.m */,
				2868798E21F2F9C3005A9AE5 /* ProjectManagerHandler.h */,
				2868798F21F2F9C3005A9AE5 /* ProjectManagerHandler.m */,
				2868798821F2F985005A9AE5 /* DepManagerHandler.h */,
				2868798921F2F985005A9AE5 /* DepManagerHandler.m */,
				2868798B21F2F9A6005A9AE5 /* GeneralManagerHandler.h */,
				2868798C21F2F9A6005A9AE5 /* GeneralManagerHandler.m */,
				2868799121F2F9DE005A9AE5 /* PresidentHandler.h */,
				2868799221F2F9DE005A9AE5 /* PresidentHandler.m */,
			);
			path = "责任链";
			sourceTree = "<group>";
		};
/* End PBXGroup section */

/* Begin PBXNativeTarget section */
		2824F6B421F1D0DC00C9DF00 /* 责任链模式 */ = {
			isa = PBXNativeTarget;
			buildConfigurationList = 2824F6BC21F1D0DC00C9DF00 /* Build configuration list for PBXNativeTarget "责任链模式" */;
			buildPhases = (
				2824F6B121F1D0DC00C9DF00 /* Sources */,
				2824F6B221F1D0DC00C9DF00 /* Frameworks */,
				2824F6B321F1D0DC00C9DF00 /* CopyFiles */,
			);
			buildRules = (
			);
			dependencies = (
			);
			name = "责任链模式";
			productName = "责任链模式";
			productReference = 2824F6B521F1D0DC00C9DF00 /* 责任链模式 */;
			productType = "com.apple.product-type.tool";
		};
/* End PBXNativeTarget section */

/* Begin PBXProject section */
		2824F6AD21F1D0DC00C9DF00 /* Project object */ = {
			isa = PBXProject;
			attributes = {
				LastUpgradeCheck = 1010;
				ORGANIZATIONNAME = yunna;
				TargetAttributes = {
					2824F6B421F1D0DC00C9DF00 = {
						CreatedOnToolsVersion = 10.1;
					};
				};
			};
			buildConfigurationList = 2824F6B021F1D0DC00C9DF00 /* Build configuration list for PBXProject "责任链模式" */;
			compatibilityVersion = "Xcode 9.3";
			developmentRegion = en;
			hasScannedForEncodings = 0;
			knownRegions = (
				en,
			);
			mainGroup = 2824F6AC21F1D0DC00C9DF00;
			productRefGroup = 2824F6B621F1D0DC00C9DF00 /* Products */;
			projectDirPath = "";
			projectRoot = "";
			targets = (
				2824F6B421F1D0DC00C9DF00 /* 责任链模式 */,
			);
		};
/* End PBXProject section */

/* Begin PBXSourcesBuildPhase section */
		2824F6B121F1D0DC00C9DF00 /* Sources */ = {
			isa = PBXSourcesBuildPhase;
			buildActionMask = 2147483647;
			files = (
				2868799021F2F9C3005A9AE5 /* ProjectManagerHandler.m in Sources */,
				2868798A21F2F985005A9AE5 /* DepManagerHandler.m in Sources */,
				2868798021F2F742005A9AE5 /* Raise.m in Sources */,
				2824F6B921F1D0DC00C9DF00 /* main.m in Sources */,
				2868798D21F2F9A6005A9AE5 /* GeneralManagerHandler.m in Sources */,
				2868798421F2F8F8005A9AE5 /* HandlerRaise.m in Sources */,
				2868799321F2F9DE005A9AE5 /* PresidentHandler.m in Sources */,
			);
			runOnlyForDeploymentPostprocessing = 0;
		};
/* End PBXSourcesBuildPhase section */

/* Begin XCBuildConfiguration section */
		2824F6BA21F1D0DC00C9DF00 /* Debug */ = {
			isa = XCBuildConfiguration;
			buildSettings = {
				ALWAYS_SEARCH_USER_PATHS = NO;
				CLANG_ANALYZER_NONNULL = YES;
				CLANG_ANALYZER_NUMBER_OBJECT_CONVERSION = YES_AGGRESSIVE;
				CLANG_CXX_LANGUAGE_STANDARD = "gnu++14";
				CLANG_CXX_LIBRARY = "libc++";
				CLANG_ENABLE_MODULES = YES;
				CLANG_ENABLE_OBJC_ARC = YES;
				CLANG_ENABLE_OBJC_WEAK = YES;
				CLANG_WARN_BLOCK_CAPTURE_AUTORELEASING = YES;
				CLANG_WARN_BOOL_CONVERSION = YES;
				CLANG_WARN_COMMA = YES;
				CLANG_WARN_CONSTANT_CONVERSION = YES;
				CLANG_WARN_DEPRECATED_OBJC_IMPLEMENTATIONS = YES;
				CLANG_WARN_DIRECT_OBJC_ISA_USAGE = YES_ERROR;
				CLANG_WARN_DOCUMENTATION_COMMENTS = YES;
				CLANG_WARN_EMPTY_BODY = YES;
				CLANG_WARN_ENUM_CONVERSION = YES;
				CLANG_WARN_INFINITE_RECURSION = YES;
				CLANG_WARN_INT_CONVERSION = YES;
				CLANG_WARN_NON_LITERAL_NULL_CONVERSION = YES;
				CLANG_WARN_OBJC_IMPLICIT_RETAIN_SELF = YES;
				CLANG_WARN_OBJC_LITERAL_CONVERSION = YES;
				CLANG_WARN_OBJC_ROOT_CLASS = YES_ERROR;
				CLANG_WARN_RANGE_LOOP_ANALYSIS = YES;
				CLANG_WARN_STRICT_PROTOTYPES = YES;
				CLANG_WARN_SUSPICIOUS_MOVE = YES;
				CLANG_WARN_UNGUARDED_AVAILABILITY = YES_AGGRESSIVE;
				CLANG_WARN_UNREACHABLE_CODE = YES;
				CLANG_WARN__DUPLICATE_METHOD_MATCH = YES;
				CODE_SIGN_IDENTITY = "Mac Developer";
				COPY_PHASE_STRIP = NO;
				DEBUG_INFORMATION_FORMAT = dwarf;
				ENABLE_STRICT_OBJC_MSGSEND = YES;
				ENABLE_TESTABILITY = YES;
				GCC_C_LANGUAGE_STANDARD = gnu11;
				GCC_DYNAMIC_NO_PIC = NO;
				GCC_NO_COMMON_BLOCKS = YES;
				GCC_OPTIMIZATION_LEVEL = 0;
				GCC_PREPROCESSOR_DEFINITIONS = (
					"DEBUG=1",
					"$(inherited)",
				);
				GCC_WARN_64_TO_32_BIT_CONVERSION = YES;
				GCC_WARN_ABOUT_RETURN_TYPE = YES_ERROR;
				GCC_WARN_UNDECLARED_SELECTOR = YES;
				GCC_WARN_UNINITIALIZED_AUTOS = YES_AGGRESSIVE;
				GCC_WARN_UNUSED_FUNCTION = YES;
				GCC_WARN_UNUSED_VARIABLE = YES;
				MACOSX_DEPLOYMENT_TARGET = 10.13;
				MTL_ENABLE_DEBUG_INFO = INCLUDE_SOURCE;
				MTL_FAST_MATH = YES;
				ONLY_ACTIVE_ARCH = YES;
				SDKROOT = macosx;
			};
			name = Debug;
		};
		2824F6BB21F1D0DC00C9DF00 /* Release */ = {
			isa = XCBuildConfiguration;
			buildSettings = {
				ALWAYS_SEARCH_USER_PATHS = NO;
				CLANG_ANALYZER_NONNULL = YES;
				CLANG_ANALYZER_NUMBER_OBJECT_CONVERSION = YES_AGGRESSIVE;
				CLANG_CXX_LANGUAGE_STANDARD = "gnu++14";
				CLANG_CXX_LIBRARY = "libc++";
				CLANG_ENABLE_MODULES = YES;
				CLANG_ENABLE_OBJC_ARC = YES;
				CLANG_ENABLE_OBJC_WEAK = YES;
				CLANG_WARN_BLOCK_CAPTURE_AUTORELEASING = YES;
				CLANG_WARN_BOOL_CONVERSION = YES;
				CLANG_WARN_COMMA = YES;
				CLANG_WARN_CONSTANT_CONVERSION = YES;
				CLANG_WARN_DEPRECATED_OBJC_IMPLEMENTATIONS = YES;
				CLANG_WARN_DIRECT_OBJC_ISA_USAGE = YES_ERROR;
				CLANG_WARN_DOCUMENTATION_COMMENTS = YES;
				CLANG_WARN_EMPTY_BODY = YES;
				CLANG_WARN_ENUM_CONVERSION = YES;
				CLANG_WARN_INFINITE_RECURSION = YES;
				CLANG_WARN_INT_CONVERSION = YES;
				CLANG_WARN_NON_LITERAL_NULL_CONVERSION = YES;
				CLANG_WARN_OBJC_IMPLICIT_RETAIN_SELF = YES;
				CLANG_WARN_OBJC_LITERAL_CONVERSION = YES;
				CLANG_WARN_OBJC_ROOT_CLASS = YES_ERROR;
				CLANG_WARN_RANGE_LOOP_ANALYSIS = YES;
				CLANG_WARN_STRICT_PROTOTYPES = YES;
				CLANG_WARN_SUSPICIOUS_MOVE = YES;
				CLANG_WARN_UNGUARDED_AVAILABILITY = YES_AGGRESSIVE;
				CLANG_WARN_UNREACHABLE_CODE = YES;
				CLANG_WARN__DUPLICATE_METHOD_MATCH = YES;
				CODE_SIGN_IDENTITY = "Mac Developer";
				COPY_PHASE_STRIP = NO;
				DEBUG_INFORMATION_FORMAT = "dwarf-with-dsym";
				ENABLE_NS_ASSERTIONS = NO;
				ENABLE_STRICT_OBJC_MSGSEND = YES;
				GCC_C_LANGUAGE_STANDARD = gnu11;
				GCC_NO_COMMON_BLOCKS = YES;
				GCC_WARN_64_TO_32_BIT_CONVERSION = YES;
				GCC_WARN_ABOUT_RETURN_TYPE = YES_ERROR;
				GCC_WARN_UNDECLARED_SELECTOR = YES;
				GCC_WARN_UNINITIALIZED_AUTOS = YES_AGGRESSIVE;
				GCC_WARN_UNUSED_FUNCTION = YES;
				GCC_WARN_UNUSED_VARIABLE = YES;
				MACOSX_DEPLOYMENT_TARGET = 10.13;
				MTL_ENABLE_DEBUG_INFO = NO;
				MTL_FAST_MATH = YES;
				SDKROOT = macosx;
			};
			name = Release;
		};
		2824F6BD21F1D0DC00C9DF00 /* Debug */ = {
			isa = XCBuildConfiguration;
			buildSettings = {
				CODE_SIGN_STYLE = Automatic;
				DEVELOPMENT_TEAM = Z69Q2FEZS9;
				PRODUCT_NAME = "$(TARGET_NAME)";
			};
			name = Debug;
		};
		2824F6BE21F1D0DC00C9DF00 /* Release */ = {
			isa = XCBuildConfiguration;
			buildSettings = {
				CODE_SIGN_STYLE = Automatic;
				DEVELOPMENT_TEAM = Z69Q2FEZS9;
				PRODUCT_NAME = "$(TARGET_NAME)";
			};
			name = Release;
		};
/* End XCBuildConfiguration section */

/* Begin XCConfigurationList section */
		2824F6B021F1D0DC00C9DF00 /* Build configuration list for PBXProject "责任链模式" */ = {
			isa = XCConfigurationList;
			buildConfigurations = (
				2824F6BA21F1D0DC00C9DF00 /* Debug */,
				2824F6BB21F1D0DC00C9DF00 /* Release */,
			);
			defaultConfigurationIsVisible = 0;
			defaultConfigurationName = Release;
		};
		2824F6BC21F1D0DC00C9DF00 /* Build configuration list for PBXNativeTarget "责任链模式" */ = {
			isa = XCConfigurationList;
			buildConfigurations = (
				2824F6BD21F1D0DC00C9DF00 /* Debug */,
				2824F6BE21F1D0DC00C9DF00 /* Release */,
			);
			defaultConfigurationIsVisible = 0;
			defaultConfigurationName = Release;
		};
/* End XCConfigurationList section */
	};
	rootObject = 2824F6AD21F1D0DC00C9DF00 /* Project object */;
}
