// !$*UTF8*$!
{
	archiveVersion = 1;
	classes = {
	};
	objectVersion = 50;
	objects = {

/* Begin PBXBuildFile section */
		2825086F212FE23E003E7AB5 /* PayFactory.swift in Sources */ = {isa = PBXBuildFile; fileRef = 2825086E212FE23E003E7AB5 /* PayFactory.swift */; };
		28250871212FE364003E7AB5 /* AliPay.swift in Sources */ = {isa = PBXBuildFile; fileRef = 28250870212FE364003E7AB5 /* AliPay.swift */; };
		28250873212FE36E003E7AB5 /* WXPay.swift in Sources */ = {isa = PBXBuildFile; fileRef = 28250872212FE36E003E7AB5 /* WXPay.swift */; };
		28250875212FE3A7003E7AB5 /* UnionPay.swift in Sources */ = {isa = PBXBuildFile; fileRef = 28250874212FE3A7003E7AB5 /* UnionPay.swift */; };
		2826AB72212E98AF00CBBE2D /* AppDelegate.swift in Sources */ = {isa = PBXBuildFile; fileRef = 2826AB71212E98AF00CBBE2D /* AppDelegate.swift */; };
		2826AB74212E98AF00CBBE2D /* ViewController.swift in Sources */ = {isa = PBXBuildFile; fileRef = 2826AB73212E98AF00CBBE2D /* ViewController.swift */; };
		2826AB77212E98AF00CBBE2D /* Main.storyboard in Resources */ = {isa = PBXBuildFile; fileRef = 2826AB75212E98AF00CBBE2D /* Main.storyboard */; };
		2826AB79212E98B000CBBE2D /* Assets.xcassets in Resources */ = {isa = PBXBuildFile; fileRef = 2826AB78212E98B000CBBE2D /* Assets.xcassets */; };
		2826AB7C212E98B000CBBE2D /* LaunchScreen.storyboard in Resources */ = {isa = PBXBuildFile; fileRef = 2826AB7A212E98B000CBBE2D /* LaunchScreen.storyboard */; };
		2826AB87212E98B000CBBE2D /* demoTests.swift in Sources */ = {isa = PBXBuildFile; fileRef = 2826AB86212E98B000CBBE2D /* demoTests.swift */; };
		2826AB92212E98B000CBBE2D /* demoUITests.swift in Sources */ = {isa = PBXBuildFile; fileRef = 2826AB91212E98B000CBBE2D /* demoUITests.swift */; };
/* End PBXBuildFile section */

/* Begin PBXContainerItemProxy section */
		2826AB83212E98B000CBBE2D /* PBXContainerItemProxy */ = {
			isa = PBXContainerItemProxy;
			containerPortal = 2826AB66212E98AF00CBBE2D /* Project object */;
			proxyType = 1;
			remoteGlobalIDString = 2826AB6D212E98AF00CBBE2D;
			remoteInfo = demo;
		};
		2826AB8E212E98B000CBBE2D /* PBXContainerItemProxy */ = {
			isa = PBXContainerItemProxy;
			containerPortal = 2826AB66212E98AF00CBBE2D /* Project object */;
			proxyType = 1;
			remoteGlobalIDString = 2826AB6D212E98AF00CBBE2D;
			remoteInfo = demo;
		};
/* End PBXContainerItemProxy section */

/* Begin PBXFileReference section */
		2825086E212FE23E003E7AB5 /* PayFactory.swift */ = {isa = PBXFileReference; lastKnownFileType = sourcecode.swift; path = PayFactory.swift; sourceTree = "<group>"; };
		28250870212FE364003E7AB5 /* AliPay.swift */ = {isa = PBXFileReference; lastKnownFileType = sourcecode.swift; path = AliPay.swift; sourceTree = "<group>"; };
		28250872212FE36E003E7AB5 /* WXPay.swift */ = {isa = PBXFileReference; lastKnownFileType = sourcecode.swift; path = WXPay.swift; sourceTree = "<group>"; };
		28250874212FE3A7003E7AB5 /* UnionPay.swift */ = {isa = PBXFileReference; lastKnownFileType = sourcecode.swift; path = UnionPay.swift; sourceTree = "<group>"; };
		2826AB6E212E98AF00CBBE2D /* demo.app */ = {isa = PBXFileReference; explicitFileType = wrapper.application; includeInIndex = 0; path = demo.app; sourceTree = BUILT_PRODUCTS_DIR; };
		2826AB71212E98AF00CBBE2D /* AppDelegate.swift */ = {isa = PBXFileReference; lastKnownFileType = sourcecode.swift; path = AppDelegate.swift; sourceTree = "<group>"; };
		2826AB73212E98AF00CBBE2D /* ViewController.swift */ = {isa = PBXFileReference; lastKnownFileType = sourcecode.swift; path = ViewController.swift; sourceTree = "<group>"; };
		2826AB76212E98AF00CBBE2D /* Base */ = {isa = PBXFileReference; lastKnownFileType = file.storyboard; name = Base; path = Base.lproj/Main.storyboard; sourceTree = "<group>"; };
		2826AB78212E98B000CBBE2D /* Assets.xcassets */ = {isa = PBXFileReference; lastKnownFileType = folder.assetcatalog; path = Assets.xcassets; sourceTree = "<group>"; };
		2826AB7B212E98B000CBBE2D /* Base */ = {isa = PBXFileReference; lastKnownFileType = file.storyboard; name = Base; path = Base.lproj/LaunchScreen.storyboard; sourceTree = "<group>"; };
		2826AB7D212E98B000CBBE2D /* Info.plist */ = {isa = PBXFileReference; lastKnownFileType = text.plist.xml; path = Info.plist; sourceTree = "<group>"; };
		2826AB82212E98B000CBBE2D /* demoTests.xctest */ = {isa = PBXFileReference; explicitFileType = wrapper.cfbundle; includeInIndex = 0; path = demoTests.xctest; sourceTree = BUILT_PRODUCTS_DIR; };
		2826AB86212E98B000CBBE2D /* demoTests.swift */ = {isa = PBXFileReference; lastKnownFileType = sourcecode.swift; path = demoTests.swift; sourceTree = "<group>"; };
		2826AB88212E98B000CBBE2D /* Info.plist */ = {isa = PBXFileReference; lastKnownFileType = text.plist.xml; path = Info.plist; sourceTree = "<group>"; };
		2826AB8D212E98B000CBBE2D /* demoUITests.xctest */ = {isa = PBXFileReference; explicitFileType = wrapper.cfbundle; includeInIndex = 0; path = demoUITests.xctest; sourceTree = BUILT_PRODUCTS_DIR; };
		2826AB91212E98B000CBBE2D /* demoUITests.swift */ = {isa = PBXFileReference; lastKnownFileType = sourcecode.swift; path = demoUITests.swift; sourceTree = "<group>"; };
		2826AB93212E98B000CBBE2D /* Info.plist */ = {isa = PBXFileReference; lastKnownFileType = text.plist.xml; path = Info.plist; sourceTree = "<group>"; };
/* End PBXFileReference section */

/* Begin PBXFrameworksBuildPhase section */
		2826AB6B212E98AF00CBBE2D /* Frameworks */ = {
			isa = PBXFrameworksBuildPhase;
			buildActionMask = 2147483647;
			files = (
			);
			runOnlyForDeploymentPostprocessing = 0;
		};
		2826AB7F212E98B000CBBE2D /* Frameworks */ = {
			isa = PBXFrameworksBuildPhase;
			buildActionMask = 2147483647;
			files = (
			);
			runOnlyForDeploymentPostprocessing = 0;
		};
		2826AB8A212E98B000CBBE2D /* Frameworks */ = {
			isa = PBXFrameworksBuildPhase;
			buildActionMask = 2147483647;
			files = (
			);
			runOnlyForDeploymentPostprocessing = 0;
		};
/* End PBXFrameworksBuildPhase section */

/* Begin PBXGroup section */
		2826AB65212E98AF00CBBE2D = {
			isa = PBXGroup;
			children = (
				2826AB70212E98AF00CBBE2D /* demo */,
				2826AB85212E98B000CBBE2D /* demoTests */,
				2826AB90212E98B000CBBE2D /* demoUITests */,
				2826AB6F212E98AF00CBBE2D /* Products */,
			);
			sourceTree = "<group>";
		};
		2826AB6F212E98AF00CBBE2D /* Products */ = {
			isa = PBXGroup;
			children = (
				2826AB6E212E98AF00CBBE2D /* demo.app */,
				2826AB82212E98B000CBBE2D /* demoTests.xctest */,
				2826AB8D212E98B000CBBE2D /* demoUITests.xctest */,
			);
			name = Products;
			sourceTree = "<group>";
		};
		2826AB70212E98AF00CBBE2D /* demo */ = {
			isa = PBXGroup;
			children = (
				2826AB71212E98AF00CBBE2D /* AppDelegate.swift */,
				2826AB73212E98AF00CBBE2D /* ViewController.swift */,
				2825086E212FE23E003E7AB5 /* PayFactory.swift */,
				28250870212FE364003E7AB5 /* AliPay.swift */,
				28250872212FE36E003E7AB5 /* WXPay.swift */,
				28250874212FE3A7003E7AB5 /* UnionPay.swift */,
				2826AB75212E98AF00CBBE2D /* Main.storyboard */,
				2826AB78212E98B000CBBE2D /* Assets.xcassets */,
				2826AB7A212E98B000CBBE2D /* LaunchScreen.storyboard */,
				2826AB7D212E98B000CBBE2D /* Info.plist */,
			);
			path = demo;
			sourceTree = "<group>";
		};
		2826AB85212E98B000CBBE2D /* demoTests */ = {
			isa = PBXGroup;
			children = (
				2826AB86212E98B000CBBE2D /* demoTests.swift */,
				2826AB88212E98B000CBBE2D /* Info.plist */,
			);
			path = demoTests;
			sourceTree = "<group>";
		};
		2826AB90212E98B000CBBE2D /* demoUITests */ = {
			isa = PBXGroup;
			children = (
				2826AB91212E98B000CBBE2D /* demoUITests.swift */,
				2826AB93212E98B000CBBE2D /* Info.plist */,
			);
			path = demoUITests;
			sourceTree = "<group>";
		};
/* End PBXGroup section */

/* Begin PBXNativeTarget section */
		2826AB6D212E98AF00CBBE2D /* demo */ = {
			isa = PBXNativeTarget;
			buildConfigurationList = 2826AB96212E98B000CBBE2D /* Build configuration list for PBXNativeTarget "demo" */;
			buildPhases = (
				2826AB6A212E98AF00CBBE2D /* Sources */,
				2826AB6B212E98AF00CBBE2D /* Frameworks */,
				2826AB6C212E98AF00CBBE2D /* Resources */,
			);
			buildRules = (
			);
			dependencies = (
			);
			name = demo;
			productName = demo;
			productReference = 2826AB6E212E98AF00CBBE2D /* demo.app */;
			productType = "com.apple.product-type.application";
		};
		2826AB81212E98B000CBBE2D /* demoTests */ = {
			isa = PBXNativeTarget;
			buildConfigurationList = 2826AB99212E98B000CBBE2D /* Build configuration list for PBXNativeTarget "demoTests" */;
			buildPhases = (
				2826AB7E212E98B000CBBE2D /* Sources */,
				2826AB7F212E98B000CBBE2D /* Frameworks */,
				2826AB80212E98B000CBBE2D /* Resources */,
			);
			buildRules = (
			);
			dependencies = (
				2826AB84212E98B000CBBE2D /* PBXTargetDependency */,
			);
			name = demoTests;
			productName = demoTests;
			productReference = 2826AB82212E98B000CBBE2D /* demoTests.xctest */;
			productType = "com.apple.product-type.bundle.unit-test";
		};
		2826AB8C212E98B000CBBE2D /* demoUITests */ = {
			isa = PBXNativeTarget;
			buildConfigurationList = 2826AB9C212E98B000CBBE2D /* Build configuration list for PBXNativeTarget "demoUITests" */;
			buildPhases = (
				2826AB89212E98B000CBBE2D /* Sources */,
				2826AB8A212E98B000CBBE2D /* Frameworks */,
				2826AB8B212E98B000CBBE2D /* Resources */,
			);
			buildRules = (
			);
			dependencies = (
				2826AB8F212E98B000CBBE2D /* PBXTargetDependency */,
			);
			name = demoUITests;
			productName = demoUITests;
			productReference = 2826AB8D212E98B000CBBE2D /* demoUITests.xctest */;
			productType = "com.apple.product-type.bundle.ui-testing";
		};
/* End PBXNativeTarget section */

/* Begin PBXProject section */
		2826AB66212E98AF00CBBE2D /* Project object */ = {
			isa = PBXProject;
			attributes = {
				LastSwiftUpdateCheck = 0940;
				LastUpgradeCheck = 0940;
				ORGANIZATIONNAME = yunna;
				TargetAttributes = {
					2826AB6D212E98AF00CBBE2D = {
						CreatedOnToolsVersion = 9.4.1;
					};
					2826AB81212E98B000CBBE2D = {
						CreatedOnToolsVersion = 9.4.1;
						TestTargetID = 2826AB6D212E98AF00CBBE2D;
					};
					2826AB8C212E98B000CBBE2D = {
						CreatedOnToolsVersion = 9.4.1;
						TestTargetID = 2826AB6D212E98AF00CBBE2D;
					};
				};
			};
			buildConfigurationList = 2826AB69212E98AF00CBBE2D /* Build configuration list for PBXProject "demo" */;
			compatibilityVersion = "Xcode 9.3";
			developmentRegion = en;
			hasScannedForEncodings = 0;
			knownRegions = (
				en,
				Base,
			);
			mainGroup = 2826AB65212E98AF00CBBE2D;
			productRefGroup = 2826AB6F212E98AF00CBBE2D /* Products */;
			projectDirPath = "";
			projectRoot = "";
			targets = (
				2826AB6D212E98AF00CBBE2D /* demo */,
				2826AB81212E98B000CBBE2D /* demoTests */,
				2826AB8C212E98B000CBBE2D /* demoUITests */,
			);
		};
/* End PBXProject section */

/* Begin PBXResourcesBuildPhase section */
		2826AB6C212E98AF00CBBE2D /* Resources */ = {
			isa = PBXResourcesBuildPhase;
			buildActionMask = 2147483647;
			files = (
				2826AB7C212E98B000CBBE2D /* LaunchScreen.storyboard in Resources */,
				2826AB79212E98B000CBBE2D /* Assets.xcassets in Resources */,
				2826AB77212E98AF00CBBE2D /* Main.storyboard in Resources */,
			);
			runOnlyForDeploymentPostprocessing = 0;
		};
		2826AB80212E98B000CBBE2D /* Resources */ = {
			isa = PBXResourcesBuildPhase;
			buildActionMask = 2147483647;
			files = (
			);
			runOnlyForDeploymentPostprocessing = 0;
		};
		2826AB8B212E98B000CBBE2D /* Resources */ = {
			isa = PBXResourcesBuildPhase;
			buildActionMask = 2147483647;
			files = (
			);
			runOnlyForDeploymentPostprocessing = 0;
		};
/* End PBXResourcesBuildPhase section */

/* Begin PBXSourcesBuildPhase section */
		2826AB6A212E98AF00CBBE2D /* Sources */ = {
			isa = PBXSourcesBuildPhase;
			buildActionMask = 2147483647;
			files = (
				28250875212FE3A7003E7AB5 /* UnionPay.swift in Sources */,
				28250873212FE36E003E7AB5 /* WXPay.swift in Sources */,
				2826AB74212E98AF00CBBE2D /* ViewController.swift in Sources */,
				2825086F212FE23E003E7AB5 /* PayFactory.swift in Sources */,
				2826AB72212E98AF00CBBE2D /* AppDelegate.swift in Sources */,
				28250871212FE364003E7AB5 /* AliPay.swift in Sources */,
			);
			runOnlyForDeploymentPostprocessing = 0;
		};
		2826AB7E212E98B000CBBE2D /* Sources */ = {
			isa = PBXSourcesBuildPhase;
			buildActionMask = 2147483647;
			files = (
				2826AB87212E98B000CBBE2D /* demoTests.swift in Sources */,
			);
			runOnlyForDeploymentPostprocessing = 0;
		};
		2826AB89212E98B000CBBE2D /* Sources */ = {
			isa = PBXSourcesBuildPhase;
			buildActionMask = 2147483647;
			files = (
				2826AB92212E98B000CBBE2D /* demoUITests.swift in Sources */,
			);
			runOnlyForDeploymentPostprocessing = 0;
		};
/* End PBXSourcesBuildPhase section */

/* Begin PBXTargetDependency section */
		2826AB84212E98B000CBBE2D /* PBXTargetDependency */ = {
			isa = PBXTargetDependency;
			target = 2826AB6D212E98AF00CBBE2D /* demo */;
			targetProxy = 2826AB83212E98B000CBBE2D /* PBXContainerItemProxy */;
		};
		2826AB8F212E98B000CBBE2D /* PBXTargetDependency */ = {
			isa = PBXTargetDependency;
			target = 2826AB6D212E98AF00CBBE2D /* demo */;
			targetProxy = 2826AB8E212E98B000CBBE2D /* PBXContainerItemProxy */;
		};
/* End PBXTargetDependency section */

/* Begin PBXVariantGroup section */
		2826AB75212E98AF00CBBE2D /* Main.storyboard */ = {
			isa = PBXVariantGroup;
			children = (
				2826AB76212E98AF00CBBE2D /* Base */,
			);
			name = Main.storyboard;
			sourceTree = "<group>";
		};
		2826AB7A212E98B000CBBE2D /* LaunchScreen.storyboard */ = {
			isa = PBXVariantGroup;
			children = (
				2826AB7B212E98B000CBBE2D /* Base */,
			);
			name = LaunchScreen.storyboard;
			sourceTree = "<group>";
		};
/* End PBXVariantGroup section */

/* Begin XCBuildConfiguration section */
		2826AB94212E98B000CBBE2D /* Debug */ = {
			isa = XCBuildConfiguration;
			buildSettings = {
				ALWAYS_SEARCH_USER_PATHS = NO;
				CLANG_ANALYZER_NONNULL = YES;
				CLANG_ANALYZER_NUMBER_OBJECT_CONVERSION = YES_AGGRESSIVE;
				CLANG_CXX_LANGUAGE_STANDARD = "gnu++14";
				CLANG_CXX_LIBRARY = "libc++";
				CLANG_ENABLE_MODULES = YES;
				CLANG_ENABLE_OBJC_ARC = YES;
				CLANG_ENABLE_OBJC_WEAK = YES;
				CLANG_WARN_BLOCK_CAPTURE_AUTORELEASING = YES;
				CLANG_WARN_BOOL_CONVERSION = YES;
				CLANG_WARN_COMMA = YES;
				CLANG_WARN_CONSTANT_CONVERSION = YES;
				CLANG_WARN_DEPRECATED_OBJC_IMPLEMENTATIONS = YES;
				CLANG_WARN_DIRECT_OBJC_ISA_USAGE = YES_ERROR;
				CLANG_WARN_DOCUMENTATION_COMMENTS = YES;
				CLANG_WARN_EMPTY_BODY = YES;
				CLANG_WARN_ENUM_CONVERSION = YES;
				CLANG_WARN_INFINITE_RECURSION = YES;
				CLANG_WARN_INT_CONVERSION = YES;
				CLANG_WARN_NON_LITERAL_NULL_CONVERSION = YES;
				CLANG_WARN_OBJC_IMPLICIT_RETAIN_SELF = YES;
				CLANG_WARN_OBJC_LITERAL_CONVERSION = YES;
				CLANG_WARN_OBJC_ROOT_CLASS = YES_ERROR;
				CLANG_WARN_RANGE_LOOP_ANALYSIS = YES;
				CLANG_WARN_STRICT_PROTOTYPES = YES;
				CLANG_WARN_SUSPICIOUS_MOVE = YES;
				CLANG_WARN_UNGUARDED_AVAILABILITY = YES_AGGRESSIVE;
				CLANG_WARN_UNREACHABLE_CODE = YES;
				CLANG_WARN__DUPLICATE_METHOD_MATCH = YES;
				CODE_SIGN_IDENTITY = "iPhone Developer";
				COPY_PHASE_STRIP = NO;
				DEBUG_INFORMATION_FORMAT = dwarf;
				ENABLE_STRICT_OBJC_MSGSEND = YES;
				ENABLE_TESTABILITY = YES;
				GCC_C_LANGUAGE_STANDARD = gnu11;
				GCC_DYNAMIC_NO_PIC = NO;
				GCC_NO_COMMON_BLOCKS = YES;
				GCC_OPTIMIZATION_LEVEL = 0;
				GCC_PREPROCESSOR_DEFINITIONS = (
					"DEBUG=1",
					"$(inherited)",
				);
				GCC_WARN_64_TO_32_BIT_CONVERSION = YES;
				GCC_WARN_ABOUT_RETURN_TYPE = YES_ERROR;
				GCC_WARN_UNDECLARED_SELECTOR = YES;
				GCC_WARN_UNINITIALIZED_AUTOS = YES_AGGRESSIVE;
				GCC_WARN_UNUSED_FUNCTION = YES;
				GCC_WARN_UNUSED_VARIABLE = YES;
				IPHONEOS_DEPLOYMENT_TARGET = 11.4;
				MTL_ENABLE_DEBUG_INFO = YES;
				ONLY_ACTIVE_ARCH = YES;
				SDKROOT = iphoneos;
				SWIFT_ACTIVE_COMPILATION_CONDITIONS = DEBUG;
				SWIFT_OPTIMIZATION_LEVEL = "-Onone";
			};
			name = Debug;
		};
		2826AB95212E98B000CBBE2D /* Release */ = {
			isa = XCBuildConfiguration;
			buildSettings = {
				ALWAYS_SEARCH_USER_PATHS = NO;
				CLANG_ANALYZER_NONNULL = YES;
				CLANG_ANALYZER_NUMBER_OBJECT_CONVERSION = YES_AGGRESSIVE;
				CLANG_CXX_LANGUAGE_STANDARD = "gnu++14";
				CLANG_CXX_LIBRARY = "libc++";
				CLANG_ENABLE_MODULES = YES;
				CLANG_ENABLE_OBJC_ARC = YES;
				CLANG_ENABLE_OBJC_WEAK = YES;
				CLANG_WARN_BLOCK_CAPTURE_AUTORELEASING = YES;
				CLANG_WARN_BOOL_CONVERSION = YES;
				CLANG_WARN_COMMA = YES;
				CLANG_WARN_CONSTANT_CONVERSION = YES;
				CLANG_WARN_DEPRECATED_OBJC_IMPLEMENTATIONS = YES;
				CLANG_WARN_DIRECT_OBJC_ISA_USAGE = YES_ERROR;
				CLANG_WARN_DOCUMENTATION_COMMENTS = YES;
				CLANG_WARN_EMPTY_BODY = YES;
				CLANG_WARN_ENUM_CONVERSION = YES;
				CLANG_WARN_INFINITE_RECURSION = YES;
				CLANG_WARN_INT_CONVERSION = YES;
				CLANG_WARN_NON_LITERAL_NULL_CONVERSION = YES;
				CLANG_WARN_OBJC_IMPLICIT_RETAIN_SELF = YES;
				CLANG_WARN_OBJC_LITERAL_CONVERSION = YES;
				CLANG_WARN_OBJC_ROOT_CLASS = YES_ERROR;
				CLANG_WARN_RANGE_LOOP_ANALYSIS = YES;
				CLANG_WARN_STRICT_PROTOTYPES = YES;
				CLANG_WARN_SUSPICIOUS_MOVE = YES;
				CLANG_WARN_UNGUARDED_AVAILABILITY = YES_AGGRESSIVE;
				CLANG_WARN_UNREACHABLE_CODE = YES;
				CLANG_WARN__DUPLICATE_METHOD_MATCH = YES;
				CODE_SIGN_IDENTITY = "iPhone Developer";
				COPY_PHASE_STRIP = NO;
				DEBUG_INFORMATION_FORMAT = "dwarf-with-dsym";
				ENABLE_NS_ASSERTIONS = NO;
				ENABLE_STRICT_OBJC_MSGSEND = YES;
				GCC_C_LANGUAGE_STANDARD = gnu11;
				GCC_NO_COMMON_BLOCKS = YES;
				GCC_WARN_64_TO_32_BIT_CONVERSION = YES;
				GCC_WARN_ABOUT_RETURN_TYPE = YES_ERROR;
				GCC_WARN_UNDECLARED_SELECTOR = YES;
				GCC_WARN_UNINITIALIZED_AUTOS = YES_AGGRESSIVE;
				GCC_WARN_UNUSED_FUNCTION = YES;
				GCC_WARN_UNUSED_VARIABLE = YES;
				IPHONEOS_DEPLOYMENT_TARGET = 11.4;
				MTL_ENABLE_DEBUG_INFO = NO;
				SDKROOT = iphoneos;
				SWIFT_COMPILATION_MODE = wholemodule;
				SWIFT_OPTIMIZATION_LEVEL = "-O";
				VALIDATE_PRODUCT = YES;
			};
			name = Release;
		};
		2826AB97212E98B000CBBE2D /* Debug */ = {
			isa = XCBuildConfiguration;
			buildSettings = {
				ASSETCATALOG_COMPILER_APPICON_NAME = AppIcon;
				CODE_SIGN_STYLE = Automatic;
				INFOPLIST_FILE = demo/Info.plist;
				LD_RUNPATH_SEARCH_PATHS = (
					"$(inherited)",
					"@executable_path/Frameworks",
				);
				PRODUCT_BUNDLE_IDENTIFIER = yunna.demo;
				PRODUCT_NAME = "$(TARGET_NAME)";
				SWIFT_VERSION = 4.0;
				TARGETED_DEVICE_FAMILY = "1,2";
			};
			name = Debug;
		};
		2826AB98212E98B000CBBE2D /* Release */ = {
			isa = XCBuildConfiguration;
			buildSettings = {
				ASSETCATALOG_COMPILER_APPICON_NAME = AppIcon;
				CODE_SIGN_STYLE = Automatic;
				INFOPLIST_FILE = demo/Info.plist;
				LD_RUNPATH_SEARCH_PATHS = (
					"$(inherited)",
					"@executable_path/Frameworks",
				);
				PRODUCT_BUNDLE_IDENTIFIER = yunna.demo;
				PRODUCT_NAME = "$(TARGET_NAME)";
				SWIFT_VERSION = 4.0;
				TARGETED_DEVICE_FAMILY = "1,2";
			};
			name = Release;
		};
		2826AB9A212E98B000CBBE2D /* Debug */ = {
			isa = XCBuildConfiguration;
			buildSettings = {
				ALWAYS_EMBED_SWIFT_STANDARD_LIBRARIES = YES;
				BUNDLE_LOADER = "$(TEST_HOST)";
				CODE_SIGN_STYLE = Automatic;
				INFOPLIST_FILE = demoTests/Info.plist;
				LD_RUNPATH_SEARCH_PATHS = (
					"$(inherited)",
					"@executable_path/Frameworks",
					"@loader_path/Frameworks",
				);
				PRODUCT_BUNDLE_IDENTIFIER = yunna.demoTests;
				PRODUCT_NAME = "$(TARGET_NAME)";
				SWIFT_VERSION = 4.0;
				TARGETED_DEVICE_FAMILY = "1,2";
				TEST_HOST = "$(BUILT_PRODUCTS_DIR)/demo.app/demo";
			};
			name = Debug;
		};
		2826AB9B212E98B000CBBE2D /* Release */ = {
			isa = XCBuildConfiguration;
			buildSettings = {
				ALWAYS_EMBED_SWIFT_STANDARD_LIBRARIES = YES;
				BUNDLE_LOADER = "$(TEST_HOST)";
				CODE_SIGN_STYLE = Automatic;
				INFOPLIST_FILE = demoTests/Info.plist;
				LD_RUNPATH_SEARCH_PATHS = (
					"$(inherited)",
					"@executable_path/Frameworks",
					"@loader_path/Frameworks",
				);
				PRODUCT_BUNDLE_IDENTIFIER = yunna.demoTests;
				PRODUCT_NAME = "$(TARGET_NAME)";
				SWIFT_VERSION = 4.0;
				TARGETED_DEVICE_FAMILY = "1,2";
				TEST_HOST = "$(BUILT_PRODUCTS_DIR)/demo.app/demo";
			};
			name = Release;
		};
		2826AB9D212E98B000CBBE2D /* Debug */ = {
			isa = XCBuildConfiguration;
			buildSettings = {
				ALWAYS_EMBED_SWIFT_STANDARD_LIBRARIES = YES;
				CODE_SIGN_STYLE = Automatic;
				INFOPLIST_FILE = demoUITests/Info.plist;
				LD_RUNPATH_SEARCH_PATHS = (
					"$(inherited)",
					"@executable_path/Frameworks",
					"@loader_path/Frameworks",
				);
				PRODUCT_BUNDLE_IDENTIFIER = yunna.demoUITests;
				PRODUCT_NAME = "$(TARGET_NAME)";
				SWIFT_VERSION = 4.0;
				TARGETED_DEVICE_FAMILY = "1,2";
				TEST_TARGET_NAME = demo;
			};
			name = Debug;
		};
		2826AB9E212E98B000CBBE2D /* Release */ = {
			isa = XCBuildConfiguration;
			buildSettings = {
				ALWAYS_EMBED_SWIFT_STANDARD_LIBRARIES = YES;
				CODE_SIGN_STYLE = Automatic;
				INFOPLIST_FILE = demoUITests/Info.plist;
				LD_RUNPATH_SEARCH_PATHS = (
					"$(inherited)",
					"@executable_path/Frameworks",
					"@loader_path/Frameworks",
				);
				PRODUCT_BUNDLE_IDENTIFIER = yunna.demoUITests;
				PRODUCT_NAME = "$(TARGET_NAME)";
				SWIFT_VERSION = 4.0;
				TARGETED_DEVICE_FAMILY = "1,2";
				TEST_TARGET_NAME = demo;
			};
			name = Release;
		};
/* End XCBuildConfiguration section */

/* Begin XCConfigurationList section */
		2826AB69212E98AF00CBBE2D /* Build configuration list for PBXProject "demo" */ = {
			isa = XCConfigurationList;
			buildConfigurations = (
				2826AB94212E98B000CBBE2D /* Debug */,
				2826AB95212E98B000CBBE2D /* Release */,
			);
			defaultConfigurationIsVisible = 0;
			defaultConfigurationName = Release;
		};
		2826AB96212E98B000CBBE2D /* Build configuration list for PBXNativeTarget "demo" */ = {
			isa = XCConfigurationList;
			buildConfigurations = (
				2826AB97212E98B000CBBE2D /* Debug */,
				2826AB98212E98B000CBBE2D /* Release */,
			);
			defaultConfigurationIsVisible = 0;
			defaultConfigurationName = Release;
		};
		2826AB99212E98B000CBBE2D /* Build configuration list for PBXNativeTarget "demoTests" */ = {
			isa = XCConfigurationList;
			buildConfigurations = (
				2826AB9A212E98B000CBBE2D /* Debug */,
				2826AB9B212E98B000CBBE2D /* Release */,
			);
			defaultConfigurationIsVisible = 0;
			defaultConfigurationName = Release;
		};
		2826AB9C212E98B000CBBE2D /* Build configuration list for PBXNativeTarget "demoUITests" */ = {
			isa = XCConfigurationList;
			buildConfigurations = (
				2826AB9D212E98B000CBBE2D /* Debug */,
				2826AB9E212E98B000CBBE2D /* Release */,
			);
			defaultConfigurationIsVisible = 0;
			defaultConfigurationName = Release;
		};
/* End XCConfigurationList section */
	};
	rootObject = 2826AB66212E98AF00CBBE2D /* Project object */;
}
