// !$*UTF8*$!
{
	archiveVersion = 1;
	classes = {
	};
	objectVersion = 50;
	objects = {

/* Begin PBXBuildFile section */
		282B69DD21E9DBB10017EA54 /* main.m in Sources */ = {isa = PBXBuildFile; fileRef = 282B69DC21E9DBB10017EA54 /* main.m */; };
		282B69E521E9DCD50017EA54 /* FolderComponent.m in Sources */ = {isa = PBXBuildFile; fileRef = 282B69E421E9DCD50017EA54 /* FolderComponent.m */; };
		282B69EB21E9F3E10017EA54 /* operationFolder.m in Sources */ = {isa = PBXBuildFile; fileRef = 282B69EA21E9F3E10017EA54 /* operationFolder.m */; };
/* End PBXBuildFile section */

/* Begin PBXCopyFilesBuildPhase section */
		282B69D721E9DBB10017EA54 /* CopyFiles */ = {
			isa = PBXCopyFilesBuildPhase;
			buildActionMask = 2147483647;
			dstPath = /usr/share/man/man1/;
			dstSubfolderSpec = 0;
			files = (
			);
			runOnlyForDeploymentPostprocessing = 1;
		};
/* End PBXCopyFilesBuildPhase section */

/* Begin PBXFileReference section */
		282B69D921E9DBB10017EA54 /* 组合模式 */ = {isa = PBXFileReference; explicitFileType = "compiled.mach-o.executable"; includeInIndex = 0; path = "组合模式"; sourceTree = BUILT_PRODUCTS_DIR; };
		282B69DC21E9DBB10017EA54 /* main.m */ = {isa = PBXFileReference; lastKnownFileType = sourcecode.c.objc; path = main.m; sourceTree = "<group>"; };
		282B69E321E9DCD50017EA54 /* FolderComponent.h */ = {isa = PBXFileReference; lastKnownFileType = sourcecode.c.h; path = FolderComponent.h; sourceTree = "<group>"; };
		282B69E421E9DCD50017EA54 /* FolderComponent.m */ = {isa = PBXFileReference; lastKnownFileType = sourcecode.c.objc; path = FolderComponent.m; sourceTree = "<group>"; };
		282B69E921E9F3E10017EA54 /* operationFolder.h */ = {isa = PBXFileReference; lastKnownFileType = sourcecode.c.h; path = operationFolder.h; sourceTree = "<group>"; };
		282B69EA21E9F3E10017EA54 /* operationFolder.m */ = {isa = PBXFileReference; lastKnownFileType = sourcecode.c.objc; path = operationFolder.m; sourceTree = "<group>"; };
/* End PBXFileReference section */

/* Begin PBXFrameworksBuildPhase section */
		282B69D621E9DBB10017EA54 /* Frameworks */ = {
			isa = PBXFrameworksBuildPhase;
			buildActionMask = 2147483647;
			files = (
			);
			runOnlyForDeploymentPostprocessing = 0;
		};
/* End PBXFrameworksBuildPhase section */

/* Begin PBXGroup section */
		282B69D021E9DBB10017EA54 = {
			isa = PBXGroup;
			children = (
				282B69DB21E9DBB10017EA54 /* 组合模式 */,
				282B69DA21E9DBB10017EA54 /* Products */,
			);
			sourceTree = "<group>";
		};
		282B69DA21E9DBB10017EA54 /* Products */ = {
			isa = PBXGroup;
			children = (
				282B69D921E9DBB10017EA54 /* 组合模式 */,
			);
			name = Products;
			sourceTree = "<group>";
		};
		282B69DB21E9DBB10017EA54 /* 组合模式 */ = {
			isa = PBXGroup;
			children = (
				282B69DC21E9DBB10017EA54 /* main.m */,
				282B69E321E9DCD50017EA54 /* FolderComponent.h */,
				282B69E421E9DCD50017EA54 /* FolderComponent.m */,
				282B69E921E9F3E10017EA54 /* operationFolder.h */,
				282B69EA21E9F3E10017EA54 /* operationFolder.m */,
			);
			path = "组合模式";
			sourceTree = "<group>";
		};
/* End PBXGroup section */

/* Begin PBXNativeTarget section */
		282B69D821E9DBB10017EA54 /* 组合模式 */ = {
			isa = PBXNativeTarget;
			buildConfigurationList = 282B69E021E9DBB10017EA54 /* Build configuration list for PBXNativeTarget "组合模式" */;
			buildPhases = (
				282B69D521E9DBB10017EA54 /* Sources */,
				282B69D621E9DBB10017EA54 /* Frameworks */,
				282B69D721E9DBB10017EA54 /* CopyFiles */,
			);
			buildRules = (
			);
			dependencies = (
			);
			name = "组合模式";
			productName = "组合模式";
			productReference = 282B69D921E9DBB10017EA54 /* 组合模式 */;
			productType = "com.apple.product-type.tool";
		};
/* End PBXNativeTarget section */

/* Begin PBXProject section */
		282B69D121E9DBB10017EA54 /* Project object */ = {
			isa = PBXProject;
			attributes = {
				LastUpgradeCheck = 1010;
				ORGANIZATIONNAME = yunna;
				TargetAttributes = {
					282B69D821E9DBB10017EA54 = {
						CreatedOnToolsVersion = 10.1;
					};
				};
			};
			buildConfigurationList = 282B69D421E9DBB10017EA54 /* Build configuration list for PBXProject "组合模式" */;
			compatibilityVersion = "Xcode 9.3";
			developmentRegion = en;
			hasScannedForEncodings = 0;
			knownRegions = (
				en,
			);
			mainGroup = 282B69D021E9DBB10017EA54;
			productRefGroup = 282B69DA21E9DBB10017EA54 /* Products */;
			projectDirPath = "";
			projectRoot = "";
			targets = (
				282B69D821E9DBB10017EA54 /* 组合模式 */,
			);
		};
/* End PBXProject section */

/* Begin PBXSourcesBuildPhase section */
		282B69D521E9DBB10017EA54 /* Sources */ = {
			isa = PBXSourcesBuildPhase;
			buildActionMask = 2147483647;
			files = (
				282B69DD21E9DBB10017EA54 /* main.m in Sources */,
				282B69E521E9DCD50017EA54 /* FolderComponent.m in Sources */,
				282B69EB21E9F3E10017EA54 /* operationFolder.m in Sources */,
			);
			runOnlyForDeploymentPostprocessing = 0;
		};
/* End PBXSourcesBuildPhase section */

/* Begin XCBuildConfiguration section */
		282B69DE21E9DBB10017EA54 /* Debug */ = {
			isa = XCBuildConfiguration;
			buildSettings = {
				ALWAYS_SEARCH_USER_PATHS = NO;
				CLANG_ANALYZER_NONNULL = YES;
				CLANG_ANALYZER_NUMBER_OBJECT_CONVERSION = YES_AGGRESSIVE;
				CLANG_CXX_LANGUAGE_STANDARD = "gnu++14";
				CLANG_CXX_LIBRARY = "libc++";
				CLANG_ENABLE_MODULES = YES;
				CLANG_ENABLE_OBJC_ARC = YES;
				CLANG_ENABLE_OBJC_WEAK = YES;
				CLANG_WARN_BLOCK_CAPTURE_AUTORELEASING = YES;
				CLANG_WARN_BOOL_CONVERSION = YES;
				CLANG_WARN_COMMA = YES;
				CLANG_WARN_CONSTANT_CONVERSION = YES;
				CLANG_WARN_DEPRECATED_OBJC_IMPLEMENTATIONS = YES;
				CLANG_WARN_DIRECT_OBJC_ISA_USAGE = YES_ERROR;
				CLANG_WARN_DOCUMENTATION_COMMENTS = YES;
				CLANG_WARN_EMPTY_BODY = YES;
				CLANG_WARN_ENUM_CONVERSION = YES;
				CLANG_WARN_INFINITE_RECURSION = YES;
				CLANG_WARN_INT_CONVERSION = YES;
				CLANG_WARN_NON_LITERAL_NULL_CONVERSION = YES;
				CLANG_WARN_OBJC_IMPLICIT_RETAIN_SELF = YES;
				CLANG_WARN_OBJC_LITERAL_CONVERSION = YES;
				CLANG_WARN_OBJC_ROOT_CLASS = YES_ERROR;
				CLANG_WARN_RANGE_LOOP_ANALYSIS = YES;
				CLANG_WARN_STRICT_PROTOTYPES = YES;
				CLANG_WARN_SUSPICIOUS_MOVE = YES;
				CLANG_WARN_UNGUARDED_AVAILABILITY = YES_AGGRESSIVE;
				CLANG_WARN_UNREACHABLE_CODE = YES;
				CLANG_WARN__DUPLICATE_METHOD_MATCH = YES;
				CODE_SIGN_IDENTITY = "Mac Developer";
				COPY_PHASE_STRIP = NO;
				DEBUG_INFORMATION_FORMAT = dwarf;
				ENABLE_STRICT_OBJC_MSGSEND = YES;
				ENABLE_TESTABILITY = YES;
				GCC_C_LANGUAGE_STANDARD = gnu11;
				GCC_DYNAMIC_NO_PIC = NO;
				GCC_NO_COMMON_BLOCKS = YES;
				GCC_OPTIMIZATION_LEVEL = 0;
				GCC_PREPROCESSOR_DEFINITIONS = (
					"DEBUG=1",
					"$(inherited)",
				);
				GCC_WARN_64_TO_32_BIT_CONVERSION = YES;
				GCC_WARN_ABOUT_RETURN_TYPE = YES_ERROR;
				GCC_WARN_UNDECLARED_SELECTOR = YES;
				GCC_WARN_UNINITIALIZED_AUTOS = YES_AGGRESSIVE;
				GCC_WARN_UNUSED_FUNCTION = YES;
				GCC_WARN_UNUSED_VARIABLE = YES;
				MACOSX_DEPLOYMENT_TARGET = 10.13;
				MTL_ENABLE_DEBUG_INFO = INCLUDE_SOURCE;
				MTL_FAST_MATH = YES;
				ONLY_ACTIVE_ARCH = YES;
				SDKROOT = macosx;
			};
			name = Debug;
		};
		282B69DF21E9DBB10017EA54 /* Release */ = {
			isa = XCBuildConfiguration;
			buildSettings = {
				ALWAYS_SEARCH_USER_PATHS = NO;
				CLANG_ANALYZER_NONNULL = YES;
				CLANG_ANALYZER_NUMBER_OBJECT_CONVERSION = YES_AGGRESSIVE;
				CLANG_CXX_LANGUAGE_STANDARD = "gnu++14";
				CLANG_CXX_LIBRARY = "libc++";
				CLANG_ENABLE_MODULES = YES;
				CLANG_ENABLE_OBJC_ARC = YES;
				CLANG_ENABLE_OBJC_WEAK = YES;
				CLANG_WARN_BLOCK_CAPTURE_AUTORELEASING = YES;
				CLANG_WARN_BOOL_CONVERSION = YES;
				CLANG_WARN_COMMA = YES;
				CLANG_WARN_CONSTANT_CONVERSION = YES;
				CLANG_WARN_DEPRECATED_OBJC_IMPLEMENTATIONS = YES;
				CLANG_WARN_DIRECT_OBJC_ISA_USAGE = YES_ERROR;
				CLANG_WARN_DOCUMENTATION_COMMENTS = YES;
				CLANG_WARN_EMPTY_BODY = YES;
				CLANG_WARN_ENUM_CONVERSION = YES;
				CLANG_WARN_INFINITE_RECURSION = YES;
				CLANG_WARN_INT_CONVERSION = YES;
				CLANG_WARN_NON_LITERAL_NULL_CONVERSION = YES;
				CLANG_WARN_OBJC_IMPLICIT_RETAIN_SELF = YES;
				CLANG_WARN_OBJC_LITERAL_CONVERSION = YES;
				CLANG_WARN_OBJC_ROOT_CLASS = YES_ERROR;
				CLANG_WARN_RANGE_LOOP_ANALYSIS = YES;
				CLANG_WARN_STRICT_PROTOTYPES = YES;
				CLANG_WARN_SUSPICIOUS_MOVE = YES;
				CLANG_WARN_UNGUARDED_AVAILABILITY = YES_AGGRESSIVE;
				CLANG_WARN_UNREACHABLE_CODE = YES;
				CLANG_WARN__DUPLICATE_METHOD_MATCH = YES;
				CODE_SIGN_IDENTITY = "Mac Developer";
				COPY_PHASE_STRIP = NO;
				DEBUG_INFORMATION_FORMAT = "dwarf-with-dsym";
				ENABLE_NS_ASSERTIONS = NO;
				ENABLE_STRICT_OBJC_MSGSEND = YES;
				GCC_C_LANGUAGE_STANDARD = gnu11;
				GCC_NO_COMMON_BLOCKS = YES;
				GCC_WARN_64_TO_32_BIT_CONVERSION = YES;
				GCC_WARN_ABOUT_RETURN_TYPE = YES_ERROR;
				GCC_WARN_UNDECLARED_SELECTOR = YES;
				GCC_WARN_UNINITIALIZED_AUTOS = YES_AGGRESSIVE;
				GCC_WARN_UNUSED_FUNCTION = YES;
				GCC_WARN_UNUSED_VARIABLE = YES;
				MACOSX_DEPLOYMENT_TARGET = 10.13;
				MTL_ENABLE_DEBUG_INFO = NO;
				MTL_FAST_MATH = YES;
				SDKROOT = macosx;
			};
			name = Release;
		};
		282B69E121E9DBB10017EA54 /* Debug */ = {
			isa = XCBuildConfiguration;
			buildSettings = {
				CODE_SIGN_STYLE = Automatic;
				DEVELOPMENT_TEAM = Z69Q2FEZS9;
				PRODUCT_NAME = "$(TARGET_NAME)";
			};
			name = Debug;
		};
		282B69E221E9DBB10017EA54 /* Release */ = {
			isa = XCBuildConfiguration;
			buildSettings = {
				CODE_SIGN_STYLE = Automatic;
				DEVELOPMENT_TEAM = Z69Q2FEZS9;
				PRODUCT_NAME = "$(TARGET_NAME)";
			};
			name = Release;
		};
/* End XCBuildConfiguration section */

/* Begin XCConfigurationList section */
		282B69D421E9DBB10017EA54 /* Build configuration list for PBXProject "组合模式" */ = {
			isa = XCConfigurationList;
			buildConfigurations = (
				282B69DE21E9DBB10017EA54 /* Debug */,
				282B69DF21E9DBB10017EA54 /* Release */,
			);
			defaultConfigurationIsVisible = 0;
			defaultConfigurationName = Release;
		};
		282B69E021E9DBB10017EA54 /* Build configuration list for PBXNativeTarget "组合模式" */ = {
			isa = XCConfigurationList;
			buildConfigurations = (
				282B69E121E9DBB10017EA54 /* Debug */,
				282B69E221E9DBB10017EA54 /* Release */,
			);
			defaultConfigurationIsVisible = 0;
			defaultConfigurationName = Release;
		};
/* End XCConfigurationList section */
	};
	rootObject = 282B69D121E9DBB10017EA54 /* Project object */;
}
