// !$*UTF8*$!
{
	archiveVersion = 1;
	classes = {
	};
	objectVersion = 50;
	objects = {

/* Begin PBXBuildFile section */
		2841281E21ED78A300C2F6BB /* main.m in Sources */ = {isa = PBXBuildFile; fileRef = 2841281D21ED78A300C2F6BB /* main.m */; };
		2841282621ED7C8F00C2F6BB /* CalculateBonus.m in Sources */ = {isa = PBXBuildFile; fileRef = 2841282521ED7C8F00C2F6BB /* CalculateBonus.m */; };
		2841282E21EDB60F00C2F6BB /* PeopleComponent.m in Sources */ = {isa = PBXBuildFile; fileRef = 2841282D21EDB60F00C2F6BB /* PeopleComponent.m */; };
		2841283221EDB73D00C2F6BB /* Decorator.m in Sources */ = {isa = PBXBuildFile; fileRef = 2841283121EDB73D00C2F6BB /* Decorator.m */; };
		2841283921EDB79200C2F6BB /* sumBonusDecatorator.m in Sources */ = {isa = PBXBuildFile; fileRef = 2841283421EDB79200C2F6BB /* sumBonusDecatorator.m */; };
		2841283A21EDB79200C2F6BB /* monthBonusDecorator.m in Sources */ = {isa = PBXBuildFile; fileRef = 2841283521EDB79200C2F6BB /* monthBonusDecorator.m */; };
		2841283B21EDB79200C2F6BB /* groupBonusDecorator.m in Sources */ = {isa = PBXBuildFile; fileRef = 2841283721EDB79200C2F6BB /* groupBonusDecorator.m */; };
/* End PBXBuildFile section */

/* Begin PBXCopyFilesBuildPhase section */
		2841281821ED78A300C2F6BB /* CopyFiles */ = {
			isa = PBXCopyFilesBuildPhase;
			buildActionMask = 2147483647;
			dstPath = /usr/share/man/man1/;
			dstSubfolderSpec = 0;
			files = (
			);
			runOnlyForDeploymentPostprocessing = 1;
		};
/* End PBXCopyFilesBuildPhase section */

/* Begin PBXFileReference section */
		2841281A21ED78A300C2F6BB /* 装饰者模式 */ = {isa = PBXFileReference; explicitFileType = "compiled.mach-o.executable"; includeInIndex = 0; path = "装饰者模式"; sourceTree = BUILT_PRODUCTS_DIR; };
		2841281D21ED78A300C2F6BB /* main.m */ = {isa = PBXFileReference; lastKnownFileType = sourcecode.c.objc; path = main.m; sourceTree = "<group>"; };
		2841282421ED7C8F00C2F6BB /* CalculateBonus.h */ = {isa = PBXFileReference; lastKnownFileType = sourcecode.c.h; path = CalculateBonus.h; sourceTree = "<group>"; };
		2841282521ED7C8F00C2F6BB /* CalculateBonus.m */ = {isa = PBXFileReference; lastKnownFileType = sourcecode.c.objc; path = CalculateBonus.m; sourceTree = "<group>"; };
		2841282C21EDB60F00C2F6BB /* PeopleComponent.h */ = {isa = PBXFileReference; lastKnownFileType = sourcecode.c.h; path = PeopleComponent.h; sourceTree = "<group>"; };
		2841282D21EDB60F00C2F6BB /* PeopleComponent.m */ = {isa = PBXFileReference; lastKnownFileType = sourcecode.c.objc; path = PeopleComponent.m; sourceTree = "<group>"; };
		2841283021EDB73D00C2F6BB /* Decorator.h */ = {isa = PBXFileReference; lastKnownFileType = sourcecode.c.h; path = Decorator.h; sourceTree = "<group>"; };
		2841283121EDB73D00C2F6BB /* Decorator.m */ = {isa = PBXFileReference; lastKnownFileType = sourcecode.c.objc; path = Decorator.m; sourceTree = "<group>"; };
		2841283321EDB79200C2F6BB /* sumBonusDecatorator.h */ = {isa = PBXFileReference; fileEncoding = 4; lastKnownFileType = sourcecode.c.h; path = sumBonusDecatorator.h; sourceTree = "<group>"; };
		2841283421EDB79200C2F6BB /* sumBonusDecatorator.m */ = {isa = PBXFileReference; fileEncoding = 4; lastKnownFileType = sourcecode.c.objc; path = sumBonusDecatorator.m; sourceTree = "<group>"; };
		2841283521EDB79200C2F6BB /* monthBonusDecorator.m */ = {isa = PBXFileReference; fileEncoding = 4; lastKnownFileType = sourcecode.c.objc; path = monthBonusDecorator.m; sourceTree = "<group>"; };
		2841283621EDB79200C2F6BB /* monthBonusDecorator.h */ = {isa = PBXFileReference; fileEncoding = 4; lastKnownFileType = sourcecode.c.h; path = monthBonusDecorator.h; sourceTree = "<group>"; };
		2841283721EDB79200C2F6BB /* groupBonusDecorator.m */ = {isa = PBXFileReference; fileEncoding = 4; lastKnownFileType = sourcecode.c.objc; path = groupBonusDecorator.m; sourceTree = "<group>"; };
		2841283821EDB79200C2F6BB /* groupBonusDecorator.h */ = {isa = PBXFileReference; fileEncoding = 4; lastKnownFileType = sourcecode.c.h; path = groupBonusDecorator.h; sourceTree = "<group>"; };
/* End PBXFileReference section */

/* Begin PBXFrameworksBuildPhase section */
		2841281721ED78A300C2F6BB /* Frameworks */ = {
			isa = PBXFrameworksBuildPhase;
			buildActionMask = 2147483647;
			files = (
			);
			runOnlyForDeploymentPostprocessing = 0;
		};
/* End PBXFrameworksBuildPhase section */

/* Begin PBXGroup section */
		2841281121ED78A300C2F6BB = {
			isa = PBXGroup;
			children = (
				2841281C21ED78A300C2F6BB /* 装饰者模式 */,
				2841281B21ED78A300C2F6BB /* Products */,
			);
			sourceTree = "<group>";
		};
		2841281B21ED78A300C2F6BB /* Products */ = {
			isa = PBXGroup;
			children = (
				2841281A21ED78A300C2F6BB /* 装饰者模式 */,
			);
			name = Products;
			sourceTree = "<group>";
		};
		2841281C21ED78A300C2F6BB /* 装饰者模式 */ = {
			isa = PBXGroup;
			children = (
				2841281D21ED78A300C2F6BB /* main.m */,
				2841282421ED7C8F00C2F6BB /* CalculateBonus.h */,
				2841282521ED7C8F00C2F6BB /* CalculateBonus.m */,
				2841282721EDB2D600C2F6BB /* 装饰者模式 */,
			);
			path = "装饰者模式";
			sourceTree = "<group>";
		};
		2841282721EDB2D600C2F6BB /* 装饰者模式 */ = {
			isa = PBXGroup;
			children = (
				2841282F21EDB71400C2F6BB /* Decorator */,
				2841282821EDB59600C2F6BB /* Components */,
			);
			path = "装饰者模式";
			sourceTree = "<group>";
		};
		2841282821EDB59600C2F6BB /* Components */ = {
			isa = PBXGroup;
			children = (
				2841282C21EDB60F00C2F6BB /* PeopleComponent.h */,
				2841282D21EDB60F00C2F6BB /* PeopleComponent.m */,
			);
			path = Components;
			sourceTree = "<group>";
		};
		2841282F21EDB71400C2F6BB /* Decorator */ = {
			isa = PBXGroup;
			children = (
				2841283021EDB73D00C2F6BB /* Decorator.h */,
				2841283121EDB73D00C2F6BB /* Decorator.m */,
				2841283821EDB79200C2F6BB /* groupBonusDecorator.h */,
				2841283721EDB79200C2F6BB /* groupBonusDecorator.m */,
				2841283621EDB79200C2F6BB /* monthBonusDecorator.h */,
				2841283521EDB79200C2F6BB /* monthBonusDecorator.m */,
				2841283321EDB79200C2F6BB /* sumBonusDecatorator.h */,
				2841283421EDB79200C2F6BB /* sumBonusDecatorator.m */,
			);
			path = Decorator;
			sourceTree = "<group>";
		};
/* End PBXGroup section */

/* Begin PBXNativeTarget section */
		2841281921ED78A300C2F6BB /* 装饰者模式 */ = {
			isa = PBXNativeTarget;
			buildConfigurationList = 2841282121ED78A300C2F6BB /* Build configuration list for PBXNativeTarget "装饰者模式" */;
			buildPhases = (
				2841281621ED78A300C2F6BB /* Sources */,
				2841281721ED78A300C2F6BB /* Frameworks */,
				2841281821ED78A300C2F6BB /* CopyFiles */,
			);
			buildRules = (
			);
			dependencies = (
			);
			name = "装饰者模式";
			productName = "装饰者模式";
			productReference = 2841281A21ED78A300C2F6BB /* 装饰者模式 */;
			productType = "com.apple.product-type.tool";
		};
/* End PBXNativeTarget section */

/* Begin PBXProject section */
		2841281221ED78A300C2F6BB /* Project object */ = {
			isa = PBXProject;
			attributes = {
				LastUpgradeCheck = 1010;
				ORGANIZATIONNAME = yunna;
				TargetAttributes = {
					2841281921ED78A300C2F6BB = {
						CreatedOnToolsVersion = 10.1;
					};
				};
			};
			buildConfigurationList = 2841281521ED78A300C2F6BB /* Build configuration list for PBXProject "装饰者模式" */;
			compatibilityVersion = "Xcode 9.3";
			developmentRegion = en;
			hasScannedForEncodings = 0;
			knownRegions = (
				en,
			);
			mainGroup = 2841281121ED78A300C2F6BB;
			productRefGroup = 2841281B21ED78A300C2F6BB /* Products */;
			projectDirPath = "";
			projectRoot = "";
			targets = (
				2841281921ED78A300C2F6BB /* 装饰者模式 */,
			);
		};
/* End PBXProject section */

/* Begin PBXSourcesBuildPhase section */
		2841281621ED78A300C2F6BB /* Sources */ = {
			isa = PBXSourcesBuildPhase;
			buildActionMask = 2147483647;
			files = (
				2841282E21EDB60F00C2F6BB /* PeopleComponent.m in Sources */,
				2841283B21EDB79200C2F6BB /* groupBonusDecorator.m in Sources */,
				2841283221EDB73D00C2F6BB /* Decorator.m in Sources */,
				2841283A21EDB79200C2F6BB /* monthBonusDecorator.m in Sources */,
				2841282621ED7C8F00C2F6BB /* CalculateBonus.m in Sources */,
				2841281E21ED78A300C2F6BB /* main.m in Sources */,
				2841283921EDB79200C2F6BB /* sumBonusDecatorator.m in Sources */,
			);
			runOnlyForDeploymentPostprocessing = 0;
		};
/* End PBXSourcesBuildPhase section */

/* Begin XCBuildConfiguration section */
		2841281F21ED78A300C2F6BB /* Debug */ = {
			isa = XCBuildConfiguration;
			buildSettings = {
				ALWAYS_SEARCH_USER_PATHS = NO;
				CLANG_ANALYZER_NONNULL = YES;
				CLANG_ANALYZER_NUMBER_OBJECT_CONVERSION = YES_AGGRESSIVE;
				CLANG_CXX_LANGUAGE_STANDARD = "gnu++14";
				CLANG_CXX_LIBRARY = "libc++";
				CLANG_ENABLE_MODULES = YES;
				CLANG_ENABLE_OBJC_ARC = YES;
				CLANG_ENABLE_OBJC_WEAK = YES;
				CLANG_WARN_BLOCK_CAPTURE_AUTORELEASING = YES;
				CLANG_WARN_BOOL_CONVERSION = YES;
				CLANG_WARN_COMMA = YES;
				CLANG_WARN_CONSTANT_CONVERSION = YES;
				CLANG_WARN_DEPRECATED_OBJC_IMPLEMENTATIONS = YES;
				CLANG_WARN_DIRECT_OBJC_ISA_USAGE = YES_ERROR;
				CLANG_WARN_DOCUMENTATION_COMMENTS = YES;
				CLANG_WARN_EMPTY_BODY = YES;
				CLANG_WARN_ENUM_CONVERSION = YES;
				CLANG_WARN_INFINITE_RECURSION = YES;
				CLANG_WARN_INT_CONVERSION = YES;
				CLANG_WARN_NON_LITERAL_NULL_CONVERSION = YES;
				CLANG_WARN_OBJC_IMPLICIT_RETAIN_SELF = YES;
				CLANG_WARN_OBJC_LITERAL_CONVERSION = YES;
				CLANG_WARN_OBJC_ROOT_CLASS = YES_ERROR;
				CLANG_WARN_RANGE_LOOP_ANALYSIS = YES;
				CLANG_WARN_STRICT_PROTOTYPES = YES;
				CLANG_WARN_SUSPICIOUS_MOVE = YES;
				CLANG_WARN_UNGUARDED_AVAILABILITY = YES_AGGRESSIVE;
				CLANG_WARN_UNREACHABLE_CODE = YES;
				CLANG_WARN__DUPLICATE_METHOD_MATCH = YES;
				CODE_SIGN_IDENTITY = "Mac Developer";
				COPY_PHASE_STRIP = NO;
				DEBUG_INFORMATION_FORMAT = dwarf;
				ENABLE_STRICT_OBJC_MSGSEND = YES;
				ENABLE_TESTABILITY = YES;
				GCC_C_LANGUAGE_STANDARD = gnu11;
				GCC_DYNAMIC_NO_PIC = NO;
				GCC_NO_COMMON_BLOCKS = YES;
				GCC_OPTIMIZATION_LEVEL = 0;
				GCC_PREPROCESSOR_DEFINITIONS = (
					"DEBUG=1",
					"$(inherited)",
				);
				GCC_WARN_64_TO_32_BIT_CONVERSION = YES;
				GCC_WARN_ABOUT_RETURN_TYPE = YES_ERROR;
				GCC_WARN_UNDECLARED_SELECTOR = YES;
				GCC_WARN_UNINITIALIZED_AUTOS = YES_AGGRESSIVE;
				GCC_WARN_UNUSED_FUNCTION = YES;
				GCC_WARN_UNUSED_VARIABLE = YES;
				MACOSX_DEPLOYMENT_TARGET = 10.13;
				MTL_ENABLE_DEBUG_INFO = INCLUDE_SOURCE;
				MTL_FAST_MATH = YES;
				ONLY_ACTIVE_ARCH = YES;
				SDKROOT = macosx;
			};
			name = Debug;
		};
		2841282021ED78A300C2F6BB /* Release */ = {
			isa = XCBuildConfiguration;
			buildSettings = {
				ALWAYS_SEARCH_USER_PATHS = NO;
				CLANG_ANALYZER_NONNULL = YES;
				CLANG_ANALYZER_NUMBER_OBJECT_CONVERSION = YES_AGGRESSIVE;
				CLANG_CXX_LANGUAGE_STANDARD = "gnu++14";
				CLANG_CXX_LIBRARY = "libc++";
				CLANG_ENABLE_MODULES = YES;
				CLANG_ENABLE_OBJC_ARC = YES;
				CLANG_ENABLE_OBJC_WEAK = YES;
				CLANG_WARN_BLOCK_CAPTURE_AUTORELEASING = YES;
				CLANG_WARN_BOOL_CONVERSION = YES;
				CLANG_WARN_COMMA = YES;
				CLANG_WARN_CONSTANT_CONVERSION = YES;
				CLANG_WARN_DEPRECATED_OBJC_IMPLEMENTATIONS = YES;
				CLANG_WARN_DIRECT_OBJC_ISA_USAGE = YES_ERROR;
				CLANG_WARN_DOCUMENTATION_COMMENTS = YES;
				CLANG_WARN_EMPTY_BODY = YES;
				CLANG_WARN_ENUM_CONVERSION = YES;
				CLANG_WARN_INFINITE_RECURSION = YES;
				CLANG_WARN_INT_CONVERSION = YES;
				CLANG_WARN_NON_LITERAL_NULL_CONVERSION = YES;
				CLANG_WARN_OBJC_IMPLICIT_RETAIN_SELF = YES;
				CLANG_WARN_OBJC_LITERAL_CONVERSION = YES;
				CLANG_WARN_OBJC_ROOT_CLASS = YES_ERROR;
				CLANG_WARN_RANGE_LOOP_ANALYSIS = YES;
				CLANG_WARN_STRICT_PROTOTYPES = YES;
				CLANG_WARN_SUSPICIOUS_MOVE = YES;
				CLANG_WARN_UNGUARDED_AVAILABILITY = YES_AGGRESSIVE;
				CLANG_WARN_UNREACHABLE_CODE = YES;
				CLANG_WARN__DUPLICATE_METHOD_MATCH = YES;
				CODE_SIGN_IDENTITY = "Mac Developer";
				COPY_PHASE_STRIP = NO;
				DEBUG_INFORMATION_FORMAT = "dwarf-with-dsym";
				ENABLE_NS_ASSERTIONS = NO;
				ENABLE_STRICT_OBJC_MSGSEND = YES;
				GCC_C_LANGUAGE_STANDARD = gnu11;
				GCC_NO_COMMON_BLOCKS = YES;
				GCC_WARN_64_TO_32_BIT_CONVERSION = YES;
				GCC_WARN_ABOUT_RETURN_TYPE = YES_ERROR;
				GCC_WARN_UNDECLARED_SELECTOR = YES;
				GCC_WARN_UNINITIALIZED_AUTOS = YES_AGGRESSIVE;
				GCC_WARN_UNUSED_FUNCTION = YES;
				GCC_WARN_UNUSED_VARIABLE = YES;
				MACOSX_DEPLOYMENT_TARGET = 10.13;
				MTL_ENABLE_DEBUG_INFO = NO;
				MTL_FAST_MATH = YES;
				SDKROOT = macosx;
			};
			name = Release;
		};
		2841282221ED78A300C2F6BB /* Debug */ = {
			isa = XCBuildConfiguration;
			buildSettings = {
				CODE_SIGN_STYLE = Automatic;
				DEVELOPMENT_TEAM = Z69Q2FEZS9;
				PRODUCT_NAME = "$(TARGET_NAME)";
			};
			name = Debug;
		};
		2841282321ED78A300C2F6BB /* Release */ = {
			isa = XCBuildConfiguration;
			buildSettings = {
				CODE_SIGN_STYLE = Automatic;
				DEVELOPMENT_TEAM = Z69Q2FEZS9;
				PRODUCT_NAME = "$(TARGET_NAME)";
			};
			name = Release;
		};
/* End XCBuildConfiguration section */

/* Begin XCConfigurationList section */
		2841281521ED78A300C2F6BB /* Build configuration list for PBXProject "装饰者模式" */ = {
			isa = XCConfigurationList;
			buildConfigurations = (
				2841281F21ED78A300C2F6BB /* Debug */,
				2841282021ED78A300C2F6BB /* Release */,
			);
			defaultConfigurationIsVisible = 0;
			defaultConfigurationName = Release;
		};
		2841282121ED78A300C2F6BB /* Build configuration list for PBXNativeTarget "装饰者模式" */ = {
			isa = XCConfigurationList;
			buildConfigurations = (
				2841282221ED78A300C2F6BB /* Debug */,
				2841282321ED78A300C2F6BB /* Release */,
			);
			defaultConfigurationIsVisible = 0;
			defaultConfigurationName = Release;
		};
/* End XCConfigurationList section */
	};
	rootObject = 2841281221ED78A300C2F6BB /* Project object */;
}
