// !$*UTF8*$!
{
	archiveVersion = 1;
	classes = {
	};
	objectVersion = 50;
	objects = {

/* Begin PBXBuildFile section */
		28369DA021E47BD50081CD80 /* UniversityInfo1.m in Sources */ = {isa = PBXBuildFile; fileRef = 28369D9F21E47BD50081CD80 /* UniversityInfo1.m */; };
		28B227A321E37C3B009A3DCC /* main.m in Sources */ = {isa = PBXBuildFile; fileRef = 28B227A221E37C3B009A3DCC /* main.m */; };
		28B227AB21E37C64009A3DCC /* Resume.m in Sources */ = {isa = PBXBuildFile; fileRef = 28B227AA21E37C64009A3DCC /* Resume.m */; };
		28B227AE21E37C75009A3DCC /* UniversityInfo.m in Sources */ = {isa = PBXBuildFile; fileRef = 28B227AD21E37C75009A3DCC /* UniversityInfo.m */; };
/* End PBXBuildFile section */

/* Begin PBXCopyFilesBuildPhase section */
		28B2279D21E37C3B009A3DCC /* CopyFiles */ = {
			isa = PBXCopyFilesBuildPhase;
			buildActionMask = 2147483647;
			dstPath = /usr/share/man/man1/;
			dstSubfolderSpec = 0;
			files = (
			);
			runOnlyForDeploymentPostprocessing = 1;
		};
/* End PBXCopyFilesBuildPhase section */

/* Begin PBXFileReference section */
		28369D9E21E47BD50081CD80 /* UniversityInfo1.h */ = {isa = PBXFileReference; lastKnownFileType = sourcecode.c.h; path = UniversityInfo1.h; sourceTree = "<group>"; };
		28369D9F21E47BD50081CD80 /* UniversityInfo1.m */ = {isa = PBXFileReference; lastKnownFileType = sourcecode.c.objc; path = UniversityInfo1.m; sourceTree = "<group>"; };
		28B2279F21E37C3B009A3DCC /* ProtoypeDemo */ = {isa = PBXFileReference; explicitFileType = "compiled.mach-o.executable"; includeInIndex = 0; path = ProtoypeDemo; sourceTree = BUILT_PRODUCTS_DIR; };
		28B227A221E37C3B009A3DCC /* main.m */ = {isa = PBXFileReference; lastKnownFileType = sourcecode.c.objc; path = main.m; sourceTree = "<group>"; };
		28B227A921E37C64009A3DCC /* Resume.h */ = {isa = PBXFileReference; lastKnownFileType = sourcecode.c.h; path = Resume.h; sourceTree = "<group>"; };
		28B227AA21E37C64009A3DCC /* Resume.m */ = {isa = PBXFileReference; lastKnownFileType = sourcecode.c.objc; path = Resume.m; sourceTree = "<group>"; };
		28B227AC21E37C75009A3DCC /* UniversityInfo.h */ = {isa = PBXFileReference; lastKnownFileType = sourcecode.c.h; path = UniversityInfo.h; sourceTree = "<group>"; };
		28B227AD21E37C75009A3DCC /* UniversityInfo.m */ = {isa = PBXFileReference; lastKnownFileType = sourcecode.c.objc; path = UniversityInfo.m; sourceTree = "<group>"; };
		28B227AF21E37DFF009A3DCC /* ProtoypeCopyProtocol.h */ = {isa = PBXFileReference; lastKnownFileType = sourcecode.c.h; path = ProtoypeCopyProtocol.h; sourceTree = "<group>"; };
/* End PBXFileReference section */

/* Begin PBXFrameworksBuildPhase section */
		28B2279C21E37C3B009A3DCC /* Frameworks */ = {
			isa = PBXFrameworksBuildPhase;
			buildActionMask = 2147483647;
			files = (
			);
			runOnlyForDeploymentPostprocessing = 0;
		};
/* End PBXFrameworksBuildPhase section */

/* Begin PBXGroup section */
		28B2279621E37C3B009A3DCC = {
			isa = PBXGroup;
			children = (
				28B227A121E37C3B009A3DCC /* ProtoypeDemo */,
				28B227A021E37C3B009A3DCC /* Products */,
			);
			sourceTree = "<group>";
		};
		28B227A021E37C3B009A3DCC /* Products */ = {
			isa = PBXGroup;
			children = (
				28B2279F21E37C3B009A3DCC /* ProtoypeDemo */,
			);
			name = Products;
			sourceTree = "<group>";
		};
		28B227A121E37C3B009A3DCC /* ProtoypeDemo */ = {
			isa = PBXGroup;
			children = (
				28B227A221E37C3B009A3DCC /* main.m */,
				28B227A921E37C64009A3DCC /* Resume.h */,
				28B227AA21E37C64009A3DCC /* Resume.m */,
				28B227AC21E37C75009A3DCC /* UniversityInfo.h */,
				28B227AD21E37C75009A3DCC /* UniversityInfo.m */,
				28369D9E21E47BD50081CD80 /* UniversityInfo1.h */,
				28369D9F21E47BD50081CD80 /* UniversityInfo1.m */,
				28B227AF21E37DFF009A3DCC /* ProtoypeCopyProtocol.h */,
			);
			path = ProtoypeDemo;
			sourceTree = "<group>";
		};
/* End PBXGroup section */

/* Begin PBXNativeTarget section */
		28B2279E21E37C3B009A3DCC /* ProtoypeDemo */ = {
			isa = PBXNativeTarget;
			buildConfigurationList = 28B227A621E37C3B009A3DCC /* Build configuration list for PBXNativeTarget "ProtoypeDemo" */;
			buildPhases = (
				28B2279B21E37C3B009A3DCC /* Sources */,
				28B2279C21E37C3B009A3DCC /* Frameworks */,
				28B2279D21E37C3B009A3DCC /* CopyFiles */,
			);
			buildRules = (
			);
			dependencies = (
			);
			name = ProtoypeDemo;
			productName = ProtoypeDemo;
			productReference = 28B2279F21E37C3B009A3DCC /* ProtoypeDemo */;
			productType = "com.apple.product-type.tool";
		};
/* End PBXNativeTarget section */

/* Begin PBXProject section */
		28B2279721E37C3B009A3DCC /* Project object */ = {
			isa = PBXProject;
			attributes = {
				LastUpgradeCheck = 1010;
				ORGANIZATIONNAME = yunna;
				TargetAttributes = {
					28B2279E21E37C3B009A3DCC = {
						CreatedOnToolsVersion = 10.1;
					};
				};
			};
			buildConfigurationList = 28B2279A21E37C3B009A3DCC /* Build configuration list for PBXProject "ProtoypeDemo" */;
			compatibilityVersion = "Xcode 9.3";
			developmentRegion = en;
			hasScannedForEncodings = 0;
			knownRegions = (
				en,
			);
			mainGroup = 28B2279621E37C3B009A3DCC;
			productRefGroup = 28B227A021E37C3B009A3DCC /* Products */;
			projectDirPath = "";
			projectRoot = "";
			targets = (
				28B2279E21E37C3B009A3DCC /* ProtoypeDemo */,
			);
		};
/* End PBXProject section */

/* Begin PBXSourcesBuildPhase section */
		28B2279B21E37C3B009A3DCC /* Sources */ = {
			isa = PBXSourcesBuildPhase;
			buildActionMask = 2147483647;
			files = (
				28B227AB21E37C64009A3DCC /* Resume.m in Sources */,
				28B227A321E37C3B009A3DCC /* main.m in Sources */,
				28B227AE21E37C75009A3DCC /* UniversityInfo.m in Sources */,
				28369DA021E47BD50081CD80 /* UniversityInfo1.m in Sources */,
			);
			runOnlyForDeploymentPostprocessing = 0;
		};
/* End PBXSourcesBuildPhase section */

/* Begin XCBuildConfiguration section */
		28B227A421E37C3B009A3DCC /* Debug */ = {
			isa = XCBuildConfiguration;
			buildSettings = {
				ALWAYS_SEARCH_USER_PATHS = NO;
				CLANG_ANALYZER_NONNULL = YES;
				CLANG_ANALYZER_NUMBER_OBJECT_CONVERSION = YES_AGGRESSIVE;
				CLANG_CXX_LANGUAGE_STANDARD = "gnu++14";
				CLANG_CXX_LIBRARY = "libc++";
				CLANG_ENABLE_MODULES = YES;
				CLANG_ENABLE_OBJC_ARC = YES;
				CLANG_ENABLE_OBJC_WEAK = YES;
				CLANG_WARN_BLOCK_CAPTURE_AUTORELEASING = YES;
				CLANG_WARN_BOOL_CONVERSION = YES;
				CLANG_WARN_COMMA = YES;
				CLANG_WARN_CONSTANT_CONVERSION = YES;
				CLANG_WARN_DEPRECATED_OBJC_IMPLEMENTATIONS = YES;
				CLANG_WARN_DIRECT_OBJC_ISA_USAGE = YES_ERROR;
				CLANG_WARN_DOCUMENTATION_COMMENTS = YES;
				CLANG_WARN_EMPTY_BODY = YES;
				CLANG_WARN_ENUM_CONVERSION = YES;
				CLANG_WARN_INFINITE_RECURSION = YES;
				CLANG_WARN_INT_CONVERSION = YES;
				CLANG_WARN_NON_LITERAL_NULL_CONVERSION = YES;
				CLANG_WARN_OBJC_IMPLICIT_RETAIN_SELF = YES;
				CLANG_WARN_OBJC_LITERAL_CONVERSION = YES;
				CLANG_WARN_OBJC_ROOT_CLASS = YES_ERROR;
				CLANG_WARN_RANGE_LOOP_ANALYSIS = YES;
				CLANG_WARN_STRICT_PROTOTYPES = YES;
				CLANG_WARN_SUSPICIOUS_MOVE = YES;
				CLANG_WARN_UNGUARDED_AVAILABILITY = YES_AGGRESSIVE;
				CLANG_WARN_UNREACHABLE_CODE = YES;
				CLANG_WARN__DUPLICATE_METHOD_MATCH = YES;
				CODE_SIGN_IDENTITY = "Mac Developer";
				COPY_PHASE_STRIP = NO;
				DEBUG_INFORMATION_FORMAT = dwarf;
				ENABLE_STRICT_OBJC_MSGSEND = YES;
				ENABLE_TESTABILITY = YES;
				GCC_C_LANGUAGE_STANDARD = gnu11;
				GCC_DYNAMIC_NO_PIC = NO;
				GCC_NO_COMMON_BLOCKS = YES;
				GCC_OPTIMIZATION_LEVEL = 0;
				GCC_PREPROCESSOR_DEFINITIONS = (
					"DEBUG=1",
					"$(inherited)",
				);
				GCC_WARN_64_TO_32_BIT_CONVERSION = YES;
				GCC_WARN_ABOUT_RETURN_TYPE = YES_ERROR;
				GCC_WARN_UNDECLARED_SELECTOR = YES;
				GCC_WARN_UNINITIALIZED_AUTOS = YES_AGGRESSIVE;
				GCC_WARN_UNUSED_FUNCTION = YES;
				GCC_WARN_UNUSED_VARIABLE = YES;
				MACOSX_DEPLOYMENT_TARGET = 10.13;
				MTL_ENABLE_DEBUG_INFO = INCLUDE_SOURCE;
				MTL_FAST_MATH = YES;
				ONLY_ACTIVE_ARCH = YES;
				SDKROOT = macosx;
			};
			name = Debug;
		};
		28B227A521E37C3B009A3DCC /* Release */ = {
			isa = XCBuildConfiguration;
			buildSettings = {
				ALWAYS_SEARCH_USER_PATHS = NO;
				CLANG_ANALYZER_NONNULL = YES;
				CLANG_ANALYZER_NUMBER_OBJECT_CONVERSION = YES_AGGRESSIVE;
				CLANG_CXX_LANGUAGE_STANDARD = "gnu++14";
				CLANG_CXX_LIBRARY = "libc++";
				CLANG_ENABLE_MODULES = YES;
				CLANG_ENABLE_OBJC_ARC = YES;
				CLANG_ENABLE_OBJC_WEAK = YES;
				CLANG_WARN_BLOCK_CAPTURE_AUTORELEASING = YES;
				CLANG_WARN_BOOL_CONVERSION = YES;
				CLANG_WARN_COMMA = YES;
				CLANG_WARN_CONSTANT_CONVERSION = YES;
				CLANG_WARN_DEPRECATED_OBJC_IMPLEMENTATIONS = YES;
				CLANG_WARN_DIRECT_OBJC_ISA_USAGE = YES_ERROR;
				CLANG_WARN_DOCUMENTATION_COMMENTS = YES;
				CLANG_WARN_EMPTY_BODY = YES;
				CLANG_WARN_ENUM_CONVERSION = YES;
				CLANG_WARN_INFINITE_RECURSION = YES;
				CLANG_WARN_INT_CONVERSION = YES;
				CLANG_WARN_NON_LITERAL_NULL_CONVERSION = YES;
				CLANG_WARN_OBJC_IMPLICIT_RETAIN_SELF = YES;
				CLANG_WARN_OBJC_LITERAL_CONVERSION = YES;
				CLANG_WARN_OBJC_ROOT_CLASS = YES_ERROR;
				CLANG_WARN_RANGE_LOOP_ANALYSIS = YES;
				CLANG_WARN_STRICT_PROTOTYPES = YES;
				CLANG_WARN_SUSPICIOUS_MOVE = YES;
				CLANG_WARN_UNGUARDED_AVAILABILITY = YES_AGGRESSIVE;
				CLANG_WARN_UNREACHABLE_CODE = YES;
				CLANG_WARN__DUPLICATE_METHOD_MATCH = YES;
				CODE_SIGN_IDENTITY = "Mac Developer";
				COPY_PHASE_STRIP = NO;
				DEBUG_INFORMATION_FORMAT = "dwarf-with-dsym";
				ENABLE_NS_ASSERTIONS = NO;
				ENABLE_STRICT_OBJC_MSGSEND = YES;
				GCC_C_LANGUAGE_STANDARD = gnu11;
				GCC_NO_COMMON_BLOCKS = YES;
				GCC_WARN_64_TO_32_BIT_CONVERSION = YES;
				GCC_WARN_ABOUT_RETURN_TYPE = YES_ERROR;
				GCC_WARN_UNDECLARED_SELECTOR = YES;
				GCC_WARN_UNINITIALIZED_AUTOS = YES_AGGRESSIVE;
				GCC_WARN_UNUSED_FUNCTION = YES;
				GCC_WARN_UNUSED_VARIABLE = YES;
				MACOSX_DEPLOYMENT_TARGET = 10.13;
				MTL_ENABLE_DEBUG_INFO = NO;
				MTL_FAST_MATH = YES;
				SDKROOT = macosx;
			};
			name = Release;
		};
		28B227A721E37C3B009A3DCC /* Debug */ = {
			isa = XCBuildConfiguration;
			buildSettings = {
				CODE_SIGN_STYLE = Automatic;
				DEVELOPMENT_TEAM = Z69Q2FEZS9;
				PRODUCT_NAME = "$(TARGET_NAME)";
			};
			name = Debug;
		};
		28B227A821E37C3B009A3DCC /* Release */ = {
			isa = XCBuildConfiguration;
			buildSettings = {
				CODE_SIGN_STYLE = Automatic;
				DEVELOPMENT_TEAM = Z69Q2FEZS9;
				PRODUCT_NAME = "$(TARGET_NAME)";
			};
			name = Release;
		};
/* End XCBuildConfiguration section */

/* Begin XCConfigurationList section */
		28B2279A21E37C3B009A3DCC /* Build configuration list for PBXProject "ProtoypeDemo" */ = {
			isa = XCConfigurationList;
			buildConfigurations = (
				28B227A421E37C3B009A3DCC /* Debug */,
				28B227A521E37C3B009A3DCC /* Release */,
			);
			defaultConfigurationIsVisible = 0;
			defaultConfigurationName = Release;
		};
		28B227A621E37C3B009A3DCC /* Build configuration list for PBXNativeTarget "ProtoypeDemo" */ = {
			isa = XCConfigurationList;
			buildConfigurations = (
				28B227A721E37C3B009A3DCC /* Debug */,
				28B227A821E37C3B009A3DCC /* Release */,
			);
			defaultConfigurationIsVisible = 0;
			defaultConfigurationName = Release;
		};
/* End XCConfigurationList section */
	};
	rootObject = 28B2279721E37C3B009A3DCC /* Project object */;
}
