// !$*UTF8*$!
{
	archiveVersion = 1;
	classes = {
	};
	objectVersion = 50;
	objects = {

/* Begin PBXBuildFile section */
		28B64E9821E61A6F00F1DE50 /* main.m in Sources */ = {isa = PBXBuildFile; fileRef = 28B64E9721E61A6F00F1DE50 /* main.m */; };
		28B64EA321E61C3100F1DE50 /* abstractMessage.m in Sources */ = {isa = PBXBuildFile; fileRef = 28B64EA221E61C3100F1DE50 /* abstractMessage.m */; };
		28B64EA621E61CDC00F1DE50 /* commonMessage.m in Sources */ = {isa = PBXBuildFile; fileRef = 28B64EA521E61CDC00F1DE50 /* commonMessage.m */; };
		28B64EA921E61D3A00F1DE50 /* urgencyMessage.m in Sources */ = {isa = PBXBuildFile; fileRef = 28B64EA821E61D3A00F1DE50 /* urgencyMessage.m */; };
		28B64EAC21E61D6500F1DE50 /* specialUrgencyMessage.m in Sources */ = {isa = PBXBuildFile; fileRef = 28B64EAB21E61D6500F1DE50 /* specialUrgencyMessage.m */; };
		28B64EB321E61D9B00F1DE50 /* messageEmail.m in Sources */ = {isa = PBXBuildFile; fileRef = 28B64EAD21E61D9B00F1DE50 /* messageEmail.m */; };
		28B64EB421E61D9B00F1DE50 /* messageMobile.m in Sources */ = {isa = PBXBuildFile; fileRef = 28B64EB121E61D9B00F1DE50 /* messageMobile.m */; };
		28B64EB521E61D9B00F1DE50 /* messageSMS.m in Sources */ = {isa = PBXBuildFile; fileRef = 28B64EB221E61D9B00F1DE50 /* messageSMS.m */; };
/* End PBXBuildFile section */

/* Begin PBXCopyFilesBuildPhase section */
		28B64E9221E61A6F00F1DE50 /* CopyFiles */ = {
			isa = PBXCopyFilesBuildPhase;
			buildActionMask = 2147483647;
			dstPath = /usr/share/man/man1/;
			dstSubfolderSpec = 0;
			files = (
			);
			runOnlyForDeploymentPostprocessing = 1;
		};
/* End PBXCopyFilesBuildPhase section */

/* Begin PBXFileReference section */
		28B64E9421E61A6F00F1DE50 /* 桥接模式 */ = {isa = PBXFileReference; explicitFileType = "compiled.mach-o.executable"; includeInIndex = 0; path = "桥接模式"; sourceTree = BUILT_PRODUCTS_DIR; };
		28B64E9721E61A6F00F1DE50 /* main.m */ = {isa = PBXFileReference; lastKnownFileType = sourcecode.c.objc; path = main.m; sourceTree = "<group>"; };
		28B64EA021E61BCA00F1DE50 /* messageImplement.h */ = {isa = PBXFileReference; lastKnownFileType = sourcecode.c.h; path = messageImplement.h; sourceTree = "<group>"; };
		28B64EA121E61C3100F1DE50 /* abstractMessage.h */ = {isa = PBXFileReference; lastKnownFileType = sourcecode.c.h; path = abstractMessage.h; sourceTree = "<group>"; };
		28B64EA221E61C3100F1DE50 /* abstractMessage.m */ = {isa = PBXFileReference; lastKnownFileType = sourcecode.c.objc; path = abstractMessage.m; sourceTree = "<group>"; };
		28B64EA421E61CDC00F1DE50 /* commonMessage.h */ = {isa = PBXFileReference; lastKnownFileType = sourcecode.c.h; path = commonMessage.h; sourceTree = "<group>"; };
		28B64EA521E61CDC00F1DE50 /* commonMessage.m */ = {isa = PBXFileReference; lastKnownFileType = sourcecode.c.objc; path = commonMessage.m; sourceTree = "<group>"; };
		28B64EA721E61D3A00F1DE50 /* urgencyMessage.h */ = {isa = PBXFileReference; lastKnownFileType = sourcecode.c.h; path = urgencyMessage.h; sourceTree = "<group>"; };
		28B64EA821E61D3A00F1DE50 /* urgencyMessage.m */ = {isa = PBXFileReference; lastKnownFileType = sourcecode.c.objc; path = urgencyMessage.m; sourceTree = "<group>"; };
		28B64EAA21E61D6500F1DE50 /* specialUrgencyMessage.h */ = {isa = PBXFileReference; lastKnownFileType = sourcecode.c.h; path = specialUrgencyMessage.h; sourceTree = "<group>"; };
		28B64EAB21E61D6500F1DE50 /* specialUrgencyMessage.m */ = {isa = PBXFileReference; lastKnownFileType = sourcecode.c.objc; path = specialUrgencyMessage.m; sourceTree = "<group>"; };
		28B64EAD21E61D9B00F1DE50 /* messageEmail.m */ = {isa = PBXFileReference; fileEncoding = 4; lastKnownFileType = sourcecode.c.objc; path = messageEmail.m; sourceTree = "<group>"; };
		28B64EAE21E61D9B00F1DE50 /* messageSMS.h */ = {isa = PBXFileReference; fileEncoding = 4; lastKnownFileType = sourcecode.c.h; path = messageSMS.h; sourceTree = "<group>"; };
		28B64EAF21E61D9B00F1DE50 /* messageEmail.h */ = {isa = PBXFileReference; fileEncoding = 4; lastKnownFileType = sourcecode.c.h; path = messageEmail.h; sourceTree = "<group>"; };
		28B64EB021E61D9B00F1DE50 /* messageMobile.h */ = {isa = PBXFileReference; fileEncoding = 4; lastKnownFileType = sourcecode.c.h; path = messageMobile.h; sourceTree = "<group>"; };
		28B64EB121E61D9B00F1DE50 /* messageMobile.m */ = {isa = PBXFileReference; fileEncoding = 4; lastKnownFileType = sourcecode.c.objc; path = messageMobile.m; sourceTree = "<group>"; };
		28B64EB221E61D9B00F1DE50 /* messageSMS.m */ = {isa = PBXFileReference; fileEncoding = 4; lastKnownFileType = sourcecode.c.objc; path = messageSMS.m; sourceTree = "<group>"; };
/* End PBXFileReference section */

/* Begin PBXFrameworksBuildPhase section */
		28B64E9121E61A6F00F1DE50 /* Frameworks */ = {
			isa = PBXFrameworksBuildPhase;
			buildActionMask = 2147483647;
			files = (
			);
			runOnlyForDeploymentPostprocessing = 0;
		};
/* End PBXFrameworksBuildPhase section */

/* Begin PBXGroup section */
		28B64E8B21E61A6E00F1DE50 = {
			isa = PBXGroup;
			children = (
				28B64E9621E61A6F00F1DE50 /* 桥接模式 */,
				28B64E9521E61A6F00F1DE50 /* Products */,
			);
			sourceTree = "<group>";
		};
		28B64E9521E61A6F00F1DE50 /* Products */ = {
			isa = PBXGroup;
			children = (
				28B64E9421E61A6F00F1DE50 /* 桥接模式 */,
			);
			name = Products;
			sourceTree = "<group>";
		};
		28B64E9621E61A6F00F1DE50 /* 桥接模式 */ = {
			isa = PBXGroup;
			children = (
				28B64E9721E61A6F00F1DE50 /* main.m */,
				28B64E9F21E61B5500F1DE50 /* 抽象部分 */,
				28B64E9E21E61B5500F1DE50 /* 实现部分 */,
			);
			path = "桥接模式";
			sourceTree = "<group>";
		};
		28B64E9E21E61B5500F1DE50 /* 实现部分 */ = {
			isa = PBXGroup;
			children = (
				28B64EA021E61BCA00F1DE50 /* messageImplement.h */,
				28B64EAF21E61D9B00F1DE50 /* messageEmail.h */,
				28B64EAD21E61D9B00F1DE50 /* messageEmail.m */,
				28B64EB021E61D9B00F1DE50 /* messageMobile.h */,
				28B64EB121E61D9B00F1DE50 /* messageMobile.m */,
				28B64EAE21E61D9B00F1DE50 /* messageSMS.h */,
				28B64EB221E61D9B00F1DE50 /* messageSMS.m */,
			);
			path = "实现部分";
			sourceTree = "<group>";
		};
		28B64E9F21E61B5500F1DE50 /* 抽象部分 */ = {
			isa = PBXGroup;
			children = (
				28B64EA121E61C3100F1DE50 /* abstractMessage.h */,
				28B64EA221E61C3100F1DE50 /* abstractMessage.m */,
				28B64EA421E61CDC00F1DE50 /* commonMessage.h */,
				28B64EA521E61CDC00F1DE50 /* commonMessage.m */,
				28B64EA721E61D3A00F1DE50 /* urgencyMessage.h */,
				28B64EA821E61D3A00F1DE50 /* urgencyMessage.m */,
				28B64EAA21E61D6500F1DE50 /* specialUrgencyMessage.h */,
				28B64EAB21E61D6500F1DE50 /* specialUrgencyMessage.m */,
			);
			path = "抽象部分";
			sourceTree = "<group>";
		};
/* End PBXGroup section */

/* Begin PBXNativeTarget section */
		28B64E9321E61A6F00F1DE50 /* 桥接模式 */ = {
			isa = PBXNativeTarget;
			buildConfigurationList = 28B64E9B21E61A6F00F1DE50 /* Build configuration list for PBXNativeTarget "桥接模式" */;
			buildPhases = (
				28B64E9021E61A6F00F1DE50 /* Sources */,
				28B64E9121E61A6F00F1DE50 /* Frameworks */,
				28B64E9221E61A6F00F1DE50 /* CopyFiles */,
			);
			buildRules = (
			);
			dependencies = (
			);
			name = "桥接模式";
			productName = "桥接模式";
			productReference = 28B64E9421E61A6F00F1DE50 /* 桥接模式 */;
			productType = "com.apple.product-type.tool";
		};
/* End PBXNativeTarget section */

/* Begin PBXProject section */
		28B64E8C21E61A6E00F1DE50 /* Project object */ = {
			isa = PBXProject;
			attributes = {
				LastUpgradeCheck = 1010;
				ORGANIZATIONNAME = yunna;
				TargetAttributes = {
					28B64E9321E61A6F00F1DE50 = {
						CreatedOnToolsVersion = 10.1;
					};
				};
			};
			buildConfigurationList = 28B64E8F21E61A6E00F1DE50 /* Build configuration list for PBXProject "桥接模式" */;
			compatibilityVersion = "Xcode 9.3";
			developmentRegion = en;
			hasScannedForEncodings = 0;
			knownRegions = (
				en,
			);
			mainGroup = 28B64E8B21E61A6E00F1DE50;
			productRefGroup = 28B64E9521E61A6F00F1DE50 /* Products */;
			projectDirPath = "";
			projectRoot = "";
			targets = (
				28B64E9321E61A6F00F1DE50 /* 桥接模式 */,
			);
		};
/* End PBXProject section */

/* Begin PBXSourcesBuildPhase section */
		28B64E9021E61A6F00F1DE50 /* Sources */ = {
			isa = PBXSourcesBuildPhase;
			buildActionMask = 2147483647;
			files = (
				28B64EB321E61D9B00F1DE50 /* messageEmail.m in Sources */,
				28B64EB421E61D9B00F1DE50 /* messageMobile.m in Sources */,
				28B64E9821E61A6F00F1DE50 /* main.m in Sources */,
				28B64EAC21E61D6500F1DE50 /* specialUrgencyMessage.m in Sources */,
				28B64EA921E61D3A00F1DE50 /* urgencyMessage.m in Sources */,
				28B64EA321E61C3100F1DE50 /* abstractMessage.m in Sources */,
				28B64EA621E61CDC00F1DE50 /* commonMessage.m in Sources */,
				28B64EB521E61D9B00F1DE50 /* messageSMS.m in Sources */,
			);
			runOnlyForDeploymentPostprocessing = 0;
		};
/* End PBXSourcesBuildPhase section */

/* Begin XCBuildConfiguration section */
		28B64E9921E61A6F00F1DE50 /* Debug */ = {
			isa = XCBuildConfiguration;
			buildSettings = {
				ALWAYS_SEARCH_USER_PATHS = NO;
				CLANG_ANALYZER_NONNULL = YES;
				CLANG_ANALYZER_NUMBER_OBJECT_CONVERSION = YES_AGGRESSIVE;
				CLANG_CXX_LANGUAGE_STANDARD = "gnu++14";
				CLANG_CXX_LIBRARY = "libc++";
				CLANG_ENABLE_MODULES = YES;
				CLANG_ENABLE_OBJC_ARC = YES;
				CLANG_ENABLE_OBJC_WEAK = YES;
				CLANG_WARN_BLOCK_CAPTURE_AUTORELEASING = YES;
				CLANG_WARN_BOOL_CONVERSION = YES;
				CLANG_WARN_COMMA = YES;
				CLANG_WARN_CONSTANT_CONVERSION = YES;
				CLANG_WARN_DEPRECATED_OBJC_IMPLEMENTATIONS = YES;
				CLANG_WARN_DIRECT_OBJC_ISA_USAGE = YES_ERROR;
				CLANG_WARN_DOCUMENTATION_COMMENTS = YES;
				CLANG_WARN_EMPTY_BODY = YES;
				CLANG_WARN_ENUM_CONVERSION = YES;
				CLANG_WARN_INFINITE_RECURSION = YES;
				CLANG_WARN_INT_CONVERSION = YES;
				CLANG_WARN_NON_LITERAL_NULL_CONVERSION = YES;
				CLANG_WARN_OBJC_IMPLICIT_RETAIN_SELF = YES;
				CLANG_WARN_OBJC_LITERAL_CONVERSION = YES;
				CLANG_WARN_OBJC_ROOT_CLASS = YES_ERROR;
				CLANG_WARN_RANGE_LOOP_ANALYSIS = YES;
				CLANG_WARN_STRICT_PROTOTYPES = YES;
				CLANG_WARN_SUSPICIOUS_MOVE = YES;
				CLANG_WARN_UNGUARDED_AVAILABILITY = YES_AGGRESSIVE;
				CLANG_WARN_UNREACHABLE_CODE = YES;
				CLANG_WARN__DUPLICATE_METHOD_MATCH = YES;
				CODE_SIGN_IDENTITY = "Mac Developer";
				COPY_PHASE_STRIP = NO;
				DEBUG_INFORMATION_FORMAT = dwarf;
				ENABLE_STRICT_OBJC_MSGSEND = YES;
				ENABLE_TESTABILITY = YES;
				GCC_C_LANGUAGE_STANDARD = gnu11;
				GCC_DYNAMIC_NO_PIC = NO;
				GCC_NO_COMMON_BLOCKS = YES;
				GCC_OPTIMIZATION_LEVEL = 0;
				GCC_PREPROCESSOR_DEFINITIONS = (
					"DEBUG=1",
					"$(inherited)",
				);
				GCC_WARN_64_TO_32_BIT_CONVERSION = YES;
				GCC_WARN_ABOUT_RETURN_TYPE = YES_ERROR;
				GCC_WARN_UNDECLARED_SELECTOR = YES;
				GCC_WARN_UNINITIALIZED_AUTOS = YES_AGGRESSIVE;
				GCC_WARN_UNUSED_FUNCTION = YES;
				GCC_WARN_UNUSED_VARIABLE = YES;
				MACOSX_DEPLOYMENT_TARGET = 10.13;
				MTL_ENABLE_DEBUG_INFO = INCLUDE_SOURCE;
				MTL_FAST_MATH = YES;
				ONLY_ACTIVE_ARCH = YES;
				SDKROOT = macosx;
			};
			name = Debug;
		};
		28B64E9A21E61A6F00F1DE50 /* Release */ = {
			isa = XCBuildConfiguration;
			buildSettings = {
				ALWAYS_SEARCH_USER_PATHS = NO;
				CLANG_ANALYZER_NONNULL = YES;
				CLANG_ANALYZER_NUMBER_OBJECT_CONVERSION = YES_AGGRESSIVE;
				CLANG_CXX_LANGUAGE_STANDARD = "gnu++14";
				CLANG_CXX_LIBRARY = "libc++";
				CLANG_ENABLE_MODULES = YES;
				CLANG_ENABLE_OBJC_ARC = YES;
				CLANG_ENABLE_OBJC_WEAK = YES;
				CLANG_WARN_BLOCK_CAPTURE_AUTORELEASING = YES;
				CLANG_WARN_BOOL_CONVERSION = YES;
				CLANG_WARN_COMMA = YES;
				CLANG_WARN_CONSTANT_CONVERSION = YES;
				CLANG_WARN_DEPRECATED_OBJC_IMPLEMENTATIONS = YES;
				CLANG_WARN_DIRECT_OBJC_ISA_USAGE = YES_ERROR;
				CLANG_WARN_DOCUMENTATION_COMMENTS = YES;
				CLANG_WARN_EMPTY_BODY = YES;
				CLANG_WARN_ENUM_CONVERSION = YES;
				CLANG_WARN_INFINITE_RECURSION = YES;
				CLANG_WARN_INT_CONVERSION = YES;
				CLANG_WARN_NON_LITERAL_NULL_CONVERSION = YES;
				CLANG_WARN_OBJC_IMPLICIT_RETAIN_SELF = YES;
				CLANG_WARN_OBJC_LITERAL_CONVERSION = YES;
				CLANG_WARN_OBJC_ROOT_CLASS = YES_ERROR;
				CLANG_WARN_RANGE_LOOP_ANALYSIS = YES;
				CLANG_WARN_STRICT_PROTOTYPES = YES;
				CLANG_WARN_SUSPICIOUS_MOVE = YES;
				CLANG_WARN_UNGUARDED_AVAILABILITY = YES_AGGRESSIVE;
				CLANG_WARN_UNREACHABLE_CODE = YES;
				CLANG_WARN__DUPLICATE_METHOD_MATCH = YES;
				CODE_SIGN_IDENTITY = "Mac Developer";
				COPY_PHASE_STRIP = NO;
				DEBUG_INFORMATION_FORMAT = "dwarf-with-dsym";
				ENABLE_NS_ASSERTIONS = NO;
				ENABLE_STRICT_OBJC_MSGSEND = YES;
				GCC_C_LANGUAGE_STANDARD = gnu11;
				GCC_NO_COMMON_BLOCKS = YES;
				GCC_WARN_64_TO_32_BIT_CONVERSION = YES;
				GCC_WARN_ABOUT_RETURN_TYPE = YES_ERROR;
				GCC_WARN_UNDECLARED_SELECTOR = YES;
				GCC_WARN_UNINITIALIZED_AUTOS = YES_AGGRESSIVE;
				GCC_WARN_UNUSED_FUNCTION = YES;
				GCC_WARN_UNUSED_VARIABLE = YES;
				MACOSX_DEPLOYMENT_TARGET = 10.13;
				MTL_ENABLE_DEBUG_INFO = NO;
				MTL_FAST_MATH = YES;
				SDKROOT = macosx;
			};
			name = Release;
		};
		28B64E9C21E61A6F00F1DE50 /* Debug */ = {
			isa = XCBuildConfiguration;
			buildSettings = {
				CODE_SIGN_STYLE = Automatic;
				DEVELOPMENT_TEAM = Z69Q2FEZS9;
				PRODUCT_NAME = "$(TARGET_NAME)";
			};
			name = Debug;
		};
		28B64E9D21E61A6F00F1DE50 /* Release */ = {
			isa = XCBuildConfiguration;
			buildSettings = {
				CODE_SIGN_STYLE = Automatic;
				DEVELOPMENT_TEAM = Z69Q2FEZS9;
				PRODUCT_NAME = "$(TARGET_NAME)";
			};
			name = Release;
		};
/* End XCBuildConfiguration section */

/* Begin XCConfigurationList section */
		28B64E8F21E61A6E00F1DE50 /* Build configuration list for PBXProject "桥接模式" */ = {
			isa = XCConfigurationList;
			buildConfigurations = (
				28B64E9921E61A6F00F1DE50 /* Debug */,
				28B64E9A21E61A6F00F1DE50 /* Release */,
			);
			defaultConfigurationIsVisible = 0;
			defaultConfigurationName = Release;
		};
		28B64E9B21E61A6F00F1DE50 /* Build configuration list for PBXNativeTarget "桥接模式" */ = {
			isa = XCConfigurationList;
			buildConfigurations = (
				28B64E9C21E61A6F00F1DE50 /* Debug */,
				28B64E9D21E61A6F00F1DE50 /* Release */,
			);
			defaultConfigurationIsVisible = 0;
			defaultConfigurationName = Release;
		};
/* End XCConfigurationList section */
	};
	rootObject = 28B64E8C21E61A6E00F1DE50 /* Project object */;
}
