// !$*UTF8*$!
{
	archiveVersion = 1;
	classes = {
	};
	objectVersion = 50;
	objects = {

/* Begin PBXBuildFile section */
		28B64E5021E5C76A00F1DE50 /* AppDelegate.m in Sources */ = {isa = PBXBuildFile; fileRef = 28B64E4F21E5C76A00F1DE50 /* AppDelegate.m */; };
		28B64E5321E5C76A00F1DE50 /* ViewController.m in Sources */ = {isa = PBXBuildFile; fileRef = 28B64E5221E5C76A00F1DE50 /* ViewController.m */; };
		28B64E5621E5C76A00F1DE50 /* Main.storyboard in Resources */ = {isa = PBXBuildFile; fileRef = 28B64E5421E5C76A00F1DE50 /* Main.storyboard */; };
		28B64E5821E5C76B00F1DE50 /* Assets.xcassets in Resources */ = {isa = PBXBuildFile; fileRef = 28B64E5721E5C76B00F1DE50 /* Assets.xcassets */; };
		28B64E5B21E5C76B00F1DE50 /* LaunchScreen.storyboard in Resources */ = {isa = PBXBuildFile; fileRef = 28B64E5921E5C76B00F1DE50 /* LaunchScreen.storyboard */; };
		28B64E5E21E5C76B00F1DE50 /* main.m in Sources */ = {isa = PBXBuildFile; fileRef = 28B64E5D21E5C76B00F1DE50 /* main.m */; };
		28B64E6821E5C76B00F1DE50 /* AdapterTests.m in Sources */ = {isa = PBXBuildFile; fileRef = 28B64E6721E5C76B00F1DE50 /* AdapterTests.m */; };
		28B64E7321E5C76B00F1DE50 /* AdapterUITests.m in Sources */ = {isa = PBXBuildFile; fileRef = 28B64E7221E5C76B00F1DE50 /* AdapterUITests.m */; };
		28B64E8221E5C90600F1DE50 /* CardView.m in Sources */ = {isa = PBXBuildFile; fileRef = 28B64E8121E5C90600F1DE50 /* CardView.m */; };
		28B64E8721E5CECC00F1DE50 /* OneAdapterModel.m in Sources */ = {isa = PBXBuildFile; fileRef = 28B64E8621E5CECC00F1DE50 /* OneAdapterModel.m */; };
		28B64E8A21E5D1DA00F1DE50 /* TwoAdapterModel.m in Sources */ = {isa = PBXBuildFile; fileRef = 28B64E8921E5D1DA00F1DE50 /* TwoAdapterModel.m */; };
/* End PBXBuildFile section */

/* Begin PBXContainerItemProxy section */
		28B64E6421E5C76B00F1DE50 /* PBXContainerItemProxy */ = {
			isa = PBXContainerItemProxy;
			containerPortal = 28B64E4321E5C76900F1DE50 /* Project object */;
			proxyType = 1;
			remoteGlobalIDString = 28B64E4A21E5C76900F1DE50;
			remoteInfo = Adapter;
		};
		28B64E6F21E5C76B00F1DE50 /* PBXContainerItemProxy */ = {
			isa = PBXContainerItemProxy;
			containerPortal = 28B64E4321E5C76900F1DE50 /* Project object */;
			proxyType = 1;
			remoteGlobalIDString = 28B64E4A21E5C76900F1DE50;
			remoteInfo = Adapter;
		};
/* End PBXContainerItemProxy section */

/* Begin PBXFileReference section */
		28B64E4B21E5C76A00F1DE50 /* Adapter.app */ = {isa = PBXFileReference; explicitFileType = wrapper.application; includeInIndex = 0; path = Adapter.app; sourceTree = BUILT_PRODUCTS_DIR; };
		28B64E4E21E5C76A00F1DE50 /* AppDelegate.h */ = {isa = PBXFileReference; lastKnownFileType = sourcecode.c.h; path = AppDelegate.h; sourceTree = "<group>"; };
		28B64E4F21E5C76A00F1DE50 /* AppDelegate.m */ = {isa = PBXFileReference; lastKnownFileType = sourcecode.c.objc; path = AppDelegate.m; sourceTree = "<group>"; };
		28B64E5121E5C76A00F1DE50 /* ViewController.h */ = {isa = PBXFileReference; lastKnownFileType = sourcecode.c.h; path = ViewController.h; sourceTree = "<group>"; };
		28B64E5221E5C76A00F1DE50 /* ViewController.m */ = {isa = PBXFileReference; lastKnownFileType = sourcecode.c.objc; path = ViewController.m; sourceTree = "<group>"; };
		28B64E5521E5C76A00F1DE50 /* Base */ = {isa = PBXFileReference; lastKnownFileType = file.storyboard; name = Base; path = Base.lproj/Main.storyboard; sourceTree = "<group>"; };
		28B64E5721E5C76B00F1DE50 /* Assets.xcassets */ = {isa = PBXFileReference; lastKnownFileType = folder.assetcatalog; path = Assets.xcassets; sourceTree = "<group>"; };
		28B64E5A21E5C76B00F1DE50 /* Base */ = {isa = PBXFileReference; lastKnownFileType = file.storyboard; name = Base; path = Base.lproj/LaunchScreen.storyboard; sourceTree = "<group>"; };
		28B64E5C21E5C76B00F1DE50 /* Info.plist */ = {isa = PBXFileReference; lastKnownFileType = text.plist.xml; path = Info.plist; sourceTree = "<group>"; };
		28B64E5D21E5C76B00F1DE50 /* main.m */ = {isa = PBXFileReference; lastKnownFileType = sourcecode.c.objc; path = main.m; sourceTree = "<group>"; };
		28B64E6321E5C76B00F1DE50 /* AdapterTests.xctest */ = {isa = PBXFileReference; explicitFileType = wrapper.cfbundle; includeInIndex = 0; path = AdapterTests.xctest; sourceTree = BUILT_PRODUCTS_DIR; };
		28B64E6721E5C76B00F1DE50 /* AdapterTests.m */ = {isa = PBXFileReference; lastKnownFileType = sourcecode.c.objc; path = AdapterTests.m; sourceTree = "<group>"; };
		28B64E6921E5C76B00F1DE50 /* Info.plist */ = {isa = PBXFileReference; lastKnownFileType = text.plist.xml; path = Info.plist; sourceTree = "<group>"; };
		28B64E6E21E5C76B00F1DE50 /* AdapterUITests.xctest */ = {isa = PBXFileReference; explicitFileType = wrapper.cfbundle; includeInIndex = 0; path = AdapterUITests.xctest; sourceTree = BUILT_PRODUCTS_DIR; };
		28B64E7221E5C76B00F1DE50 /* AdapterUITests.m */ = {isa = PBXFileReference; lastKnownFileType = sourcecode.c.objc; path = AdapterUITests.m; sourceTree = "<group>"; };
		28B64E7421E5C76B00F1DE50 /* Info.plist */ = {isa = PBXFileReference; lastKnownFileType = text.plist.xml; path = Info.plist; sourceTree = "<group>"; };
		28B64E8021E5C90600F1DE50 /* CardView.h */ = {isa = PBXFileReference; lastKnownFileType = sourcecode.c.h; path = CardView.h; sourceTree = "<group>"; };
		28B64E8121E5C90600F1DE50 /* CardView.m */ = {isa = PBXFileReference; lastKnownFileType = sourcecode.c.objc; path = CardView.m; sourceTree = "<group>"; };
		28B64E8421E5CE8200F1DE50 /* AdapterProtocol.h */ = {isa = PBXFileReference; lastKnownFileType = sourcecode.c.h; path = AdapterProtocol.h; sourceTree = "<group>"; };
		28B64E8521E5CECC00F1DE50 /* OneAdapterModel.h */ = {isa = PBXFileReference; lastKnownFileType = sourcecode.c.h; path = OneAdapterModel.h; sourceTree = "<group>"; };
		28B64E8621E5CECC00F1DE50 /* OneAdapterModel.m */ = {isa = PBXFileReference; lastKnownFileType = sourcecode.c.objc; path = OneAdapterModel.m; sourceTree = "<group>"; };
		28B64E8821E5D1DA00F1DE50 /* TwoAdapterModel.h */ = {isa = PBXFileReference; lastKnownFileType = sourcecode.c.h; path = TwoAdapterModel.h; sourceTree = "<group>"; };
		28B64E8921E5D1DA00F1DE50 /* TwoAdapterModel.m */ = {isa = PBXFileReference; lastKnownFileType = sourcecode.c.objc; path = TwoAdapterModel.m; sourceTree = "<group>"; };
/* End PBXFileReference section */

/* Begin PBXFrameworksBuildPhase section */
		28B64E4821E5C76900F1DE50 /* Frameworks */ = {
			isa = PBXFrameworksBuildPhase;
			buildActionMask = 2147483647;
			files = (
			);
			runOnlyForDeploymentPostprocessing = 0;
		};
		28B64E6021E5C76B00F1DE50 /* Frameworks */ = {
			isa = PBXFrameworksBuildPhase;
			buildActionMask = 2147483647;
			files = (
			);
			runOnlyForDeploymentPostprocessing = 0;
		};
		28B64E6B21E5C76B00F1DE50 /* Frameworks */ = {
			isa = PBXFrameworksBuildPhase;
			buildActionMask = 2147483647;
			files = (
			);
			runOnlyForDeploymentPostprocessing = 0;
		};
/* End PBXFrameworksBuildPhase section */

/* Begin PBXGroup section */
		28B64E4221E5C76900F1DE50 = {
			isa = PBXGroup;
			children = (
				28B64E4D21E5C76A00F1DE50 /* Adapter */,
				28B64E6621E5C76B00F1DE50 /* AdapterTests */,
				28B64E7121E5C76B00F1DE50 /* AdapterUITests */,
				28B64E4C21E5C76A00F1DE50 /* Products */,
			);
			sourceTree = "<group>";
		};
		28B64E4C21E5C76A00F1DE50 /* Products */ = {
			isa = PBXGroup;
			children = (
				28B64E4B21E5C76A00F1DE50 /* Adapter.app */,
				28B64E6321E5C76B00F1DE50 /* AdapterTests.xctest */,
				28B64E6E21E5C76B00F1DE50 /* AdapterUITests.xctest */,
			);
			name = Products;
			sourceTree = "<group>";
		};
		28B64E4D21E5C76A00F1DE50 /* Adapter */ = {
			isa = PBXGroup;
			children = (
				28B64E4E21E5C76A00F1DE50 /* AppDelegate.h */,
				28B64E4F21E5C76A00F1DE50 /* AppDelegate.m */,
				28B64E5121E5C76A00F1DE50 /* ViewController.h */,
				28B64E5221E5C76A00F1DE50 /* ViewController.m */,
				28B64E8021E5C90600F1DE50 /* CardView.h */,
				28B64E8121E5C90600F1DE50 /* CardView.m */,
				28B64E8321E5CD3600F1DE50 /* Adapter */,
				28B64E5421E5C76A00F1DE50 /* Main.storyboard */,
				28B64E5721E5C76B00F1DE50 /* Assets.xcassets */,
				28B64E5921E5C76B00F1DE50 /* LaunchScreen.storyboard */,
				28B64E5C21E5C76B00F1DE50 /* Info.plist */,
				28B64E5D21E5C76B00F1DE50 /* main.m */,
			);
			path = Adapter;
			sourceTree = "<group>";
		};
		28B64E6621E5C76B00F1DE50 /* AdapterTests */ = {
			isa = PBXGroup;
			children = (
				28B64E6721E5C76B00F1DE50 /* AdapterTests.m */,
				28B64E6921E5C76B00F1DE50 /* Info.plist */,
			);
			path = AdapterTests;
			sourceTree = "<group>";
		};
		28B64E7121E5C76B00F1DE50 /* AdapterUITests */ = {
			isa = PBXGroup;
			children = (
				28B64E7221E5C76B00F1DE50 /* AdapterUITests.m */,
				28B64E7421E5C76B00F1DE50 /* Info.plist */,
			);
			path = AdapterUITests;
			sourceTree = "<group>";
		};
		28B64E8321E5CD3600F1DE50 /* Adapter */ = {
			isa = PBXGroup;
			children = (
				28B64E8421E5CE8200F1DE50 /* AdapterProtocol.h */,
				28B64E8521E5CECC00F1DE50 /* OneAdapterModel.h */,
				28B64E8621E5CECC00F1DE50 /* OneAdapterModel.m */,
				28B64E8821E5D1DA00F1DE50 /* TwoAdapterModel.h */,
				28B64E8921E5D1DA00F1DE50 /* TwoAdapterModel.m */,
			);
			path = Adapter;
			sourceTree = "<group>";
		};
/* End PBXGroup section */

/* Begin PBXNativeTarget section */
		28B64E4A21E5C76900F1DE50 /* Adapter */ = {
			isa = PBXNativeTarget;
			buildConfigurationList = 28B64E7721E5C76B00F1DE50 /* Build configuration list for PBXNativeTarget "Adapter" */;
			buildPhases = (
				28B64E4721E5C76900F1DE50 /* Sources */,
				28B64E4821E5C76900F1DE50 /* Frameworks */,
				28B64E4921E5C76900F1DE50 /* Resources */,
			);
			buildRules = (
			);
			dependencies = (
			);
			name = Adapter;
			productName = Adapter;
			productReference = 28B64E4B21E5C76A00F1DE50 /* Adapter.app */;
			productType = "com.apple.product-type.application";
		};
		28B64E6221E5C76B00F1DE50 /* AdapterTests */ = {
			isa = PBXNativeTarget;
			buildConfigurationList = 28B64E7A21E5C76B00F1DE50 /* Build configuration list for PBXNativeTarget "AdapterTests" */;
			buildPhases = (
				28B64E5F21E5C76B00F1DE50 /* Sources */,
				28B64E6021E5C76B00F1DE50 /* Frameworks */,
				28B64E6121E5C76B00F1DE50 /* Resources */,
			);
			buildRules = (
			);
			dependencies = (
				28B64E6521E5C76B00F1DE50 /* PBXTargetDependency */,
			);
			name = AdapterTests;
			productName = AdapterTests;
			productReference = 28B64E6321E5C76B00F1DE50 /* AdapterTests.xctest */;
			productType = "com.apple.product-type.bundle.unit-test";
		};
		28B64E6D21E5C76B00F1DE50 /* AdapterUITests */ = {
			isa = PBXNativeTarget;
			buildConfigurationList = 28B64E7D21E5C76B00F1DE50 /* Build configuration list for PBXNativeTarget "AdapterUITests" */;
			buildPhases = (
				28B64E6A21E5C76B00F1DE50 /* Sources */,
				28B64E6B21E5C76B00F1DE50 /* Frameworks */,
				28B64E6C21E5C76B00F1DE50 /* Resources */,
			);
			buildRules = (
			);
			dependencies = (
				28B64E7021E5C76B00F1DE50 /* PBXTargetDependency */,
			);
			name = AdapterUITests;
			productName = AdapterUITests;
			productReference = 28B64E6E21E5C76B00F1DE50 /* AdapterUITests.xctest */;
			productType = "com.apple.product-type.bundle.ui-testing";
		};
/* End PBXNativeTarget section */

/* Begin PBXProject section */
		28B64E4321E5C76900F1DE50 /* Project object */ = {
			isa = PBXProject;
			attributes = {
				LastUpgradeCheck = 1010;
				ORGANIZATIONNAME = yunna;
				TargetAttributes = {
					28B64E4A21E5C76900F1DE50 = {
						CreatedOnToolsVersion = 10.1;
					};
					28B64E6221E5C76B00F1DE50 = {
						CreatedOnToolsVersion = 10.1;
						TestTargetID = 28B64E4A21E5C76900F1DE50;
					};
					28B64E6D21E5C76B00F1DE50 = {
						CreatedOnToolsVersion = 10.1;
						TestTargetID = 28B64E4A21E5C76900F1DE50;
					};
				};
			};
			buildConfigurationList = 28B64E4621E5C76900F1DE50 /* Build configuration list for PBXProject "Adapter" */;
			compatibilityVersion = "Xcode 9.3";
			developmentRegion = en;
			hasScannedForEncodings = 0;
			knownRegions = (
				en,
				Base,
			);
			mainGroup = 28B64E4221E5C76900F1DE50;
			productRefGroup = 28B64E4C21E5C76A00F1DE50 /* Products */;
			projectDirPath = "";
			projectRoot = "";
			targets = (
				28B64E4A21E5C76900F1DE50 /* Adapter */,
				28B64E6221E5C76B00F1DE50 /* AdapterTests */,
				28B64E6D21E5C76B00F1DE50 /* AdapterUITests */,
			);
		};
/* End PBXProject section */

/* Begin PBXResourcesBuildPhase section */
		28B64E4921E5C76900F1DE50 /* Resources */ = {
			isa = PBXResourcesBuildPhase;
			buildActionMask = 2147483647;
			files = (
				28B64E5B21E5C76B00F1DE50 /* LaunchScreen.storyboard in Resources */,
				28B64E5821E5C76B00F1DE50 /* Assets.xcassets in Resources */,
				28B64E5621E5C76A00F1DE50 /* Main.storyboard in Resources */,
			);
			runOnlyForDeploymentPostprocessing = 0;
		};
		28B64E6121E5C76B00F1DE50 /* Resources */ = {
			isa = PBXResourcesBuildPhase;
			buildActionMask = 2147483647;
			files = (
			);
			runOnlyForDeploymentPostprocessing = 0;
		};
		28B64E6C21E5C76B00F1DE50 /* Resources */ = {
			isa = PBXResourcesBuildPhase;
			buildActionMask = 2147483647;
			files = (
			);
			runOnlyForDeploymentPostprocessing = 0;
		};
/* End PBXResourcesBuildPhase section */

/* Begin PBXSourcesBuildPhase section */
		28B64E4721E5C76900F1DE50 /* Sources */ = {
			isa = PBXSourcesBuildPhase;
			buildActionMask = 2147483647;
			files = (
				28B64E5321E5C76A00F1DE50 /* ViewController.m in Sources */,
				28B64E5E21E5C76B00F1DE50 /* main.m in Sources */,
				28B64E8A21E5D1DA00F1DE50 /* TwoAdapterModel.m in Sources */,
				28B64E8221E5C90600F1DE50 /* CardView.m in Sources */,
				28B64E5021E5C76A00F1DE50 /* AppDelegate.m in Sources */,
				28B64E8721E5CECC00F1DE50 /* OneAdapterModel.m in Sources */,
			);
			runOnlyForDeploymentPostprocessing = 0;
		};
		28B64E5F21E5C76B00F1DE50 /* Sources */ = {
			isa = PBXSourcesBuildPhase;
			buildActionMask = 2147483647;
			files = (
				28B64E6821E5C76B00F1DE50 /* AdapterTests.m in Sources */,
			);
			runOnlyForDeploymentPostprocessing = 0;
		};
		28B64E6A21E5C76B00F1DE50 /* Sources */ = {
			isa = PBXSourcesBuildPhase;
			buildActionMask = 2147483647;
			files = (
				28B64E7321E5C76B00F1DE50 /* AdapterUITests.m in Sources */,
			);
			runOnlyForDeploymentPostprocessing = 0;
		};
/* End PBXSourcesBuildPhase section */

/* Begin PBXTargetDependency section */
		28B64E6521E5C76B00F1DE50 /* PBXTargetDependency */ = {
			isa = PBXTargetDependency;
			target = 28B64E4A21E5C76900F1DE50 /* Adapter */;
			targetProxy = 28B64E6421E5C76B00F1DE50 /* PBXContainerItemProxy */;
		};
		28B64E7021E5C76B00F1DE50 /* PBXTargetDependency */ = {
			isa = PBXTargetDependency;
			target = 28B64E4A21E5C76900F1DE50 /* Adapter */;
			targetProxy = 28B64E6F21E5C76B00F1DE50 /* PBXContainerItemProxy */;
		};
/* End PBXTargetDependency section */

/* Begin PBXVariantGroup section */
		28B64E5421E5C76A00F1DE50 /* Main.storyboard */ = {
			isa = PBXVariantGroup;
			children = (
				28B64E5521E5C76A00F1DE50 /* Base */,
			);
			name = Main.storyboard;
			sourceTree = "<group>";
		};
		28B64E5921E5C76B00F1DE50 /* LaunchScreen.storyboard */ = {
			isa = PBXVariantGroup;
			children = (
				28B64E5A21E5C76B00F1DE50 /* Base */,
			);
			name = LaunchScreen.storyboard;
			sourceTree = "<group>";
		};
/* End PBXVariantGroup section */

/* Begin XCBuildConfiguration section */
		28B64E7521E5C76B00F1DE50 /* Debug */ = {
			isa = XCBuildConfiguration;
			buildSettings = {
				ALWAYS_SEARCH_USER_PATHS = NO;
				CLANG_ANALYZER_NONNULL = YES;
				CLANG_ANALYZER_NUMBER_OBJECT_CONVERSION = YES_AGGRESSIVE;
				CLANG_CXX_LANGUAGE_STANDARD = "gnu++14";
				CLANG_CXX_LIBRARY = "libc++";
				CLANG_ENABLE_MODULES = YES;
				CLANG_ENABLE_OBJC_ARC = YES;
				CLANG_ENABLE_OBJC_WEAK = YES;
				CLANG_WARN_BLOCK_CAPTURE_AUTORELEASING = YES;
				CLANG_WARN_BOOL_CONVERSION = YES;
				CLANG_WARN_COMMA = YES;
				CLANG_WARN_CONSTANT_CONVERSION = YES;
				CLANG_WARN_DEPRECATED_OBJC_IMPLEMENTATIONS = YES;
				CLANG_WARN_DIRECT_OBJC_ISA_USAGE = YES_ERROR;
				CLANG_WARN_DOCUMENTATION_COMMENTS = YES;
				CLANG_WARN_EMPTY_BODY = YES;
				CLANG_WARN_ENUM_CONVERSION = YES;
				CLANG_WARN_INFINITE_RECURSION = YES;
				CLANG_WARN_INT_CONVERSION = YES;
				CLANG_WARN_NON_LITERAL_NULL_CONVERSION = YES;
				CLANG_WARN_OBJC_IMPLICIT_RETAIN_SELF = YES;
				CLANG_WARN_OBJC_LITERAL_CONVERSION = YES;
				CLANG_WARN_OBJC_ROOT_CLASS = YES_ERROR;
				CLANG_WARN_RANGE_LOOP_ANALYSIS = YES;
				CLANG_WARN_STRICT_PROTOTYPES = YES;
				CLANG_WARN_SUSPICIOUS_MOVE = YES;
				CLANG_WARN_UNGUARDED_AVAILABILITY = YES_AGGRESSIVE;
				CLANG_WARN_UNREACHABLE_CODE = YES;
				CLANG_WARN__DUPLICATE_METHOD_MATCH = YES;
				CODE_SIGN_IDENTITY = "iPhone Developer";
				COPY_PHASE_STRIP = NO;
				DEBUG_INFORMATION_FORMAT = dwarf;
				ENABLE_STRICT_OBJC_MSGSEND = YES;
				ENABLE_TESTABILITY = YES;
				GCC_C_LANGUAGE_STANDARD = gnu11;
				GCC_DYNAMIC_NO_PIC = NO;
				GCC_NO_COMMON_BLOCKS = YES;
				GCC_OPTIMIZATION_LEVEL = 0;
				GCC_PREPROCESSOR_DEFINITIONS = (
					"DEBUG=1",
					"$(inherited)",
				);
				GCC_WARN_64_TO_32_BIT_CONVERSION = YES;
				GCC_WARN_ABOUT_RETURN_TYPE = YES_ERROR;
				GCC_WARN_UNDECLARED_SELECTOR = YES;
				GCC_WARN_UNINITIALIZED_AUTOS = YES_AGGRESSIVE;
				GCC_WARN_UNUSED_FUNCTION = YES;
				GCC_WARN_UNUSED_VARIABLE = YES;
				IPHONEOS_DEPLOYMENT_TARGET = 12.1;
				MTL_ENABLE_DEBUG_INFO = INCLUDE_SOURCE;
				MTL_FAST_MATH = YES;
				ONLY_ACTIVE_ARCH = YES;
				SDKROOT = iphoneos;
			};
			name = Debug;
		};
		28B64E7621E5C76B00F1DE50 /* Release */ = {
			isa = XCBuildConfiguration;
			buildSettings = {
				ALWAYS_SEARCH_USER_PATHS = NO;
				CLANG_ANALYZER_NONNULL = YES;
				CLANG_ANALYZER_NUMBER_OBJECT_CONVERSION = YES_AGGRESSIVE;
				CLANG_CXX_LANGUAGE_STANDARD = "gnu++14";
				CLANG_CXX_LIBRARY = "libc++";
				CLANG_ENABLE_MODULES = YES;
				CLANG_ENABLE_OBJC_ARC = YES;
				CLANG_ENABLE_OBJC_WEAK = YES;
				CLANG_WARN_BLOCK_CAPTURE_AUTORELEASING = YES;
				CLANG_WARN_BOOL_CONVERSION = YES;
				CLANG_WARN_COMMA = YES;
				CLANG_WARN_CONSTANT_CONVERSION = YES;
				CLANG_WARN_DEPRECATED_OBJC_IMPLEMENTATIONS = YES;
				CLANG_WARN_DIRECT_OBJC_ISA_USAGE = YES_ERROR;
				CLANG_WARN_DOCUMENTATION_COMMENTS = YES;
				CLANG_WARN_EMPTY_BODY = YES;
				CLANG_WARN_ENUM_CONVERSION = YES;
				CLANG_WARN_INFINITE_RECURSION = YES;
				CLANG_WARN_INT_CONVERSION = YES;
				CLANG_WARN_NON_LITERAL_NULL_CONVERSION = YES;
				CLANG_WARN_OBJC_IMPLICIT_RETAIN_SELF = YES;
				CLANG_WARN_OBJC_LITERAL_CONVERSION = YES;
				CLANG_WARN_OBJC_ROOT_CLASS = YES_ERROR;
				CLANG_WARN_RANGE_LOOP_ANALYSIS = YES;
				CLANG_WARN_STRICT_PROTOTYPES = YES;
				CLANG_WARN_SUSPICIOUS_MOVE = YES;
				CLANG_WARN_UNGUARDED_AVAILABILITY = YES_AGGRESSIVE;
				CLANG_WARN_UNREACHABLE_CODE = YES;
				CLANG_WARN__DUPLICATE_METHOD_MATCH = YES;
				CODE_SIGN_IDENTITY = "iPhone Developer";
				COPY_PHASE_STRIP = NO;
				DEBUG_INFORMATION_FORMAT = "dwarf-with-dsym";
				ENABLE_NS_ASSERTIONS = NO;
				ENABLE_STRICT_OBJC_MSGSEND = YES;
				GCC_C_LANGUAGE_STANDARD = gnu11;
				GCC_NO_COMMON_BLOCKS = YES;
				GCC_WARN_64_TO_32_BIT_CONVERSION = YES;
				GCC_WARN_ABOUT_RETURN_TYPE = YES_ERROR;
				GCC_WARN_UNDECLARED_SELECTOR = YES;
				GCC_WARN_UNINITIALIZED_AUTOS = YES_AGGRESSIVE;
				GCC_WARN_UNUSED_FUNCTION = YES;
				GCC_WARN_UNUSED_VARIABLE = YES;
				IPHONEOS_DEPLOYMENT_TARGET = 12.1;
				MTL_ENABLE_DEBUG_INFO = NO;
				MTL_FAST_MATH = YES;
				SDKROOT = iphoneos;
				VALIDATE_PRODUCT = YES;
			};
			name = Release;
		};
		28B64E7821E5C76B00F1DE50 /* Debug */ = {
			isa = XCBuildConfiguration;
			buildSettings = {
				ASSETCATALOG_COMPILER_APPICON_NAME = AppIcon;
				CODE_SIGN_STYLE = Automatic;
				DEVELOPMENT_TEAM = Z69Q2FEZS9;
				INFOPLIST_FILE = Adapter/Info.plist;
				LD_RUNPATH_SEARCH_PATHS = (
					"$(inherited)",
					"@executable_path/Frameworks",
				);
				PRODUCT_BUNDLE_IDENTIFIER = yunna.Adapter;
				PRODUCT_NAME = "$(TARGET_NAME)";
				TARGETED_DEVICE_FAMILY = "1,2";
			};
			name = Debug;
		};
		28B64E7921E5C76B00F1DE50 /* Release */ = {
			isa = XCBuildConfiguration;
			buildSettings = {
				ASSETCATALOG_COMPILER_APPICON_NAME = AppIcon;
				CODE_SIGN_STYLE = Automatic;
				DEVELOPMENT_TEAM = Z69Q2FEZS9;
				INFOPLIST_FILE = Adapter/Info.plist;
				LD_RUNPATH_SEARCH_PATHS = (
					"$(inherited)",
					"@executable_path/Frameworks",
				);
				PRODUCT_BUNDLE_IDENTIFIER = yunna.Adapter;
				PRODUCT_NAME = "$(TARGET_NAME)";
				TARGETED_DEVICE_FAMILY = "1,2";
			};
			name = Release;
		};
		28B64E7B21E5C76B00F1DE50 /* Debug */ = {
			isa = XCBuildConfiguration;
			buildSettings = {
				BUNDLE_LOADER = "$(TEST_HOST)";
				CODE_SIGN_STYLE = Automatic;
				DEVELOPMENT_TEAM = Z69Q2FEZS9;
				INFOPLIST_FILE = AdapterTests/Info.plist;
				LD_RUNPATH_SEARCH_PATHS = (
					"$(inherited)",
					"@executable_path/Frameworks",
					"@loader_path/Frameworks",
				);
				PRODUCT_BUNDLE_IDENTIFIER = yunna.AdapterTests;
				PRODUCT_NAME = "$(TARGET_NAME)";
				TARGETED_DEVICE_FAMILY = "1,2";
				TEST_HOST = "$(BUILT_PRODUCTS_DIR)/Adapter.app/Adapter";
			};
			name = Debug;
		};
		28B64E7C21E5C76B00F1DE50 /* Release */ = {
			isa = XCBuildConfiguration;
			buildSettings = {
				BUNDLE_LOADER = "$(TEST_HOST)";
				CODE_SIGN_STYLE = Automatic;
				DEVELOPMENT_TEAM = Z69Q2FEZS9;
				INFOPLIST_FILE = AdapterTests/Info.plist;
				LD_RUNPATH_SEARCH_PATHS = (
					"$(inherited)",
					"@executable_path/Frameworks",
					"@loader_path/Frameworks",
				);
				PRODUCT_BUNDLE_IDENTIFIER = yunna.AdapterTests;
				PRODUCT_NAME = "$(TARGET_NAME)";
				TARGETED_DEVICE_FAMILY = "1,2";
				TEST_HOST = "$(BUILT_PRODUCTS_DIR)/Adapter.app/Adapter";
			};
			name = Release;
		};
		28B64E7E21E5C76B00F1DE50 /* Debug */ = {
			isa = XCBuildConfiguration;
			buildSettings = {
				CODE_SIGN_STYLE = Automatic;
				DEVELOPMENT_TEAM = Z69Q2FEZS9;
				INFOPLIST_FILE = AdapterUITests/Info.plist;
				LD_RUNPATH_SEARCH_PATHS = (
					"$(inherited)",
					"@executable_path/Frameworks",
					"@loader_path/Frameworks",
				);
				PRODUCT_BUNDLE_IDENTIFIER = yunna.AdapterUITests;
				PRODUCT_NAME = "$(TARGET_NAME)";
				TARGETED_DEVICE_FAMILY = "1,2";
				TEST_TARGET_NAME = Adapter;
			};
			name = Debug;
		};
		28B64E7F21E5C76B00F1DE50 /* Release */ = {
			isa = XCBuildConfiguration;
			buildSettings = {
				CODE_SIGN_STYLE = Automatic;
				DEVELOPMENT_TEAM = Z69Q2FEZS9;
				INFOPLIST_FILE = AdapterUITests/Info.plist;
				LD_RUNPATH_SEARCH_PATHS = (
					"$(inherited)",
					"@executable_path/Frameworks",
					"@loader_path/Frameworks",
				);
				PRODUCT_BUNDLE_IDENTIFIER = yunna.AdapterUITests;
				PRODUCT_NAME = "$(TARGET_NAME)";
				TARGETED_DEVICE_FAMILY = "1,2";
				TEST_TARGET_NAME = Adapter;
			};
			name = Release;
		};
/* End XCBuildConfiguration section */

/* Begin XCConfigurationList section */
		28B64E4621E5C76900F1DE50 /* Build configuration list for PBXProject "Adapter" */ = {
			isa = XCConfigurationList;
			buildConfigurations = (
				28B64E7521E5C76B00F1DE50 /* Debug */,
				28B64E7621E5C76B00F1DE50 /* Release */,
			);
			defaultConfigurationIsVisible = 0;
			defaultConfigurationName = Release;
		};
		28B64E7721E5C76B00F1DE50 /* Build configuration list for PBXNativeTarget "Adapter" */ = {
			isa = XCConfigurationList;
			buildConfigurations = (
				28B64E7821E5C76B00F1DE50 /* Debug */,
				28B64E7921E5C76B00F1DE50 /* Release */,
			);
			defaultConfigurationIsVisible = 0;
			defaultConfigurationName = Release;
		};
		28B64E7A21E5C76B00F1DE50 /* Build configuration list for PBXNativeTarget "AdapterTests" */ = {
			isa = XCConfigurationList;
			buildConfigurations = (
				28B64E7B21E5C76B00F1DE50 /* Debug */,
				28B64E7C21E5C76B00F1DE50 /* Release */,
			);
			defaultConfigurationIsVisible = 0;
			defaultConfigurationName = Release;
		};
		28B64E7D21E5C76B00F1DE50 /* Build configuration list for PBXNativeTarget "AdapterUITests" */ = {
			isa = XCConfigurationList;
			buildConfigurations = (
				28B64E7E21E5C76B00F1DE50 /* Debug */,
				28B64E7F21E5C76B00F1DE50 /* Release */,
			);
			defaultConfigurationIsVisible = 0;
			defaultConfigurationName = Release;
		};
/* End XCConfigurationList section */
	};
	rootObject = 28B64E4321E5C76900F1DE50 /* Project object */;
}
