// !$*UTF8*$!
{
	archiveVersion = 1;
	classes = {
	};
	objectVersion = 50;
	objects = {

/* Begin PBXBuildFile section */
		283816D821F0285F00CEA471 /* AppDelegate.m in Sources */ = {isa = PBXBuildFile; fileRef = 283816D721F0285F00CEA471 /* AppDelegate.m */; };
		283816DB21F0285F00CEA471 /* ViewController.m in Sources */ = {isa = PBXBuildFile; fileRef = 283816DA21F0285F00CEA471 /* ViewController.m */; };
		283816DE21F0285F00CEA471 /* Main.storyboard in Resources */ = {isa = PBXBuildFile; fileRef = 283816DC21F0285F00CEA471 /* Main.storyboard */; };
		283816E021F0286100CEA471 /* Assets.xcassets in Resources */ = {isa = PBXBuildFile; fileRef = 283816DF21F0286100CEA471 /* Assets.xcassets */; };
		283816E321F0286100CEA471 /* LaunchScreen.storyboard in Resources */ = {isa = PBXBuildFile; fileRef = 283816E121F0286100CEA471 /* LaunchScreen.storyboard */; };
		283816E621F0286100CEA471 /* main.m in Sources */ = {isa = PBXBuildFile; fileRef = 283816E521F0286100CEA471 /* main.m */; };
		283816F021F0286100CEA471 /* ____Tests.m in Sources */ = {isa = PBXBuildFile; fileRef = 283816EF21F0286100CEA471 /* ____Tests.m */; };
		283816FB21F0286100CEA471 /* ____UITests.m in Sources */ = {isa = PBXBuildFile; fileRef = 283816FA21F0286100CEA471 /* ____UITests.m */; };
/* End PBXBuildFile section */

/* Begin PBXContainerItemProxy section */
		283816EC21F0286100CEA471 /* PBXContainerItemProxy */ = {
			isa = PBXContainerItemProxy;
			containerPortal = 283816CB21F0285F00CEA471 /* Project object */;
			proxyType = 1;
			remoteGlobalIDString = 283816D221F0285F00CEA471;
			remoteInfo = "享元模式";
		};
		283816F721F0286100CEA471 /* PBXContainerItemProxy */ = {
			isa = PBXContainerItemProxy;
			containerPortal = 283816CB21F0285F00CEA471 /* Project object */;
			proxyType = 1;
			remoteGlobalIDString = 283816D221F0285F00CEA471;
			remoteInfo = "享元模式";
		};
/* End PBXContainerItemProxy section */

/* Begin PBXFileReference section */
		283816D321F0285F00CEA471 /* 享元模式.app */ = {isa = PBXFileReference; explicitFileType = wrapper.application; includeInIndex = 0; path = "享元模式.app"; sourceTree = BUILT_PRODUCTS_DIR; };
		283816D621F0285F00CEA471 /* AppDelegate.h */ = {isa = PBXFileReference; lastKnownFileType = sourcecode.c.h; path = AppDelegate.h; sourceTree = "<group>"; };
		283816D721F0285F00CEA471 /* AppDelegate.m */ = {isa = PBXFileReference; lastKnownFileType = sourcecode.c.objc; path = AppDelegate.m; sourceTree = "<group>"; };
		283816D921F0285F00CEA471 /* ViewController.h */ = {isa = PBXFileReference; lastKnownFileType = sourcecode.c.h; path = ViewController.h; sourceTree = "<group>"; };
		283816DA21F0285F00CEA471 /* ViewController.m */ = {isa = PBXFileReference; lastKnownFileType = sourcecode.c.objc; path = ViewController.m; sourceTree = "<group>"; };
		283816DD21F0285F00CEA471 /* Base */ = {isa = PBXFileReference; lastKnownFileType = file.storyboard; name = Base; path = Base.lproj/Main.storyboard; sourceTree = "<group>"; };
		283816DF21F0286100CEA471 /* Assets.xcassets */ = {isa = PBXFileReference; lastKnownFileType = folder.assetcatalog; path = Assets.xcassets; sourceTree = "<group>"; };
		283816E221F0286100CEA471 /* Base */ = {isa = PBXFileReference; lastKnownFileType = file.storyboard; name = Base; path = Base.lproj/LaunchScreen.storyboard; sourceTree = "<group>"; };
		283816E421F0286100CEA471 /* Info.plist */ = {isa = PBXFileReference; lastKnownFileType = text.plist.xml; path = Info.plist; sourceTree = "<group>"; };
		283816E521F0286100CEA471 /* main.m */ = {isa = PBXFileReference; lastKnownFileType = sourcecode.c.objc; path = main.m; sourceTree = "<group>"; };
		283816EB21F0286100CEA471 /* 享元模式Tests.xctest */ = {isa = PBXFileReference; explicitFileType = wrapper.cfbundle; includeInIndex = 0; path = "享元模式Tests.xctest"; sourceTree = BUILT_PRODUCTS_DIR; };
		283816EF21F0286100CEA471 /* ____Tests.m */ = {isa = PBXFileReference; lastKnownFileType = sourcecode.c.objc; path = "____Tests.m"; sourceTree = "<group>"; };
		283816F121F0286100CEA471 /* Info.plist */ = {isa = PBXFileReference; lastKnownFileType = text.plist.xml; path = Info.plist; sourceTree = "<group>"; };
		283816F621F0286100CEA471 /* 享元模式UITests.xctest */ = {isa = PBXFileReference; explicitFileType = wrapper.cfbundle; includeInIndex = 0; path = "享元模式UITests.xctest"; sourceTree = BUILT_PRODUCTS_DIR; };
		283816FA21F0286100CEA471 /* ____UITests.m */ = {isa = PBXFileReference; lastKnownFileType = sourcecode.c.objc; path = "____UITests.m"; sourceTree = "<group>"; };
		283816FC21F0286100CEA471 /* Info.plist */ = {isa = PBXFileReference; lastKnownFileType = text.plist.xml; path = Info.plist; sourceTree = "<group>"; };
/* End PBXFileReference section */

/* Begin PBXFrameworksBuildPhase section */
		283816D021F0285F00CEA471 /* Frameworks */ = {
			isa = PBXFrameworksBuildPhase;
			buildActionMask = 2147483647;
			files = (
			);
			runOnlyForDeploymentPostprocessing = 0;
		};
		283816E821F0286100CEA471 /* Frameworks */ = {
			isa = PBXFrameworksBuildPhase;
			buildActionMask = 2147483647;
			files = (
			);
			runOnlyForDeploymentPostprocessing = 0;
		};
		283816F321F0286100CEA471 /* Frameworks */ = {
			isa = PBXFrameworksBuildPhase;
			buildActionMask = 2147483647;
			files = (
			);
			runOnlyForDeploymentPostprocessing = 0;
		};
/* End PBXFrameworksBuildPhase section */

/* Begin PBXGroup section */
		283816CA21F0285F00CEA471 = {
			isa = PBXGroup;
			children = (
				283816D521F0285F00CEA471 /* 享元模式 */,
				283816EE21F0286100CEA471 /* 享元模式Tests */,
				283816F921F0286100CEA471 /* 享元模式UITests */,
				283816D421F0285F00CEA471 /* Products */,
			);
			sourceTree = "<group>";
		};
		283816D421F0285F00CEA471 /* Products */ = {
			isa = PBXGroup;
			children = (
				283816D321F0285F00CEA471 /* 享元模式.app */,
				283816EB21F0286100CEA471 /* 享元模式Tests.xctest */,
				283816F621F0286100CEA471 /* 享元模式UITests.xctest */,
			);
			name = Products;
			sourceTree = "<group>";
		};
		283816D521F0285F00CEA471 /* 享元模式 */ = {
			isa = PBXGroup;
			children = (
				283816D621F0285F00CEA471 /* AppDelegate.h */,
				283816D721F0285F00CEA471 /* AppDelegate.m */,
				283816D921F0285F00CEA471 /* ViewController.h */,
				283816DA21F0285F00CEA471 /* ViewController.m */,
				283816DC21F0285F00CEA471 /* Main.storyboard */,
				283816DF21F0286100CEA471 /* Assets.xcassets */,
				283816E121F0286100CEA471 /* LaunchScreen.storyboard */,
				283816E421F0286100CEA471 /* Info.plist */,
				283816E521F0286100CEA471 /* main.m */,
			);
			path = "享元模式";
			sourceTree = "<group>";
		};
		283816EE21F0286100CEA471 /* 享元模式Tests */ = {
			isa = PBXGroup;
			children = (
				283816EF21F0286100CEA471 /* ____Tests.m */,
				283816F121F0286100CEA471 /* Info.plist */,
			);
			path = "享元模式Tests";
			sourceTree = "<group>";
		};
		283816F921F0286100CEA471 /* 享元模式UITests */ = {
			isa = PBXGroup;
			children = (
				283816FA21F0286100CEA471 /* ____UITests.m */,
				283816FC21F0286100CEA471 /* Info.plist */,
			);
			path = "享元模式UITests";
			sourceTree = "<group>";
		};
/* End PBXGroup section */

/* Begin PBXNativeTarget section */
		283816D221F0285F00CEA471 /* 享元模式 */ = {
			isa = PBXNativeTarget;
			buildConfigurationList = 283816FF21F0286100CEA471 /* Build configuration list for PBXNativeTarget "享元模式" */;
			buildPhases = (
				283816CF21F0285F00CEA471 /* Sources */,
				283816D021F0285F00CEA471 /* Frameworks */,
				283816D121F0285F00CEA471 /* Resources */,
			);
			buildRules = (
			);
			dependencies = (
			);
			name = "享元模式";
			productName = "享元模式";
			productReference = 283816D321F0285F00CEA471 /* 享元模式.app */;
			productType = "com.apple.product-type.application";
		};
		283816EA21F0286100CEA471 /* 享元模式Tests */ = {
			isa = PBXNativeTarget;
			buildConfigurationList = 2838170221F0286100CEA471 /* Build configuration list for PBXNativeTarget "享元模式Tests" */;
			buildPhases = (
				283816E721F0286100CEA471 /* Sources */,
				283816E821F0286100CEA471 /* Frameworks */,
				283816E921F0286100CEA471 /* Resources */,
			);
			buildRules = (
			);
			dependencies = (
				283816ED21F0286100CEA471 /* PBXTargetDependency */,
			);
			name = "享元模式Tests";
			productName = "享元模式Tests";
			productReference = 283816EB21F0286100CEA471 /* 享元模式Tests.xctest */;
			productType = "com.apple.product-type.bundle.unit-test";
		};
		283816F521F0286100CEA471 /* 享元模式UITests */ = {
			isa = PBXNativeTarget;
			buildConfigurationList = 2838170521F0286100CEA471 /* Build configuration list for PBXNativeTarget "享元模式UITests" */;
			buildPhases = (
				283816F221F0286100CEA471 /* Sources */,
				283816F321F0286100CEA471 /* Frameworks */,
				283816F421F0286100CEA471 /* Resources */,
			);
			buildRules = (
			);
			dependencies = (
				283816F821F0286100CEA471 /* PBXTargetDependency */,
			);
			name = "享元模式UITests";
			productName = "享元模式UITests";
			productReference = 283816F621F0286100CEA471 /* 享元模式UITests.xctest */;
			productType = "com.apple.product-type.bundle.ui-testing";
		};
/* End PBXNativeTarget section */

/* Begin PBXProject section */
		283816CB21F0285F00CEA471 /* Project object */ = {
			isa = PBXProject;
			attributes = {
				LastUpgradeCheck = 1010;
				ORGANIZATIONNAME = yunna;
				TargetAttributes = {
					283816D221F0285F00CEA471 = {
						CreatedOnToolsVersion = 10.1;
					};
					283816EA21F0286100CEA471 = {
						CreatedOnToolsVersion = 10.1;
						TestTargetID = 283816D221F0285F00CEA471;
					};
					283816F521F0286100CEA471 = {
						CreatedOnToolsVersion = 10.1;
						TestTargetID = 283816D221F0285F00CEA471;
					};
				};
			};
			buildConfigurationList = 283816CE21F0285F00CEA471 /* Build configuration list for PBXProject "享元模式" */;
			compatibilityVersion = "Xcode 9.3";
			developmentRegion = en;
			hasScannedForEncodings = 0;
			knownRegions = (
				en,
				Base,
			);
			mainGroup = 283816CA21F0285F00CEA471;
			productRefGroup = 283816D421F0285F00CEA471 /* Products */;
			projectDirPath = "";
			projectRoot = "";
			targets = (
				283816D221F0285F00CEA471 /* 享元模式 */,
				283816EA21F0286100CEA471 /* 享元模式Tests */,
				283816F521F0286100CEA471 /* 享元模式UITests */,
			);
		};
/* End PBXProject section */

/* Begin PBXResourcesBuildPhase section */
		283816D121F0285F00CEA471 /* Resources */ = {
			isa = PBXResourcesBuildPhase;
			buildActionMask = 2147483647;
			files = (
				283816E321F0286100CEA471 /* LaunchScreen.storyboard in Resources */,
				283816E021F0286100CEA471 /* Assets.xcassets in Resources */,
				283816DE21F0285F00CEA471 /* Main.storyboard in Resources */,
			);
			runOnlyForDeploymentPostprocessing = 0;
		};
		283816E921F0286100CEA471 /* Resources */ = {
			isa = PBXResourcesBuildPhase;
			buildActionMask = 2147483647;
			files = (
			);
			runOnlyForDeploymentPostprocessing = 0;
		};
		283816F421F0286100CEA471 /* Resources */ = {
			isa = PBXResourcesBuildPhase;
			buildActionMask = 2147483647;
			files = (
			);
			runOnlyForDeploymentPostprocessing = 0;
		};
/* End PBXResourcesBuildPhase section */

/* Begin PBXSourcesBuildPhase section */
		283816CF21F0285F00CEA471 /* Sources */ = {
			isa = PBXSourcesBuildPhase;
			buildActionMask = 2147483647;
			files = (
				283816DB21F0285F00CEA471 /* ViewController.m in Sources */,
				283816E621F0286100CEA471 /* main.m in Sources */,
				283816D821F0285F00CEA471 /* AppDelegate.m in Sources */,
			);
			runOnlyForDeploymentPostprocessing = 0;
		};
		283816E721F0286100CEA471 /* Sources */ = {
			isa = PBXSourcesBuildPhase;
			buildActionMask = 2147483647;
			files = (
				283816F021F0286100CEA471 /* ____Tests.m in Sources */,
			);
			runOnlyForDeploymentPostprocessing = 0;
		};
		283816F221F0286100CEA471 /* Sources */ = {
			isa = PBXSourcesBuildPhase;
			buildActionMask = 2147483647;
			files = (
				283816FB21F0286100CEA471 /* ____UITests.m in Sources */,
			);
			runOnlyForDeploymentPostprocessing = 0;
		};
/* End PBXSourcesBuildPhase section */

/* Begin PBXTargetDependency section */
		283816ED21F0286100CEA471 /* PBXTargetDependency */ = {
			isa = PBXTargetDependency;
			target = 283816D221F0285F00CEA471 /* 享元模式 */;
			targetProxy = 283816EC21F0286100CEA471 /* PBXContainerItemProxy */;
		};
		283816F821F0286100CEA471 /* PBXTargetDependency */ = {
			isa = PBXTargetDependency;
			target = 283816D221F0285F00CEA471 /* 享元模式 */;
			targetProxy = 283816F721F0286100CEA471 /* PBXContainerItemProxy */;
		};
/* End PBXTargetDependency section */

/* Begin PBXVariantGroup section */
		283816DC21F0285F00CEA471 /* Main.storyboard */ = {
			isa = PBXVariantGroup;
			children = (
				283816DD21F0285F00CEA471 /* Base */,
			);
			name = Main.storyboard;
			sourceTree = "<group>";
		};
		283816E121F0286100CEA471 /* LaunchScreen.storyboard */ = {
			isa = PBXVariantGroup;
			children = (
				283816E221F0286100CEA471 /* Base */,
			);
			name = LaunchScreen.storyboard;
			sourceTree = "<group>";
		};
/* End PBXVariantGroup section */

/* Begin XCBuildConfiguration section */
		283816FD21F0286100CEA471 /* Debug */ = {
			isa = XCBuildConfiguration;
			buildSettings = {
				ALWAYS_SEARCH_USER_PATHS = NO;
				CLANG_ANALYZER_NONNULL = YES;
				CLANG_ANALYZER_NUMBER_OBJECT_CONVERSION = YES_AGGRESSIVE;
				CLANG_CXX_LANGUAGE_STANDARD = "gnu++14";
				CLANG_CXX_LIBRARY = "libc++";
				CLANG_ENABLE_MODULES = YES;
				CLANG_ENABLE_OBJC_ARC = YES;
				CLANG_ENABLE_OBJC_WEAK = YES;
				CLANG_WARN_BLOCK_CAPTURE_AUTORELEASING = YES;
				CLANG_WARN_BOOL_CONVERSION = YES;
				CLANG_WARN_COMMA = YES;
				CLANG_WARN_CONSTANT_CONVERSION = YES;
				CLANG_WARN_DEPRECATED_OBJC_IMPLEMENTATIONS = YES;
				CLANG_WARN_DIRECT_OBJC_ISA_USAGE = YES_ERROR;
				CLANG_WARN_DOCUMENTATION_COMMENTS = YES;
				CLANG_WARN_EMPTY_BODY = YES;
				CLANG_WARN_ENUM_CONVERSION = YES;
				CLANG_WARN_INFINITE_RECURSION = YES;
				CLANG_WARN_INT_CONVERSION = YES;
				CLANG_WARN_NON_LITERAL_NULL_CONVERSION = YES;
				CLANG_WARN_OBJC_IMPLICIT_RETAIN_SELF = YES;
				CLANG_WARN_OBJC_LITERAL_CONVERSION = YES;
				CLANG_WARN_OBJC_ROOT_CLASS = YES_ERROR;
				CLANG_WARN_RANGE_LOOP_ANALYSIS = YES;
				CLANG_WARN_STRICT_PROTOTYPES = YES;
				CLANG_WARN_SUSPICIOUS_MOVE = YES;
				CLANG_WARN_UNGUARDED_AVAILABILITY = YES_AGGRESSIVE;
				CLANG_WARN_UNREACHABLE_CODE = YES;
				CLANG_WARN__DUPLICATE_METHOD_MATCH = YES;
				CODE_SIGN_IDENTITY = "iPhone Developer";
				COPY_PHASE_STRIP = NO;
				DEBUG_INFORMATION_FORMAT = dwarf;
				ENABLE_STRICT_OBJC_MSGSEND = YES;
				ENABLE_TESTABILITY = YES;
				GCC_C_LANGUAGE_STANDARD = gnu11;
				GCC_DYNAMIC_NO_PIC = NO;
				GCC_NO_COMMON_BLOCKS = YES;
				GCC_OPTIMIZATION_LEVEL = 0;
				GCC_PREPROCESSOR_DEFINITIONS = (
					"DEBUG=1",
					"$(inherited)",
				);
				GCC_WARN_64_TO_32_BIT_CONVERSION = YES;
				GCC_WARN_ABOUT_RETURN_TYPE = YES_ERROR;
				GCC_WARN_UNDECLARED_SELECTOR = YES;
				GCC_WARN_UNINITIALIZED_AUTOS = YES_AGGRESSIVE;
				GCC_WARN_UNUSED_FUNCTION = YES;
				GCC_WARN_UNUSED_VARIABLE = YES;
				IPHONEOS_DEPLOYMENT_TARGET = 12.1;
				MTL_ENABLE_DEBUG_INFO = INCLUDE_SOURCE;
				MTL_FAST_MATH = YES;
				ONLY_ACTIVE_ARCH = YES;
				SDKROOT = iphoneos;
			};
			name = Debug;
		};
		283816FE21F0286100CEA471 /* Release */ = {
			isa = XCBuildConfiguration;
			buildSettings = {
				ALWAYS_SEARCH_USER_PATHS = NO;
				CLANG_ANALYZER_NONNULL = YES;
				CLANG_ANALYZER_NUMBER_OBJECT_CONVERSION = YES_AGGRESSIVE;
				CLANG_CXX_LANGUAGE_STANDARD = "gnu++14";
				CLANG_CXX_LIBRARY = "libc++";
				CLANG_ENABLE_MODULES = YES;
				CLANG_ENABLE_OBJC_ARC = YES;
				CLANG_ENABLE_OBJC_WEAK = YES;
				CLANG_WARN_BLOCK_CAPTURE_AUTORELEASING = YES;
				CLANG_WARN_BOOL_CONVERSION = YES;
				CLANG_WARN_COMMA = YES;
				CLANG_WARN_CONSTANT_CONVERSION = YES;
				CLANG_WARN_DEPRECATED_OBJC_IMPLEMENTATIONS = YES;
				CLANG_WARN_DIRECT_OBJC_ISA_USAGE = YES_ERROR;
				CLANG_WARN_DOCUMENTATION_COMMENTS = YES;
				CLANG_WARN_EMPTY_BODY = YES;
				CLANG_WARN_ENUM_CONVERSION = YES;
				CLANG_WARN_INFINITE_RECURSION = YES;
				CLANG_WARN_INT_CONVERSION = YES;
				CLANG_WARN_NON_LITERAL_NULL_CONVERSION = YES;
				CLANG_WARN_OBJC_IMPLICIT_RETAIN_SELF = YES;
				CLANG_WARN_OBJC_LITERAL_CONVERSION = YES;
				CLANG_WARN_OBJC_ROOT_CLASS = YES_ERROR;
				CLANG_WARN_RANGE_LOOP_ANALYSIS = YES;
				CLANG_WARN_STRICT_PROTOTYPES = YES;
				CLANG_WARN_SUSPICIOUS_MOVE = YES;
				CLANG_WARN_UNGUARDED_AVAILABILITY = YES_AGGRESSIVE;
				CLANG_WARN_UNREACHABLE_CODE = YES;
				CLANG_WARN__DUPLICATE_METHOD_MATCH = YES;
				CODE_SIGN_IDENTITY = "iPhone Developer";
				COPY_PHASE_STRIP = NO;
				DEBUG_INFORMATION_FORMAT = "dwarf-with-dsym";
				ENABLE_NS_ASSERTIONS = NO;
				ENABLE_STRICT_OBJC_MSGSEND = YES;
				GCC_C_LANGUAGE_STANDARD = gnu11;
				GCC_NO_COMMON_BLOCKS = YES;
				GCC_WARN_64_TO_32_BIT_CONVERSION = YES;
				GCC_WARN_ABOUT_RETURN_TYPE = YES_ERROR;
				GCC_WARN_UNDECLARED_SELECTOR = YES;
				GCC_WARN_UNINITIALIZED_AUTOS = YES_AGGRESSIVE;
				GCC_WARN_UNUSED_FUNCTION = YES;
				GCC_WARN_UNUSED_VARIABLE = YES;
				IPHONEOS_DEPLOYMENT_TARGET = 12.1;
				MTL_ENABLE_DEBUG_INFO = NO;
				MTL_FAST_MATH = YES;
				SDKROOT = iphoneos;
				VALIDATE_PRODUCT = YES;
			};
			name = Release;
		};
		2838170021F0286100CEA471 /* Debug */ = {
			isa = XCBuildConfiguration;
			buildSettings = {
				ASSETCATALOG_COMPILER_APPICON_NAME = AppIcon;
				CODE_SIGN_STYLE = Automatic;
				DEVELOPMENT_TEAM = Z69Q2FEZS9;
				INFOPLIST_FILE = "享元模式/Info.plist";
				LD_RUNPATH_SEARCH_PATHS = (
					"$(inherited)",
					"@executable_path/Frameworks",
				);
				PRODUCT_BUNDLE_IDENTIFIER = "yunna.----";
				PRODUCT_NAME = "$(TARGET_NAME)";
				TARGETED_DEVICE_FAMILY = "1,2";
			};
			name = Debug;
		};
		2838170121F0286100CEA471 /* Release */ = {
			isa = XCBuildConfiguration;
			buildSettings = {
				ASSETCATALOG_COMPILER_APPICON_NAME = AppIcon;
				CODE_SIGN_STYLE = Automatic;
				DEVELOPMENT_TEAM = Z69Q2FEZS9;
				INFOPLIST_FILE = "享元模式/Info.plist";
				LD_RUNPATH_SEARCH_PATHS = (
					"$(inherited)",
					"@executable_path/Frameworks",
				);
				PRODUCT_BUNDLE_IDENTIFIER = "yunna.----";
				PRODUCT_NAME = "$(TARGET_NAME)";
				TARGETED_DEVICE_FAMILY = "1,2";
			};
			name = Release;
		};
		2838170321F0286100CEA471 /* Debug */ = {
			isa = XCBuildConfiguration;
			buildSettings = {
				BUNDLE_LOADER = "$(TEST_HOST)";
				CODE_SIGN_STYLE = Automatic;
				DEVELOPMENT_TEAM = Z69Q2FEZS9;
				INFOPLIST_FILE = "享元模式Tests/Info.plist";
				LD_RUNPATH_SEARCH_PATHS = (
					"$(inherited)",
					"@executable_path/Frameworks",
					"@loader_path/Frameworks",
				);
				PRODUCT_BUNDLE_IDENTIFIER = "yunna.----Tests";
				PRODUCT_NAME = "$(TARGET_NAME)";
				TARGETED_DEVICE_FAMILY = "1,2";
				TEST_HOST = "$(BUILT_PRODUCTS_DIR)/享元模式.app/享元模式";
			};
			name = Debug;
		};
		2838170421F0286100CEA471 /* Release */ = {
			isa = XCBuildConfiguration;
			buildSettings = {
				BUNDLE_LOADER = "$(TEST_HOST)";
				CODE_SIGN_STYLE = Automatic;
				DEVELOPMENT_TEAM = Z69Q2FEZS9;
				INFOPLIST_FILE = "享元模式Tests/Info.plist";
				LD_RUNPATH_SEARCH_PATHS = (
					"$(inherited)",
					"@executable_path/Frameworks",
					"@loader_path/Frameworks",
				);
				PRODUCT_BUNDLE_IDENTIFIER = "yunna.----Tests";
				PRODUCT_NAME = "$(TARGET_NAME)";
				TARGETED_DEVICE_FAMILY = "1,2";
				TEST_HOST = "$(BUILT_PRODUCTS_DIR)/享元模式.app/享元模式";
			};
			name = Release;
		};
		2838170621F0286100CEA471 /* Debug */ = {
			isa = XCBuildConfiguration;
			buildSettings = {
				CODE_SIGN_STYLE = Automatic;
				DEVELOPMENT_TEAM = Z69Q2FEZS9;
				INFOPLIST_FILE = "享元模式UITests/Info.plist";
				LD_RUNPATH_SEARCH_PATHS = (
					"$(inherited)",
					"@executable_path/Frameworks",
					"@loader_path/Frameworks",
				);
				PRODUCT_BUNDLE_IDENTIFIER = "yunna.----UITests";
				PRODUCT_NAME = "$(TARGET_NAME)";
				TARGETED_DEVICE_FAMILY = "1,2";
				TEST_TARGET_NAME = "享元模式";
			};
			name = Debug;
		};
		2838170721F0286100CEA471 /* Release */ = {
			isa = XCBuildConfiguration;
			buildSettings = {
				CODE_SIGN_STYLE = Automatic;
				DEVELOPMENT_TEAM = Z69Q2FEZS9;
				INFOPLIST_FILE = "享元模式UITests/Info.plist";
				LD_RUNPATH_SEARCH_PATHS = (
					"$(inherited)",
					"@executable_path/Frameworks",
					"@loader_path/Frameworks",
				);
				PRODUCT_BUNDLE_IDENTIFIER = "yunna.----UITests";
				PRODUCT_NAME = "$(TARGET_NAME)";
				TARGETED_DEVICE_FAMILY = "1,2";
				TEST_TARGET_NAME = "享元模式";
			};
			name = Release;
		};
/* End XCBuildConfiguration section */

/* Begin XCConfigurationList section */
		283816CE21F0285F00CEA471 /* Build configuration list for PBXProject "享元模式" */ = {
			isa = XCConfigurationList;
			buildConfigurations = (
				283816FD21F0286100CEA471 /* Debug */,
				283816FE21F0286100CEA471 /* Release */,
			);
			defaultConfigurationIsVisible = 0;
			defaultConfigurationName = Release;
		};
		283816FF21F0286100CEA471 /* Build configuration list for PBXNativeTarget "享元模式" */ = {
			isa = XCConfigurationList;
			buildConfigurations = (
				2838170021F0286100CEA471 /* Debug */,
				2838170121F0286100CEA471 /* Release */,
			);
			defaultConfigurationIsVisible = 0;
			defaultConfigurationName = Release;
		};
		2838170221F0286100CEA471 /* Build configuration list for PBXNativeTarget "享元模式Tests" */ = {
			isa = XCConfigurationList;
			buildConfigurations = (
				2838170321F0286100CEA471 /* Debug */,
				2838170421F0286100CEA471 /* Release */,
			);
			defaultConfigurationIsVisible = 0;
			defaultConfigurationName = Release;
		};
		2838170521F0286100CEA471 /* Build configuration list for PBXNativeTarget "享元模式UITests" */ = {
			isa = XCConfigurationList;
			buildConfigurations = (
				2838170621F0286100CEA471 /* Debug */,
				2838170721F0286100CEA471 /* Release */,
			);
			defaultConfigurationIsVisible = 0;
			defaultConfigurationName = Release;
		};
/* End XCConfigurationList section */
	};
	rootObject = 283816CB21F0285F00CEA471 /* Project object */;
}
